// !$*UTF8*$!
{
	archiveVersion = 1;
	classes = {
	};
	objectVersion = 56;
	objects = {

/* Begin PBXBuildFile section */
		1227218B2CBF7A0D000C5E32 /* Configuration.swift in Sources */ = {isa = PBXBuildFile; fileRef = 1227218A2CBF7A0D000C5E32 /* Configuration.swift */; };
		1227218D2CBF92B4000C5E32 /* Base.xcassets in Resources */ = {isa = PBXBuildFile; fileRef = 1227218C2CBF92B4000C5E32 /* Base.xcassets */; };
		122891A62CDC5D95003D4605 /* TabBarController.swift in Sources */ = {isa = PBXBuildFile; fileRef = 122891A52CDC5D95003D4605 /* TabBarController.swift */; };
		122891A82CDC5DB9003D4605 /* BaseCardTabBar.swift in Sources */ = {isa = PBXBuildFile; fileRef = 122891A72CDC5DB9003D4605 /* BaseCardTabBar.swift */; };
		122891AA2CDC5DD3003D4605 /* LightTabBar.swift in Sources */ = {isa = PBXBuildFile; fileRef = 122891A92CDC5DD3003D4605 /* LightTabBar.swift */; };
		122891AC2CDC5E09003D4605 /* UIView+Utilities.swift in Sources */ = {isa = PBXBuildFile; fileRef = 122891AB2CDC5E09003D4605 /* UIView+Utilities.swift */; };
		122891AE2CDC5EA0003D4605 /* UIStackView+Utilities.swift in Sources */ = {isa = PBXBuildFile; fileRef = 122891AD2CDC5EA0003D4605 /* UIStackView+Utilities.swift */; };
		122891B32CDC659C003D4605 /* ProfileViewController.swift in Sources */ = {isa = PBXBuildFile; fileRef = 122891B12CDC659C003D4605 /* ProfileViewController.swift */; };
		122891B42CDC659C003D4605 /* ProfileViewController.xib in Resources */ = {isa = PBXBuildFile; fileRef = 122891B22CDC659C003D4605 /* ProfileViewController.xib */; };
		122891B72CDC678C003D4605 /* ProfileViewModel.swift in Sources */ = {isa = PBXBuildFile; fileRef = 122891B62CDC678C003D4605 /* ProfileViewModel.swift */; };
		123406052CE3104E00BA2087 /* GeneratedAssets.xcassets in Resources */ = {isa = PBXBuildFile; fileRef = 123406042CE3104E00BA2087 /* GeneratedAssets.xcassets */; };
		1234061A2CE3140200BA2087 /* Assets.swift in Sources */ = {isa = PBXBuildFile; fileRef = 123406192CE3140200BA2087 /* Assets.swift */; };
		123D9B462CD9D668003BA96E /* Combine+Utilities.swift in Sources */ = {isa = PBXBuildFile; fileRef = 123D9B452CD9D668003BA96E /* Combine+Utilities.swift */; };
		1289A6AA2CC6335C00F950BD /* UIImage+Utilities.swift in Sources */ = {isa = PBXBuildFile; fileRef = 1289A6A92CC6335C00F950BD /* UIImage+Utilities.swift */; };
		1289A6AC2CC6379B00F950BD /* ListView+Utilities.swift in Sources */ = {isa = PBXBuildFile; fileRef = 1289A6AB2CC6379B00F950BD /* ListView+Utilities.swift */; };
		128C7A392CD21682009602B1 /* Infrastructure.framework in Frameworks */ = {isa = PBXBuildFile; fileRef = 128C7A362CD2167D009602B1 /* Infrastructure.framework */; };
		128C7A3A2CD21682009602B1 /* Infrastructure.framework in Embed Frameworks */ = {isa = PBXBuildFile; fileRef = 128C7A362CD2167D009602B1 /* Infrastructure.framework */; settings = {ATTRIBUTES = (CodeSignOnCopy, RemoveHeadersOnCopy, ); }; };
		128C7A452CD21697009602B1 /* Adapter.framework in Frameworks */ = {isa = PBXBuildFile; fileRef = 128C7A422CD2168A009602B1 /* Adapter.framework */; };
		128C7A462CD21697009602B1 /* Adapter.framework in Embed Frameworks */ = {isa = PBXBuildFile; fileRef = 128C7A422CD2168A009602B1 /* Adapter.framework */; settings = {ATTRIBUTES = (CodeSignOnCopy, RemoveHeadersOnCopy, ); }; };
		128C7A502CD216A8009602B1 /* Domain.framework in Frameworks */ = {isa = PBXBuildFile; fileRef = 128C7A4D2CD216A6009602B1 /* Domain.framework */; };
		128C7A512CD216A8009602B1 /* Domain.framework in Embed Frameworks */ = {isa = PBXBuildFile; fileRef = 128C7A4D2CD216A6009602B1 /* Domain.framework */; settings = {ATTRIBUTES = (CodeSignOnCopy, RemoveHeadersOnCopy, ); }; };
		128C7A642CD23246009602B1 /* ThumbHash.swift in Sources */ = {isa = PBXBuildFile; fileRef = 128C7A632CD23246009602B1 /* ThumbHash.swift */; };
		128C7A662CD23278009602B1 /* ThumbHashLoader.swift in Sources */ = {isa = PBXBuildFile; fileRef = 128C7A652CD23278009602B1 /* ThumbHashLoader.swift */; };
		128C7A682CD2354A009602B1 /* BlurHash.swift in Sources */ = {isa = PBXBuildFile; fileRef = 128C7A672CD2354A009602B1 /* BlurHash.swift */; };
		128C7A6A2CD2355C009602B1 /* BlurHashLoader.swift in Sources */ = {isa = PBXBuildFile; fileRef = 128C7A692CD2355C009602B1 /* BlurHashLoader.swift */; };
		128C7A6C2CD2391C009602B1 /* RemoteImage.swift in Sources */ = {isa = PBXBuildFile; fileRef = 128C7A6B2CD2391C009602B1 /* RemoteImage.swift */; };
		1292EDF22CDA0F1800A03385 /* LoginViewController.swift in Sources */ = {isa = PBXBuildFile; fileRef = 1292EDF02CDA0F1800A03385 /* LoginViewController.swift */; };
		1292EDF32CDA0F1800A03385 /* LoginViewController.xib in Resources */ = {isa = PBXBuildFile; fileRef = 1292EDF12CDA0F1800A03385 /* LoginViewController.xib */; };
		12A364792BBD11530064FCE2 /* AuthenticationDIContainer.swift in Sources */ = {isa = PBXBuildFile; fileRef = 12A364782BBD11530064FCE2 /* AuthenticationDIContainer.swift */; };
		12A364842BBD120F0064FCE2 /* LoginViewModel.swift in Sources */ = {isa = PBXBuildFile; fileRef = 12A364832BBD120F0064FCE2 /* LoginViewModel.swift */; };
		12A364862BBD12980064FCE2 /* AuthenticationFlow.swift in Sources */ = {isa = PBXBuildFile; fileRef = 12A364852BBD12980064FCE2 /* AuthenticationFlow.swift */; };
		12A3648D2BBD30F30064FCE2 /* HomeViewModel.swift in Sources */ = {isa = PBXBuildFile; fileRef = 12A3648C2BBD30F30064FCE2 /* HomeViewModel.swift */; };
		12A364902BBD31580064FCE2 /* HomeViewController.xib in Resources */ = {isa = PBXBuildFile; fileRef = 12A3648F2BBD31580064FCE2 /* HomeViewController.xib */; };
		12A364912BBD31580064FCE2 /* HomeViewController.swift in Sources */ = {isa = PBXBuildFile; fileRef = 12A3648E2BBD31580064FCE2 /* HomeViewController.swift */; };
		12A364932BBD31990064FCE2 /* AuthorizedFlow.swift in Sources */ = {isa = PBXBuildFile; fileRef = 12A364922BBD31990064FCE2 /* AuthorizedFlow.swift */; };
		12A364952BBD32130064FCE2 /* AuthorizedSceneDIContainer.swift in Sources */ = {isa = PBXBuildFile; fileRef = 12A364942BBD32130064FCE2 /* AuthorizedSceneDIContainer.swift */; };
		12A3649A2BBD35820064FCE2 /* RegisterViewModel.swift in Sources */ = {isa = PBXBuildFile; fileRef = 12A364992BBD35820064FCE2 /* RegisterViewModel.swift */; };
		12A3649D2BBD36660064FCE2 /* RegisterViewController.xib in Resources */ = {isa = PBXBuildFile; fileRef = 12A3649C2BBD36660064FCE2 /* RegisterViewController.xib */; };
		12A3649E2BBD36660064FCE2 /* RegisterViewController.swift in Sources */ = {isa = PBXBuildFile; fileRef = 12A3649B2BBD36660064FCE2 /* RegisterViewController.swift */; };
		12AF2D4A2CD3256300674A77 /* AnimatedImage.swift in Sources */ = {isa = PBXBuildFile; fileRef = 12AF2D492CD3256300674A77 /* AnimatedImage.swift */; };
		12AF2D522CD32EDB00674A77 /* PlaceholderSource.swift in Sources */ = {isa = PBXBuildFile; fileRef = 12AF2D512CD32EDB00674A77 /* PlaceholderSource.swift */; };
		12AF2D602CD37C4B00674A77 /* ImageCollectionViewCell.swift in Sources */ = {isa = PBXBuildFile; fileRef = 12AF2D5E2CD37C4B00674A77 /* ImageCollectionViewCell.swift */; };
		12AF2D612CD37C4B00674A77 /* ImageCollectionViewCell.xib in Resources */ = {isa = PBXBuildFile; fileRef = 12AF2D5F2CD37C4B00674A77 /* ImageCollectionViewCell.xib */; };
		12DBAF472CD4B1A200921C8B /* UIView+Animated.swift in Sources */ = {isa = PBXBuildFile; fileRef = 12DBAF462CD4B1A200921C8B /* UIView+Animated.swift */; };
		12F7135B2CF05D02002844A1 /* Number+Utilities.swift in Sources */ = {isa = PBXBuildFile; fileRef = 12F7135A2CF05D02002844A1 /* Number+Utilities.swift */; };
		840292E62BBC6F4E004EE551 /* PoppinsLatin-Regular.ttf in Resources */ = {isa = PBXBuildFile; fileRef = 840292E32BBC6F4E004EE551 /* PoppinsLatin-Regular.ttf */; };
		840292E72BBC6F4E004EE551 /* PoppinsLatin-Bold.ttf in Resources */ = {isa = PBXBuildFile; fileRef = 840292E42BBC6F4E004EE551 /* PoppinsLatin-Bold.ttf */; };
		840292E82BBC6F4E004EE551 /* PoppinsLatin-Medium.ttf in Resources */ = {isa = PBXBuildFile; fileRef = 840292E52BBC6F4E004EE551 /* PoppinsLatin-Medium.ttf */; };
		840292E92BBC70EB004EE551 /* DefaultLaunch.storyboard in Resources */ = {isa = PBXBuildFile; fileRef = 842CD5F22BBC5C5600984066 /* DefaultLaunch.storyboard */; };
		840292EA2BBC70F5004EE551 /* SplashViewController.xib in Resources */ = {isa = PBXBuildFile; fileRef = 842CD63A2BBC678500984066 /* SplashViewController.xib */; };
		842CD5E82BBC5C5500984066 /* AppDelegate.swift in Sources */ = {isa = PBXBuildFile; fileRef = 842CD5E72BBC5C5500984066 /* AppDelegate.swift */; };
		842CD5EA2BBC5C5500984066 /* SceneDelegate.swift in Sources */ = {isa = PBXBuildFile; fileRef = 842CD5E92BBC5C5500984066 /* SceneDelegate.swift */; };
		842CD5F12BBC5C5600984066 /* Dev.xcassets in Resources */ = {isa = PBXBuildFile; fileRef = 842CD5F02BBC5C5600984066 /* Dev.xcassets */; };
		842CD5F42BBC5C5600984066 /* Base in Resources */ = {isa = PBXBuildFile; fileRef = 842CD5F32BBC5C5600984066 /* Base */; };
		842CD6052BBC613A00984066 /* swiftgen.yml in Sources */ = {isa = PBXBuildFile; fileRef = 842CD6042BBC613A00984066 /* swiftgen.yml */; };
		842CD6072BBC614B00984066 /* swift5.stencil in Sources */ = {isa = PBXBuildFile; fileRef = 842CD6062BBC614B00984066 /* swift5.stencil */; };
		842CD6102BBC630E00984066 /* AppFlow.swift in Sources */ = {isa = PBXBuildFile; fileRef = 842CD60F2BBC630E00984066 /* AppFlow.swift */; };
		842CD6132BBC637800984066 /* AppDIContainer.swift in Sources */ = {isa = PBXBuildFile; fileRef = 842CD6122BBC637800984066 /* AppDIContainer.swift */; };
		842CD6152BBC639A00984066 /* StartUpSceneDIContainer.swift in Sources */ = {isa = PBXBuildFile; fileRef = 842CD6142BBC639A00984066 /* StartUpSceneDIContainer.swift */; };
		842CD6192BBC642C00984066 /* StartUpFlow.swift in Sources */ = {isa = PBXBuildFile; fileRef = 842CD6182BBC642C00984066 /* StartUpFlow.swift */; };
		842CD6202BBC64CA00984066 /* BaseView.swift in Sources */ = {isa = PBXBuildFile; fileRef = 842CD61F2BBC64CA00984066 /* BaseView.swift */; };
		842CD6222BBC64E200984066 /* ViewController.swift in Sources */ = {isa = PBXBuildFile; fileRef = 842CD6212BBC64E200984066 /* ViewController.swift */; };
		842CD6242BBC64FE00984066 /* InactiveView.swift in Sources */ = {isa = PBXBuildFile; fileRef = 842CD6232BBC64FE00984066 /* InactiveView.swift */; };
		842CD6272BBC652900984066 /* OnboardingViewController.xib in Resources */ = {isa = PBXBuildFile; fileRef = 842CD6262BBC652900984066 /* OnboardingViewController.xib */; };
		842CD6282BBC652900984066 /* OnboardingViewController.swift in Sources */ = {isa = PBXBuildFile; fileRef = 842CD6252BBC652900984066 /* OnboardingViewController.swift */; };
		842CD62B2BBC655600984066 /* OnboardingViewModel.swift in Sources */ = {isa = PBXBuildFile; fileRef = 842CD62A2BBC655600984066 /* OnboardingViewModel.swift */; };
		842CD62F2BBC667300984066 /* GlobalSettings.swift in Sources */ = {isa = PBXBuildFile; fileRef = 842CD62E2BBC667300984066 /* GlobalSettings.swift */; };
		842CD6382BBC675600984066 /* SplashViewModel.swift in Sources */ = {isa = PBXBuildFile; fileRef = 842CD6372BBC675600984066 /* SplashViewModel.swift */; };
		842CD63C2BBC678500984066 /* SplashViewController.swift in Sources */ = {isa = PBXBuildFile; fileRef = 842CD6392BBC678500984066 /* SplashViewController.swift */; };
		842CD63F2BBC681100984066 /* ThemeManager.swift in Sources */ = {isa = PBXBuildFile; fileRef = 842CD63E2BBC681100984066 /* ThemeManager.swift */; };
		842CD6422BBC682A00984066 /* DefaultFont.swift in Sources */ = {isa = PBXBuildFile; fileRef = 842CD6412BBC682A00984066 /* DefaultFont.swift */; };
		842CD6452BBC683E00984066 /* LightColorTheme.swift in Sources */ = {isa = PBXBuildFile; fileRef = 842CD6442BBC683E00984066 /* LightColorTheme.swift */; };
		842CD6472BBC684C00984066 /* DarkColorTheme.swift in Sources */ = {isa = PBXBuildFile; fileRef = 842CD6462BBC684C00984066 /* DarkColorTheme.swift */; };
		842CD64A2BBC686C00984066 /* String+Utilities.swift in Sources */ = {isa = PBXBuildFile; fileRef = 842CD6492BBC686C00984066 /* String+Utilities.swift */; };
		842CD64C2BBC688A00984066 /* Color+Utilities.swift in Sources */ = {isa = PBXBuildFile; fileRef = 842CD64B2BBC688A00984066 /* Color+Utilities.swift */; };
		842CD64E2BBC689700984066 /* UIFont+Utilities.swift in Sources */ = {isa = PBXBuildFile; fileRef = 842CD64D2BBC689700984066 /* UIFont+Utilities.swift */; };
		842CD6542BBC692200984066 /* Strings.swift in Sources */ = {isa = PBXBuildFile; fileRef = 842CD6532BBC692200984066 /* Strings.swift */; };
		842CD6572BBC693900984066 /* Localizable.strings in Resources */ = {isa = PBXBuildFile; fileRef = 842CD6552BBC693900984066 /* Localizable.strings */; };
		D4221BDFEC6A1E9E44F9E7A8 /* Pods_HelloWorld.framework in Frameworks */ = {isa = PBXBuildFile; fileRef = 7ED015E401A17E99F1E5795D /* Pods_HelloWorld.framework */; };
/* End PBXBuildFile section */

/* Begin PBXContainerItemProxy section */
		128C7A352CD2167D009602B1 /* PBXContainerItemProxy */ = {
			isa = PBXContainerItemProxy;
			containerPortal = 128C7A302CD2167D009602B1 /* Infrastructure.xcodeproj */;
			proxyType = 2;
			remoteGlobalIDString = 127C895E2CD076BC00DAD87C;
			remoteInfo = Infrastructure;
		};
		128C7A372CD2167D009602B1 /* PBXContainerItemProxy */ = {
			isa = PBXContainerItemProxy;
			containerPortal = 128C7A302CD2167D009602B1 /* Infrastructure.xcodeproj */;
			proxyType = 2;
			remoteGlobalIDString = 127C89662CD076BC00DAD87C;
			remoteInfo = InfrastructureTests;
		};
		128C7A412CD2168A009602B1 /* PBXContainerItemProxy */ = {
			isa = PBXContainerItemProxy;
			containerPortal = 128C7A3B2CD2168A009602B1 /* Adapter.xcodeproj */;
			proxyType = 2;
			remoteGlobalIDString = 124F99702CD214D000A96DD8;
			remoteInfo = Adapter;
		};
		128C7A432CD2168A009602B1 /* PBXContainerItemProxy */ = {
			isa = PBXContainerItemProxy;
			containerPortal = 128C7A3B2CD2168A009602B1 /* Adapter.xcodeproj */;
			proxyType = 2;
			remoteGlobalIDString = 124F99782CD214D000A96DD8;
			remoteInfo = AdapterTests;
		};
		128C7A4C2CD216A6009602B1 /* PBXContainerItemProxy */ = {
			isa = PBXContainerItemProxy;
			containerPortal = 128C7A472CD216A6009602B1 /* Domain.xcodeproj */;
			proxyType = 2;
			remoteGlobalIDString = 127C89332CD075C100DAD87C;
			remoteInfo = Domain;
		};
		128C7A4E2CD216A6009602B1 /* PBXContainerItemProxy */ = {
			isa = PBXContainerItemProxy;
			containerPortal = 128C7A472CD216A6009602B1 /* Domain.xcodeproj */;
			proxyType = 2;
			remoteGlobalIDString = 127C893B2CD075C100DAD87C;
			remoteInfo = DomainTests;
		};
/* End PBXContainerItemProxy section */

/* Begin PBXCopyFilesBuildPhase section */
		12D214E32CD09C3D00C9F6EA /* Embed Frameworks */ = {
			isa = PBXCopyFilesBuildPhase;
			buildActionMask = 2147483647;
			dstPath = "";
			dstSubfolderSpec = 10;
			files = (
				128C7A512CD216A8009602B1 /* Domain.framework in Embed Frameworks */,
				128C7A462CD21697009602B1 /* Adapter.framework in Embed Frameworks */,
				128C7A3A2CD21682009602B1 /* Infrastructure.framework in Embed Frameworks */,
			);
			name = "Embed Frameworks";
			runOnlyForDeploymentPostprocessing = 0;
		};
/* End PBXCopyFilesBuildPhase section */

/* Begin PBXFileReference section */
		122721862CBF6E20000C5E32 /* Prod.xcconfig */ = {isa = PBXFileReference; lastKnownFileType = text.xcconfig; path = Prod.xcconfig; sourceTree = "<group>"; };
		1227218A2CBF7A0D000C5E32 /* Configuration.swift */ = {isa = PBXFileReference; fileEncoding = 4; lastKnownFileType = sourcecode.swift; path = Configuration.swift; sourceTree = "<group>"; };
		1227218C2CBF92B4000C5E32 /* Base.xcassets */ = {isa = PBXFileReference; lastKnownFileType = folder.assetcatalog; path = Base.xcassets; sourceTree = "<group>"; };
		122891A52CDC5D95003D4605 /* TabBarController.swift */ = {isa = PBXFileReference; lastKnownFileType = sourcecode.swift; path = TabBarController.swift; sourceTree = "<group>"; };
		122891A72CDC5DB9003D4605 /* BaseCardTabBar.swift */ = {isa = PBXFileReference; lastKnownFileType = sourcecode.swift; path = BaseCardTabBar.swift; sourceTree = "<group>"; };
		122891A92CDC5DD3003D4605 /* LightTabBar.swift */ = {isa = PBXFileReference; lastKnownFileType = sourcecode.swift; path = LightTabBar.swift; sourceTree = "<group>"; };
		122891AB2CDC5E09003D4605 /* UIView+Utilities.swift */ = {isa = PBXFileReference; lastKnownFileType = sourcecode.swift; path = "UIView+Utilities.swift"; sourceTree = "<group>"; };
		122891AD2CDC5EA0003D4605 /* UIStackView+Utilities.swift */ = {isa = PBXFileReference; lastKnownFileType = sourcecode.swift; path = "UIStackView+Utilities.swift"; sourceTree = "<group>"; };
		122891B12CDC659C003D4605 /* ProfileViewController.swift */ = {isa = PBXFileReference; lastKnownFileType = sourcecode.swift; path = ProfileViewController.swift; sourceTree = "<group>"; };
		122891B22CDC659C003D4605 /* ProfileViewController.xib */ = {isa = PBXFileReference; lastKnownFileType = file.xib; path = ProfileViewController.xib; sourceTree = "<group>"; };
		122891B62CDC678C003D4605 /* ProfileViewModel.swift */ = {isa = PBXFileReference; lastKnownFileType = sourcecode.swift; path = ProfileViewModel.swift; sourceTree = "<group>"; };
		123406042CE3104E00BA2087 /* GeneratedAssets.xcassets */ = {isa = PBXFileReference; lastKnownFileType = folder.assetcatalog; path = GeneratedAssets.xcassets; sourceTree = "<group>"; };
		123406192CE3140200BA2087 /* Assets.swift */ = {isa = PBXFileReference; fileEncoding = 4; lastKnownFileType = sourcecode.swift; path = Assets.swift; sourceTree = "<group>"; };
		123D9B452CD9D668003BA96E /* Combine+Utilities.swift */ = {isa = PBXFileReference; lastKnownFileType = sourcecode.swift; path = "Combine+Utilities.swift"; sourceTree = "<group>"; };
		1289A6A92CC6335C00F950BD /* UIImage+Utilities.swift */ = {isa = PBXFileReference; lastKnownFileType = sourcecode.swift; path = "UIImage+Utilities.swift"; sourceTree = "<group>"; };
		1289A6AB2CC6379B00F950BD /* ListView+Utilities.swift */ = {isa = PBXFileReference; lastKnownFileType = sourcecode.swift; path = "ListView+Utilities.swift"; sourceTree = "<group>"; };
		128C7A302CD2167D009602B1 /* Infrastructure.xcodeproj */ = {isa = PBXFileReference; lastKnownFileType = "wrapper.pb-project"; name = Infrastructure.xcodeproj; path = ../../Infrastructure/Infrastructure.xcodeproj; sourceTree = "<group>"; };
		128C7A3B2CD2168A009602B1 /* Adapter.xcodeproj */ = {isa = PBXFileReference; lastKnownFileType = "wrapper.pb-project"; name = Adapter.xcodeproj; path = ../../Adapter/Adapter.xcodeproj; sourceTree = "<group>"; };
		128C7A472CD216A6009602B1 /* Domain.xcodeproj */ = {isa = PBXFileReference; lastKnownFileType = "wrapper.pb-project"; name = Domain.xcodeproj; path = ../../Domain/Domain.xcodeproj; sourceTree = "<group>"; };
		128C7A632CD23246009602B1 /* ThumbHash.swift */ = {isa = PBXFileReference; lastKnownFileType = sourcecode.swift; path = ThumbHash.swift; sourceTree = "<group>"; };
		128C7A652CD23278009602B1 /* ThumbHashLoader.swift */ = {isa = PBXFileReference; lastKnownFileType = sourcecode.swift; path = ThumbHashLoader.swift; sourceTree = "<group>"; };
		128C7A672CD2354A009602B1 /* BlurHash.swift */ = {isa = PBXFileReference; lastKnownFileType = sourcecode.swift; path = BlurHash.swift; sourceTree = "<group>"; };
		128C7A692CD2355C009602B1 /* BlurHashLoader.swift */ = {isa = PBXFileReference; lastKnownFileType = sourcecode.swift; path = BlurHashLoader.swift; sourceTree = "<group>"; };
		128C7A6B2CD2391C009602B1 /* RemoteImage.swift */ = {isa = PBXFileReference; lastKnownFileType = sourcecode.swift; path = RemoteImage.swift; sourceTree = "<group>"; };
		1292EDF02CDA0F1800A03385 /* LoginViewController.swift */ = {isa = PBXFileReference; lastKnownFileType = sourcecode.swift; path = LoginViewController.swift; sourceTree = "<group>"; };
		1292EDF12CDA0F1800A03385 /* LoginViewController.xib */ = {isa = PBXFileReference; lastKnownFileType = file.xib; path = LoginViewController.xib; sourceTree = "<group>"; };
		12A364782BBD11530064FCE2 /* AuthenticationDIContainer.swift */ = {isa = PBXFileReference; lastKnownFileType = sourcecode.swift; path = AuthenticationDIContainer.swift; sourceTree = "<group>"; };
		12A364832BBD120F0064FCE2 /* LoginViewModel.swift */ = {isa = PBXFileReference; lastKnownFileType = sourcecode.swift; path = LoginViewModel.swift; sourceTree = "<group>"; };
		12A364852BBD12980064FCE2 /* AuthenticationFlow.swift */ = {isa = PBXFileReference; lastKnownFileType = sourcecode.swift; path = AuthenticationFlow.swift; sourceTree = "<group>"; };
		12A3648C2BBD30F30064FCE2 /* HomeViewModel.swift */ = {isa = PBXFileReference; lastKnownFileType = sourcecode.swift; path = HomeViewModel.swift; sourceTree = "<group>"; };
		12A3648E2BBD31580064FCE2 /* HomeViewController.swift */ = {isa = PBXFileReference; lastKnownFileType = sourcecode.swift; path = HomeViewController.swift; sourceTree = "<group>"; };
		12A3648F2BBD31580064FCE2 /* HomeViewController.xib */ = {isa = PBXFileReference; lastKnownFileType = file.xib; path = HomeViewController.xib; sourceTree = "<group>"; };
		12A364922BBD31990064FCE2 /* AuthorizedFlow.swift */ = {isa = PBXFileReference; lastKnownFileType = sourcecode.swift; path = AuthorizedFlow.swift; sourceTree = "<group>"; };
		12A364942BBD32130064FCE2 /* AuthorizedSceneDIContainer.swift */ = {isa = PBXFileReference; lastKnownFileType = sourcecode.swift; path = AuthorizedSceneDIContainer.swift; sourceTree = "<group>"; };
		12A364992BBD35820064FCE2 /* RegisterViewModel.swift */ = {isa = PBXFileReference; lastKnownFileType = sourcecode.swift; path = RegisterViewModel.swift; sourceTree = "<group>"; };
		12A3649B2BBD36660064FCE2 /* RegisterViewController.swift */ = {isa = PBXFileReference; lastKnownFileType = sourcecode.swift; path = RegisterViewController.swift; sourceTree = "<group>"; };
		12A3649C2BBD36660064FCE2 /* RegisterViewController.xib */ = {isa = PBXFileReference; lastKnownFileType = file.xib; path = RegisterViewController.xib; sourceTree = "<group>"; };
		12AF2D492CD3256300674A77 /* AnimatedImage.swift */ = {isa = PBXFileReference; lastKnownFileType = sourcecode.swift; path = AnimatedImage.swift; sourceTree = "<group>"; };
		12AF2D512CD32EDB00674A77 /* PlaceholderSource.swift */ = {isa = PBXFileReference; lastKnownFileType = sourcecode.swift; path = PlaceholderSource.swift; sourceTree = "<group>"; };
		12AF2D5E2CD37C4B00674A77 /* ImageCollectionViewCell.swift */ = {isa = PBXFileReference; lastKnownFileType = sourcecode.swift; path = ImageCollectionViewCell.swift; sourceTree = "<group>"; };
		12AF2D5F2CD37C4B00674A77 /* ImageCollectionViewCell.xib */ = {isa = PBXFileReference; lastKnownFileType = file.xib; path = ImageCollectionViewCell.xib; sourceTree = "<group>"; };
		12DBAF462CD4B1A200921C8B /* UIView+Animated.swift */ = {isa = PBXFileReference; lastKnownFileType = sourcecode.swift; path = "UIView+Animated.swift"; sourceTree = "<group>"; };
		12F7135A2CF05D02002844A1 /* Number+Utilities.swift */ = {isa = PBXFileReference; lastKnownFileType = sourcecode.swift; path = "Number+Utilities.swift"; sourceTree = "<group>"; };
		7ED015E401A17E99F1E5795D /* Pods_HelloWorld.framework */ = {isa = PBXFileReference; explicitFileType = wrapper.framework; includeInIndex = 0; path = Pods_HelloWorld.framework; sourceTree = BUILT_PRODUCTS_DIR; };
		840292E32BBC6F4E004EE551 /* PoppinsLatin-Regular.ttf */ = {isa = PBXFileReference; lastKnownFileType = file; path = "PoppinsLatin-Regular.ttf"; sourceTree = "<group>"; };
		840292E42BBC6F4E004EE551 /* PoppinsLatin-Bold.ttf */ = {isa = PBXFileReference; lastKnownFileType = file; path = "PoppinsLatin-Bold.ttf"; sourceTree = "<group>"; };
		840292E52BBC6F4E004EE551 /* PoppinsLatin-Medium.ttf */ = {isa = PBXFileReference; lastKnownFileType = file; path = "PoppinsLatin-Medium.ttf"; sourceTree = "<group>"; };
		842CD5E72BBC5C5500984066 /* AppDelegate.swift */ = {isa = PBXFileReference; lastKnownFileType = sourcecode.swift; path = AppDelegate.swift; sourceTree = "<group>"; };
		842CD5E92BBC5C5500984066 /* SceneDelegate.swift */ = {isa = PBXFileReference; lastKnownFileType = sourcecode.swift; path = SceneDelegate.swift; sourceTree = "<group>"; };
		842CD5F02BBC5C5600984066 /* Dev.xcassets */ = {isa = PBXFileReference; lastKnownFileType = folder.assetcatalog; path = Dev.xcassets; sourceTree = "<group>"; };
		842CD5F32BBC5C5600984066 /* Base */ = {isa = PBXFileReference; lastKnownFileType = file.storyboard; name = Base; path = Base.lproj/DefaultLaunch.storyboard; sourceTree = "<group>"; };
		842CD5F52BBC5C5600984066 /* Info.plist */ = {isa = PBXFileReference; lastKnownFileType = text.plist.xml; path = Info.plist; sourceTree = "<group>"; };
		842CD6042BBC613A00984066 /* swiftgen.yml */ = {isa = PBXFileReference; lastKnownFileType = text.yaml; path = swiftgen.yml; sourceTree = "<group>"; };
		842CD6062BBC614B00984066 /* swift5.stencil */ = {isa = PBXFileReference; lastKnownFileType = text; path = swift5.stencil; sourceTree = "<group>"; };
		842CD6092BBC61F000984066 /* Dev.xcconfig */ = {isa = PBXFileReference; lastKnownFileType = text.xcconfig; path = Dev.xcconfig; sourceTree = "<group>"; };
		842CD60A2BBC623F00984066 /* Config.xcconfig */ = {isa = PBXFileReference; lastKnownFileType = text.xcconfig; path = Config.xcconfig; sourceTree = "<group>"; };
		842CD60F2BBC630E00984066 /* AppFlow.swift */ = {isa = PBXFileReference; lastKnownFileType = sourcecode.swift; path = AppFlow.swift; sourceTree = "<group>"; };
		842CD6122BBC637800984066 /* AppDIContainer.swift */ = {isa = PBXFileReference; lastKnownFileType = sourcecode.swift; path = AppDIContainer.swift; sourceTree = "<group>"; };
		842CD6142BBC639A00984066 /* StartUpSceneDIContainer.swift */ = {isa = PBXFileReference; lastKnownFileType = sourcecode.swift; path = StartUpSceneDIContainer.swift; sourceTree = "<group>"; };
		842CD6182BBC642C00984066 /* StartUpFlow.swift */ = {isa = PBXFileReference; lastKnownFileType = sourcecode.swift; path = StartUpFlow.swift; sourceTree = "<group>"; };
		842CD61F2BBC64CA00984066 /* BaseView.swift */ = {isa = PBXFileReference; lastKnownFileType = sourcecode.swift; path = BaseView.swift; sourceTree = "<group>"; };
		842CD6212BBC64E200984066 /* ViewController.swift */ = {isa = PBXFileReference; lastKnownFileType = sourcecode.swift; path = ViewController.swift; sourceTree = "<group>"; };
		842CD6232BBC64FE00984066 /* InactiveView.swift */ = {isa = PBXFileReference; lastKnownFileType = sourcecode.swift; path = InactiveView.swift; sourceTree = "<group>"; };
		842CD6252BBC652900984066 /* OnboardingViewController.swift */ = {isa = PBXFileReference; lastKnownFileType = sourcecode.swift; path = OnboardingViewController.swift; sourceTree = "<group>"; };
		842CD6262BBC652900984066 /* OnboardingViewController.xib */ = {isa = PBXFileReference; lastKnownFileType = file.xib; path = OnboardingViewController.xib; sourceTree = "<group>"; };
		842CD62A2BBC655600984066 /* OnboardingViewModel.swift */ = {isa = PBXFileReference; lastKnownFileType = sourcecode.swift; path = OnboardingViewModel.swift; sourceTree = "<group>"; };
		842CD62E2BBC667300984066 /* GlobalSettings.swift */ = {isa = PBXFileReference; lastKnownFileType = sourcecode.swift; path = GlobalSettings.swift; sourceTree = "<group>"; };
		842CD6332BBC66FC00984066 /* HelloWorld.app */ = {isa = PBXFileReference; explicitFileType = wrapper.application; includeInIndex = 0; path = HelloWorld.app; sourceTree = BUILT_PRODUCTS_DIR; };
		842CD6372BBC675600984066 /* SplashViewModel.swift */ = {isa = PBXFileReference; lastKnownFileType = sourcecode.swift; path = SplashViewModel.swift; sourceTree = "<group>"; };
		842CD6392BBC678500984066 /* SplashViewController.swift */ = {isa = PBXFileReference; lastKnownFileType = sourcecode.swift; path = SplashViewController.swift; sourceTree = "<group>"; };
		842CD63A2BBC678500984066 /* SplashViewController.xib */ = {isa = PBXFileReference; lastKnownFileType = file.xib; path = SplashViewController.xib; sourceTree = "<group>"; };
		842CD63E2BBC681100984066 /* ThemeManager.swift */ = {isa = PBXFileReference; lastKnownFileType = sourcecode.swift; path = ThemeManager.swift; sourceTree = "<group>"; };
		842CD6412BBC682A00984066 /* DefaultFont.swift */ = {isa = PBXFileReference; lastKnownFileType = sourcecode.swift; path = DefaultFont.swift; sourceTree = "<group>"; };
		842CD6442BBC683E00984066 /* LightColorTheme.swift */ = {isa = PBXFileReference; lastKnownFileType = sourcecode.swift; path = LightColorTheme.swift; sourceTree = "<group>"; };
		842CD6462BBC684C00984066 /* DarkColorTheme.swift */ = {isa = PBXFileReference; lastKnownFileType = sourcecode.swift; path = DarkColorTheme.swift; sourceTree = "<group>"; };
		842CD6492BBC686C00984066 /* String+Utilities.swift */ = {isa = PBXFileReference; lastKnownFileType = sourcecode.swift; path = "String+Utilities.swift"; sourceTree = "<group>"; };
		842CD64B2BBC688A00984066 /* Color+Utilities.swift */ = {isa = PBXFileReference; lastKnownFileType = sourcecode.swift; path = "Color+Utilities.swift"; sourceTree = "<group>"; };
		842CD64D2BBC689700984066 /* UIFont+Utilities.swift */ = {isa = PBXFileReference; lastKnownFileType = sourcecode.swift; path = "UIFont+Utilities.swift"; sourceTree = "<group>"; };
		842CD6532BBC692200984066 /* Strings.swift */ = {isa = PBXFileReference; lastKnownFileType = sourcecode.swift; path = Strings.swift; sourceTree = "<group>"; };
		842CD6562BBC693900984066 /* en */ = {isa = PBXFileReference; lastKnownFileType = text.plist.strings; name = en; path = en.lproj/Localizable.strings; sourceTree = "<group>"; };
		842CD6582BBC695900984066 /* vi */ = {isa = PBXFileReference; lastKnownFileType = text.plist.strings; name = vi; path = vi.lproj/Localizable.strings; sourceTree = "<group>"; };
		B31D31C4ADBFD30603327DC1 /* Pods-HelloWorld.release.xcconfig */ = {isa = PBXFileReference; includeInIndex = 1; lastKnownFileType = text.xcconfig; name = "Pods-HelloWorld.release.xcconfig"; path = "Target Support Files/Pods-HelloWorld/Pods-HelloWorld.release.xcconfig"; sourceTree = "<group>"; };
		D6D0AB6AF888D2FE033438E8 /* Pods-HelloWorld.debug.xcconfig */ = {isa = PBXFileReference; includeInIndex = 1; lastKnownFileType = text.xcconfig; name = "Pods-HelloWorld.debug.xcconfig"; path = "Target Support Files/Pods-HelloWorld/Pods-HelloWorld.debug.xcconfig"; sourceTree = "<group>"; };
/* End PBXFileReference section */

/* Begin PBXFrameworksBuildPhase section */
		842CD5E12BBC5C5500984066 /* Frameworks */ = {
			isa = PBXFrameworksBuildPhase;
			buildActionMask = 2147483647;
			files = (
				128C7A502CD216A8009602B1 /* Domain.framework in Frameworks */,
				D4221BDFEC6A1E9E44F9E7A8 /* Pods_HelloWorld.framework in Frameworks */,
				128C7A452CD21697009602B1 /* Adapter.framework in Frameworks */,
				128C7A392CD21682009602B1 /* Infrastructure.framework in Frameworks */,
			);
			runOnlyForDeploymentPostprocessing = 0;
		};
/* End PBXFrameworksBuildPhase section */

/* Begin PBXGroup section */
		1228919E2CDC5D88003D4605 /* TabBar */ = {
			isa = PBXGroup;
			children = (
				122891A52CDC5D95003D4605 /* TabBarController.swift */,
				122891A72CDC5DB9003D4605 /* BaseCardTabBar.swift */,
				122891A92CDC5DD3003D4605 /* LightTabBar.swift */,
			);
			path = TabBar;
			sourceTree = "<group>";
		};
		122891AF2CDC6580003D4605 /* ProfileVC */ = {
			isa = PBXGroup;
			children = (
				122891B52CDC677D003D4605 /* ViewModel */,
				122891B02CDC6588003D4605 /* View */,
			);
			path = ProfileVC;
			sourceTree = "<group>";
		};
		122891B02CDC6588003D4605 /* View */ = {
			isa = PBXGroup;
			children = (
				122891B12CDC659C003D4605 /* ProfileViewController.swift */,
				122891B22CDC659C003D4605 /* ProfileViewController.xib */,
			);
			path = View;
			sourceTree = "<group>";
		};
		122891B52CDC677D003D4605 /* ViewModel */ = {
			isa = PBXGroup;
			children = (
				122891B62CDC678C003D4605 /* ProfileViewModel.swift */,
			);
			path = ViewModel;
			sourceTree = "<group>";
		};
		128C7A312CD2167D009602B1 /* Products */ = {
			isa = PBXGroup;
			children = (
				128C7A362CD2167D009602B1 /* Infrastructure.framework */,
				128C7A382CD2167D009602B1 /* InfrastructureTests.xctest */,
			);
			name = Products;
			sourceTree = "<group>";
		};
		128C7A3C2CD2168A009602B1 /* Products */ = {
			isa = PBXGroup;
			children = (
				128C7A422CD2168A009602B1 /* Adapter.framework */,
				128C7A442CD2168A009602B1 /* AdapterTests.xctest */,
			);
			name = Products;
			sourceTree = "<group>";
		};
		128C7A482CD216A6009602B1 /* Products */ = {
			isa = PBXGroup;
			children = (
				128C7A4D2CD216A6009602B1 /* Domain.framework */,
				128C7A4F2CD216A6009602B1 /* DomainTests.xctest */,
			);
			name = Products;
			sourceTree = "<group>";
		};
		128C7A5C2CD23233009602B1 /* RemoteImage */ = {
			isa = PBXGroup;
			children = (
				128C7A6D2CD2394D009602B1 /* Loader */,
				128C7A6B2CD2391C009602B1 /* RemoteImage.swift */,
				12AF2D512CD32EDB00674A77 /* PlaceholderSource.swift */,
				12AF2D492CD3256300674A77 /* AnimatedImage.swift */,
			);
			path = RemoteImage;
			sourceTree = "<group>";
		};
		128C7A6D2CD2394D009602B1 /* Loader */ = {
			isa = PBXGroup;
			children = (
				128C7A6F2CD23973009602B1 /* BlurHash */,
				128C7A6E2CD23953009602B1 /* ThumbHash */,
			);
			path = Loader;
			sourceTree = "<group>";
		};
		128C7A6E2CD23953009602B1 /* ThumbHash */ = {
			isa = PBXGroup;
			children = (
				128C7A632CD23246009602B1 /* ThumbHash.swift */,
				128C7A652CD23278009602B1 /* ThumbHashLoader.swift */,
			);
			path = ThumbHash;
			sourceTree = "<group>";
		};
		128C7A6F2CD23973009602B1 /* BlurHash */ = {
			isa = PBXGroup;
			children = (
				128C7A672CD2354A009602B1 /* BlurHash.swift */,
				128C7A692CD2355C009602B1 /* BlurHashLoader.swift */,
			);
			path = BlurHash;
			sourceTree = "<group>";
		};
		1294D1552CC7647F00401985 /* Extensions */ = {
			isa = PBXGroup;
			children = (
				12DBAF462CD4B1A200921C8B /* UIView+Animated.swift */,
				122891AD2CDC5EA0003D4605 /* UIStackView+Utilities.swift */,
				842CD6492BBC686C00984066 /* String+Utilities.swift */,
				842CD64B2BBC688A00984066 /* Color+Utilities.swift */,
				842CD64D2BBC689700984066 /* UIFont+Utilities.swift */,
				1289A6A92CC6335C00F950BD /* UIImage+Utilities.swift */,
				1289A6AB2CC6379B00F950BD /* ListView+Utilities.swift */,
				123D9B452CD9D668003BA96E /* Combine+Utilities.swift */,
				122891AB2CDC5E09003D4605 /* UIView+Utilities.swift */,
				12F7135A2CF05D02002844A1 /* Number+Utilities.swift */,
			);
			path = Extensions;
			sourceTree = "<group>";
		};
		1294D1562CC7649500401985 /* Theming */ = {
			isa = PBXGroup;
			children = (
				1294D1582CC764CE00401985 /* Font */,
				1294D1572CC764BE00401985 /* Color */,
				842CD63E2BBC681100984066 /* ThemeManager.swift */,
			);
			path = Theming;
			sourceTree = "<group>";
		};
		1294D1572CC764BE00401985 /* Color */ = {
			isa = PBXGroup;
			children = (
				842CD6442BBC683E00984066 /* LightColorTheme.swift */,
				842CD6462BBC684C00984066 /* DarkColorTheme.swift */,
			);
			path = Color;
			sourceTree = "<group>";
		};
		1294D1582CC764CE00401985 /* Font */ = {
			isa = PBXGroup;
			children = (
				842CD6412BBC682A00984066 /* DefaultFont.swift */,
			);
			path = Font;
			sourceTree = "<group>";
		};
		1294D1592CC764E500401985 /* Global */ = {
			isa = PBXGroup;
			children = (
				842CD62E2BBC667300984066 /* GlobalSettings.swift */,
			);
			path = Global;
			sourceTree = "<group>";
		};
		12A3647A2BBD11CF0064FCE2 /* AuthenticationScene */ = {
			isa = PBXGroup;
			children = (
				12A3647B2BBD11DF0064FCE2 /* Flows */,
				12A364962BBD356B0064FCE2 /* RegisterVC */,
				12A3647C2BBD11E40064FCE2 /* LoginVC */,
			);
			path = AuthenticationScene;
			sourceTree = "<group>";
		};
		12A3647B2BBD11DF0064FCE2 /* Flows */ = {
			isa = PBXGroup;
			children = (
				12A364852BBD12980064FCE2 /* AuthenticationFlow.swift */,
			);
			path = Flows;
			sourceTree = "<group>";
		};
		12A3647C2BBD11E40064FCE2 /* LoginVC */ = {
			isa = PBXGroup;
			children = (
				12A364822BBD12040064FCE2 /* ViewModel */,
				12A3647D2BBD11EC0064FCE2 /* View */,
			);
			path = LoginVC;
			sourceTree = "<group>";
		};
		12A3647D2BBD11EC0064FCE2 /* View */ = {
			isa = PBXGroup;
			children = (
				1292EDF02CDA0F1800A03385 /* LoginViewController.swift */,
				1292EDF12CDA0F1800A03385 /* LoginViewController.xib */,
			);
			path = View;
			sourceTree = "<group>";
		};
		12A364822BBD12040064FCE2 /* ViewModel */ = {
			isa = PBXGroup;
			children = (
				12A364832BBD120F0064FCE2 /* LoginViewModel.swift */,
			);
			path = ViewModel;
			sourceTree = "<group>";
		};
		12A364872BBD30BE0064FCE2 /* AuthorizedScene */ = {
			isa = PBXGroup;
			children = (
				12A364892BBD30DC0064FCE2 /* Flow */,
				122891AF2CDC6580003D4605 /* ProfileVC */,
				12A364882BBD30CF0064FCE2 /* HomeVC */,
			);
			path = AuthorizedScene;
			sourceTree = "<group>";
		};
		12A364882BBD30CF0064FCE2 /* HomeVC */ = {
			isa = PBXGroup;
			children = (
				12A3648B2BBD30E60064FCE2 /* ViewModel */,
				12A3648A2BBD30E20064FCE2 /* View */,
			);
			path = HomeVC;
			sourceTree = "<group>";
		};
		12A364892BBD30DC0064FCE2 /* Flow */ = {
			isa = PBXGroup;
			children = (
				12A364922BBD31990064FCE2 /* AuthorizedFlow.swift */,
			);
			path = Flow;
			sourceTree = "<group>";
		};
		12A3648A2BBD30E20064FCE2 /* View */ = {
			isa = PBXGroup;
			children = (
				12AF2D572CD37C3100674A77 /* ImageCell */,
				12A3648E2BBD31580064FCE2 /* HomeViewController.swift */,
				12A3648F2BBD31580064FCE2 /* HomeViewController.xib */,
			);
			path = View;
			sourceTree = "<group>";
		};
		12A3648B2BBD30E60064FCE2 /* ViewModel */ = {
			isa = PBXGroup;
			children = (
				12A3648C2BBD30F30064FCE2 /* HomeViewModel.swift */,
			);
			path = ViewModel;
			sourceTree = "<group>";
		};
		12A364962BBD356B0064FCE2 /* RegisterVC */ = {
			isa = PBXGroup;
			children = (
				12A364982BBD35770064FCE2 /* ViewModel */,
				12A364972BBD35730064FCE2 /* View */,
			);
			path = RegisterVC;
			sourceTree = "<group>";
		};
		12A364972BBD35730064FCE2 /* View */ = {
			isa = PBXGroup;
			children = (
				12A3649B2BBD36660064FCE2 /* RegisterViewController.swift */,
				12A3649C2BBD36660064FCE2 /* RegisterViewController.xib */,
			);
			path = View;
			sourceTree = "<group>";
		};
		12A364982BBD35770064FCE2 /* ViewModel */ = {
			isa = PBXGroup;
			children = (
				12A364992BBD35820064FCE2 /* RegisterViewModel.swift */,
			);
			path = ViewModel;
			sourceTree = "<group>";
		};
		12AF2D572CD37C3100674A77 /* ImageCell */ = {
			isa = PBXGroup;
			children = (
				12AF2D5E2CD37C4B00674A77 /* ImageCollectionViewCell.swift */,
				12AF2D5F2CD37C4B00674A77 /* ImageCollectionViewCell.xib */,
			);
			path = ImageCell;
			sourceTree = "<group>";
		};
		840292E22BBC6F33004EE551 /* Font */ = {
			isa = PBXGroup;
			children = (
				840292E42BBC6F4E004EE551 /* PoppinsLatin-Bold.ttf */,
				840292E52BBC6F4E004EE551 /* PoppinsLatin-Medium.ttf */,
				840292E32BBC6F4E004EE551 /* PoppinsLatin-Regular.ttf */,
			);
			path = Font;
			sourceTree = "<group>";
		};
		842CD5DB2BBC5C5500984066 = {
			isa = PBXGroup;
			children = (
				842CD6042BBC613A00984066 /* swiftgen.yml */,
				842CD6062BBC614B00984066 /* swift5.stencil */,
				842CD5E62BBC5C5500984066 /* HelloWorld */,
				9F9CDED32FC6D601EEBD2369 /* Pods */,
				98D6324CC4FA077AF8F453E0 /* Frameworks */,
				842CD6332BBC66FC00984066 /* HelloWorld.app */,
			);
			sourceTree = "<group>";
		};
		842CD5E62BBC5C5500984066 /* HelloWorld */ = {
			isa = PBXGroup;
			children = (
				842CD6082BBC61AC00984066 /* Configuration */,
				842CD5FB2BBC603700984066 /* Application */,
				842CD61D2BBC64AF00984066 /* Sences */,
				842CD6032BBC60D500984066 /* Utils */,
				842CD5FC2BBC605100984066 /* Resources */,
			);
			path = HelloWorld;
			sourceTree = "<group>";
		};
		842CD5FB2BBC603700984066 /* Application */ = {
			isa = PBXGroup;
			children = (
				842CD5E72BBC5C5500984066 /* AppDelegate.swift */,
				842CD5E92BBC5C5500984066 /* SceneDelegate.swift */,
				842CD60F2BBC630E00984066 /* AppFlow.swift */,
				842CD6112BBC636400984066 /* DIContainer */,
			);
			path = Application;
			sourceTree = "<group>";
		};
		842CD5FC2BBC605100984066 /* Resources */ = {
			isa = PBXGroup;
			children = (
				842CD6522BBC691900984066 /* Generated */,
				840292E22BBC6F33004EE551 /* Font */,
				842CD6512BBC691000984066 /* Localizable */,
				842CD5FE2BBC607000984066 /* Assets */,
				842CD5FD2BBC605F00984066 /* Launch */,
				842CD5F52BBC5C5600984066 /* Info.plist */,
			);
			path = Resources;
			sourceTree = "<group>";
		};
		842CD5FD2BBC605F00984066 /* Launch */ = {
			isa = PBXGroup;
			children = (
				842CD5F22BBC5C5600984066 /* DefaultLaunch.storyboard */,
			);
			path = Launch;
			sourceTree = "<group>";
		};
		842CD5FE2BBC607000984066 /* Assets */ = {
			isa = PBXGroup;
			children = (
				842CD5F02BBC5C5600984066 /* Dev.xcassets */,
				123406042CE3104E00BA2087 /* GeneratedAssets.xcassets */,
				1227218C2CBF92B4000C5E32 /* Base.xcassets */,
			);
			path = Assets;
			sourceTree = "<group>";
		};
		842CD6032BBC60D500984066 /* Utils */ = {
			isa = PBXGroup;
			children = (
				842CD6212BBC64E200984066 /* ViewController.swift */,
				842CD6232BBC64FE00984066 /* InactiveView.swift */,
				842CD61E2BBC64BE00984066 /* CustomViews */,
				1294D1592CC764E500401985 /* Global */,
				1294D1562CC7649500401985 /* Theming */,
				1294D1552CC7647F00401985 /* Extensions */,
			);
			path = Utils;
			sourceTree = "<group>";
		};
		842CD6082BBC61AC00984066 /* Configuration */ = {
			isa = PBXGroup;
			children = (
				1227218A2CBF7A0D000C5E32 /* Configuration.swift */,
				842CD6092BBC61F000984066 /* Dev.xcconfig */,
				122721862CBF6E20000C5E32 /* Prod.xcconfig */,
				842CD60A2BBC623F00984066 /* Config.xcconfig */,
			);
			path = Configuration;
			sourceTree = "<group>";
		};
		842CD6112BBC636400984066 /* DIContainer */ = {
			isa = PBXGroup;
			children = (
				842CD6122BBC637800984066 /* AppDIContainer.swift */,
				842CD6142BBC639A00984066 /* StartUpSceneDIContainer.swift */,
				12A364782BBD11530064FCE2 /* AuthenticationDIContainer.swift */,
				12A364942BBD32130064FCE2 /* AuthorizedSceneDIContainer.swift */,
			);
			path = DIContainer;
			sourceTree = "<group>";
		};
		842CD6162BBC641800984066 /* StartUpScene */ = {
			isa = PBXGroup;
			children = (
				842CD6172BBC642300984066 /* Flows */,
				842CD6342BBC672D00984066 /* SplashVC */,
				842CD61A2BBC647000984066 /* OnboardingVC */,
			);
			path = StartUpScene;
			sourceTree = "<group>";
		};
		842CD6172BBC642300984066 /* Flows */ = {
			isa = PBXGroup;
			children = (
				842CD6182BBC642C00984066 /* StartUpFlow.swift */,
			);
			path = Flows;
			sourceTree = "<group>";
		};
		842CD61A2BBC647000984066 /* OnboardingVC */ = {
			isa = PBXGroup;
			children = (
				842CD6292BBC654D00984066 /* ViewModel */,
				842CD61B2BBC647800984066 /* View */,
			);
			path = OnboardingVC;
			sourceTree = "<group>";
		};
		842CD61B2BBC647800984066 /* View */ = {
			isa = PBXGroup;
			children = (
				842CD6252BBC652900984066 /* OnboardingViewController.swift */,
				842CD6262BBC652900984066 /* OnboardingViewController.xib */,
			);
			path = View;
			sourceTree = "<group>";
		};
		842CD61D2BBC64AF00984066 /* Sences */ = {
			isa = PBXGroup;
			children = (
				12A364872BBD30BE0064FCE2 /* AuthorizedScene */,
				12A3647A2BBD11CF0064FCE2 /* AuthenticationScene */,
				842CD6162BBC641800984066 /* StartUpScene */,
			);
			path = Sences;
			sourceTree = "<group>";
		};
		842CD61E2BBC64BE00984066 /* CustomViews */ = {
			isa = PBXGroup;
			children = (
				1228919E2CDC5D88003D4605 /* TabBar */,
				128C7A5C2CD23233009602B1 /* RemoteImage */,
				842CD61F2BBC64CA00984066 /* BaseView.swift */,
			);
			path = CustomViews;
			sourceTree = "<group>";
		};
		842CD6292BBC654D00984066 /* ViewModel */ = {
			isa = PBXGroup;
			children = (
				842CD62A2BBC655600984066 /* OnboardingViewModel.swift */,
			);
			path = ViewModel;
			sourceTree = "<group>";
		};
		842CD6342BBC672D00984066 /* SplashVC */ = {
			isa = PBXGroup;
			children = (
				842CD6362BBC673A00984066 /* ViewModel */,
				842CD6352BBC673500984066 /* View */,
			);
			path = SplashVC;
			sourceTree = "<group>";
		};
		842CD6352BBC673500984066 /* View */ = {
			isa = PBXGroup;
			children = (
				842CD6392BBC678500984066 /* SplashViewController.swift */,
				842CD63A2BBC678500984066 /* SplashViewController.xib */,
			);
			path = View;
			sourceTree = "<group>";
		};
		842CD6362BBC673A00984066 /* ViewModel */ = {
			isa = PBXGroup;
			children = (
				842CD6372BBC675600984066 /* SplashViewModel.swift */,
			);
			path = ViewModel;
			sourceTree = "<group>";
		};
		842CD6512BBC691000984066 /* Localizable */ = {
			isa = PBXGroup;
			children = (
				842CD6552BBC693900984066 /* Localizable.strings */,
			);
			path = Localizable;
			sourceTree = "<group>";
		};
		842CD6522BBC691900984066 /* Generated */ = {
			isa = PBXGroup;
			children = (
				123406192CE3140200BA2087 /* Assets.swift */,
				842CD6532BBC692200984066 /* Strings.swift */,
			);
			path = Generated;
			sourceTree = "<group>";
		};
		98D6324CC4FA077AF8F453E0 /* Frameworks */ = {
			isa = PBXGroup;
			children = (
				128C7A472CD216A6009602B1 /* Domain.xcodeproj */,
				128C7A3B2CD2168A009602B1 /* Adapter.xcodeproj */,
				128C7A302CD2167D009602B1 /* Infrastructure.xcodeproj */,
				7ED015E401A17E99F1E5795D /* Pods_HelloWorld.framework */,
			);
			name = Frameworks;
			sourceTree = "<group>";
		};
		9F9CDED32FC6D601EEBD2369 /* Pods */ = {
			isa = PBXGroup;
			children = (
				D6D0AB6AF888D2FE033438E8 /* Pods-HelloWorld.debug.xcconfig */,
				B31D31C4ADBFD30603327DC1 /* Pods-HelloWorld.release.xcconfig */,
			);
			path = Pods;
			sourceTree = "<group>";
		};
/* End PBXGroup section */

/* Begin PBXNativeTarget section */
		842CD5E32BBC5C5500984066 /* HelloWorld */ = {
			isa = PBXNativeTarget;
			buildConfigurationList = 842CD5F82BBC5C5600984066 /* Build configuration list for PBXNativeTarget "HelloWorld" */;
			buildPhases = (
				D4551A8801E82B65507B46F7 /* [CP] Check Pods Manifest.lock */,
				842CD60B2BBC629000984066 /* Setup Configuration */,
				123406122CE310BA00BA2087 /* Merge Asset If Need */,
				12DBAF452CD4756D00921C8B /* Uninstall old App */,
				842CD60C2BBC62A700984066 /* Swift Gen */,
				842CD5E02BBC5C5500984066 /* Sources */,
				12FB3C822CD0C447006A6AC6 /* Setup Firebase Environment GoogleService-Info.plist */,
				842CD5E12BBC5C5500984066 /* Frameworks */,
				842CD5E22BBC5C5500984066 /* Resources */,
				EB571CC0D1E0E2429A5835DF /* [CP] Embed Pods Frameworks */,
				12D214E32CD09C3D00C9F6EA /* Embed Frameworks */,
			);
			buildRules = (
			);
			dependencies = (
			);
			name = HelloWorld;
			productName = HelloWorld;
			productReference = 842CD6332BBC66FC00984066 /* HelloWorld.app */;
			productType = "com.apple.product-type.application";
		};
/* End PBXNativeTarget section */

/* Begin PBXProject section */
		842CD5DC2BBC5C5500984066 /* Project object */ = {
			isa = PBXProject;
			attributes = {
				BuildIndependentTargetsInParallel = 1;
				LastSwiftUpdateCheck = 1530;
				LastUpgradeCheck = 1530;
				TargetAttributes = {
					842CD5E32BBC5C5500984066 = {
						CreatedOnToolsVersion = 15.3;
					};
				};
			};
			buildConfigurationList = 842CD5DF2BBC5C5500984066 /* Build configuration list for PBXProject "HelloWorld" */;
			compatibilityVersion = "Xcode 14.0";
			developmentRegion = en;
			hasScannedForEncodings = 0;
			knownRegions = (
				en,
				Base,
				vi,
			);
			mainGroup = 842CD5DB2BBC5C5500984066;
			productRefGroup = 842CD5DB2BBC5C5500984066;
			projectDirPath = "";
			projectReferences = (
				{
					ProductGroup = 128C7A3C2CD2168A009602B1 /* Products */;
					ProjectRef = 128C7A3B2CD2168A009602B1 /* Adapter.xcodeproj */;
				},
				{
					ProductGroup = 128C7A482CD216A6009602B1 /* Products */;
					ProjectRef = 128C7A472CD216A6009602B1 /* Domain.xcodeproj */;
				},
				{
					ProductGroup = 128C7A312CD2167D009602B1 /* Products */;
					ProjectRef = 128C7A302CD2167D009602B1 /* Infrastructure.xcodeproj */;
				},
			);
			projectRoot = "";
			targets = (
				842CD5E32BBC5C5500984066 /* HelloWorld */,
			);
		};
/* End PBXProject section */

/* Begin PBXReferenceProxy section */
		128C7A362CD2167D009602B1 /* Infrastructure.framework */ = {
			isa = PBXReferenceProxy;
			fileType = wrapper.framework;
			path = Infrastructure.framework;
			remoteRef = 128C7A352CD2167D009602B1 /* PBXContainerItemProxy */;
			sourceTree = BUILT_PRODUCTS_DIR;
		};
		128C7A382CD2167D009602B1 /* InfrastructureTests.xctest */ = {
			isa = PBXReferenceProxy;
			fileType = wrapper.cfbundle;
			path = InfrastructureTests.xctest;
			remoteRef = 128C7A372CD2167D009602B1 /* PBXContainerItemProxy */;
			sourceTree = BUILT_PRODUCTS_DIR;
		};
		128C7A422CD2168A009602B1 /* Adapter.framework */ = {
			isa = PBXReferenceProxy;
			fileType = wrapper.framework;
			path = Adapter.framework;
			remoteRef = 128C7A412CD2168A009602B1 /* PBXContainerItemProxy */;
			sourceTree = BUILT_PRODUCTS_DIR;
		};
		128C7A442CD2168A009602B1 /* AdapterTests.xctest */ = {
			isa = PBXReferenceProxy;
			fileType = wrapper.cfbundle;
			path = AdapterTests.xctest;
			remoteRef = 128C7A432CD2168A009602B1 /* PBXContainerItemProxy */;
			sourceTree = BUILT_PRODUCTS_DIR;
		};
		128C7A4D2CD216A6009602B1 /* Domain.framework */ = {
			isa = PBXReferenceProxy;
			fileType = wrapper.framework;
			path = Domain.framework;
			remoteRef = 128C7A4C2CD216A6009602B1 /* PBXContainerItemProxy */;
			sourceTree = BUILT_PRODUCTS_DIR;
		};
		128C7A4F2CD216A6009602B1 /* DomainTests.xctest */ = {
			isa = PBXReferenceProxy;
			fileType = wrapper.cfbundle;
			path = DomainTests.xctest;
			remoteRef = 128C7A4E2CD216A6009602B1 /* PBXContainerItemProxy */;
			sourceTree = BUILT_PRODUCTS_DIR;
		};
/* End PBXReferenceProxy section */

/* Begin PBXResourcesBuildPhase section */
		842CD5E22BBC5C5500984066 /* Resources */ = {
			isa = PBXResourcesBuildPhase;
			buildActionMask = 2147483647;
			files = (
				840292EA2BBC70F5004EE551 /* SplashViewController.xib in Resources */,
				12A3649D2BBD36660064FCE2 /* RegisterViewController.xib in Resources */,
				840292E92BBC70EB004EE551 /* DefaultLaunch.storyboard in Resources */,
				122891B42CDC659C003D4605 /* ProfileViewController.xib in Resources */,
				12AF2D612CD37C4B00674A77 /* ImageCollectionViewCell.xib in Resources */,
				1292EDF32CDA0F1800A03385 /* LoginViewController.xib in Resources */,
				123406052CE3104E00BA2087 /* GeneratedAssets.xcassets in Resources */,
				840292E72BBC6F4E004EE551 /* PoppinsLatin-Bold.ttf in Resources */,
				840292E82BBC6F4E004EE551 /* PoppinsLatin-Medium.ttf in Resources */,
				842CD6572BBC693900984066 /* Localizable.strings in Resources */,
				842CD5F12BBC5C5600984066 /* Dev.xcassets in Resources */,
				840292E62BBC6F4E004EE551 /* PoppinsLatin-Regular.ttf in Resources */,
				842CD5F42BBC5C5600984066 /* Base in Resources */,
				842CD6272BBC652900984066 /* OnboardingViewController.xib in Resources */,
				1227218D2CBF92B4000C5E32 /* Base.xcassets in Resources */,
				12A364902BBD31580064FCE2 /* HomeViewController.xib in Resources */,
			);
			runOnlyForDeploymentPostprocessing = 0;
		};
/* End PBXResourcesBuildPhase section */

/* Begin PBXShellScriptBuildPhase section */
		123406122CE310BA00BA2087 /* Merge Asset If Need */ = {
			isa = PBXShellScriptBuildPhase;
			buildActionMask = 2147483647;
			files = (
			);
			inputFileListPaths = (
			);
			inputPaths = (
			);
			name = "Merge Asset If Need";
			outputFileListPaths = (
			);
			outputPaths = (
			);
			runOnlyForDeploymentPostprocessing = 0;
			shellPath = /bin/sh;
			shellScript = "# Type a script or drag a script file from your workspace to insert its path.\n\nconfig_file=\"${PROJECT_DIR}/${TARGET_NAME}/Configuration/tmp.xcconfig\"\noutput_file=\"${PROJECT_DIR}/${TARGET_NAME}/Resources/Assets/GeneratedAssets.xcassets\"\n\n# Initialize variable\nASSET_NAME=\"\"\n\n# Read the configuration file\nwhile IFS='=' read -r key value; do\n  case \"$key\" in\n    'ASSET_NAME') ASSET_NAME=\"$value\" ;\n  esac\ndone < \"$config_file\"\n\nbase_input_assets=\"${PROJECT_DIR}/${TARGET_NAME}/Resources/Assets/Base.xcassets\"\ntarget_input_assets=\"${PROJECT_DIR}/${TARGET_NAME}/Resources/Assets/${ASSET_NAME}.xcassets/\"\n\nrm -rf \"${output_file}\"\n\ncopy_files() { \n    local src_dir=$1 \n    local dest_dir=$2\n    \n    for item in \"$src_dir\"/*; do\n    \n     local base_item=$(basename \"$item\") \n     \n     if [ -e \"$dest_dir/$base_item\" ]; then \n        rm -rf \"$dest_dir/$base_item\" \n     fi\n     \n     echo \"copy from ${item} to ${dest_dir}\"\n     cp -r \"$item\" \"$dest_dir\" \n    done \n}\n\ncopy_files \"${base_input_assets}\" \"${output_file}\"\n\nif [ \"$ASSET_NAME\" = \"\" ] | [ \"$base_input_assets\" = \"$target_input_assets\" ]; then\n    exit 0\nfi\n\ncopy_files \"${target_input_assets}\" \"${output_file}\"\n";
		};
		12DBAF452CD4756D00921C8B /* Uninstall old App */ = {
			isa = PBXShellScriptBuildPhase;
			buildActionMask = 2147483647;
			files = (
			);
			inputFileListPaths = (
			);
			inputPaths = (
			);
			name = "Uninstall old App";
			outputFileListPaths = (
			);
			outputPaths = (
			);
			runOnlyForDeploymentPostprocessing = 0;
			shellPath = /bin/sh;
			shellScript = "# Type a script or drag a script file from your workspace to insert its path.\ninput_file=\"${PROJECT_DIR}/${TARGET_NAME}/Configuration/tmp.xcconfig\"\n\n# Initialize variable\nBUNDLE_IDENTIFIER=\"\"\n\n# Read the configuration file\nwhile IFS='=' read -r key value; do\n  case \"$key\" in\n    'BUNDLE_IDENTIFIER') BUNDLE_IDENTIFIER=\"$value\" ;;\n  esac\ndone < \"$input_file\"\n\n#{\n# xcrun simctl uninstall booted \"$BUNDLE_IDENTIFIER\"\n#} || {\n#echo \"Old app not found or Device not booted\"\n#}\n";
		};
		12FB3C822CD0C447006A6AC6 /* Setup Firebase Environment GoogleService-Info.plist */ = {
			isa = PBXShellScriptBuildPhase;
			buildActionMask = 2147483647;
			files = (
			);
			inputFileListPaths = (
			);
			inputPaths = (
			);
			name = "Setup Firebase Environment GoogleService-Info.plist";
			outputFileListPaths = (
			);
			outputPaths = (
			);
			runOnlyForDeploymentPostprocessing = 0;
			shellPath = /bin/sh;
			shellScript = "# Type a script or drag a script file from your workspace to insert its path.\n#INFO_PLIST_FILE=GoogleService-Info.plist\n#INFO_PLIST_FILE_PATH=${PROJECT_DIR}/GoogleService/${SCHEME_SUFFIX}/${INFO_PLIST_FILE}\n#echo ${PROJECT_DIR}\n\n## Make sure the release version exists\n#echo \"Looking for ${INFO_PLIST_FILE} in ${INFO_PLIST_FILE_PATH}\"\n#if [ ! -f $INFO_PLIST_FILE_PATH ] ; then\n#    echo \"File ${INFO_PLIST_FILE} not found.\"\n#    exit 1\n#fi\n\n#PLIST_DESTINATION=${BUILT_PRODUCTS_DIR}/${PRODUCT_NAME}.app\n#echo \"Copying ${INFO_PLIST_FILE} to final destination: #${PLIST_DESTINATION}\"\n#echo \"File ${INFO_PLIST_FILE_PATH} copied\"\n#cp \"${INFO_PLIST_FILE_PATH}\" \"${PLIST_DESTINATION}\"\n\n";
		};
		842CD60B2BBC629000984066 /* Setup Configuration */ = {
			isa = PBXShellScriptBuildPhase;
			buildActionMask = 2147483647;
			files = (
			);
			inputFileListPaths = (
			);
			inputPaths = (
			);
			name = "Setup Configuration";
			outputFileListPaths = (
			);
			outputPaths = (
			);
			runOnlyForDeploymentPostprocessing = 0;
			shellPath = /bin/sh;
			shellScript = "input_file=\"${PROJECT_DIR}/${TARGET_NAME}/Configuration/tmp.xcconfig\"\noutput_file=\"${PROJECT_DIR}/${TARGET_NAME}/Configuration/Configuration.swift\"\n\n# Start writing to Config.swift\necho \"// Auto-generated configuration file. Do not edit this file\" > $output_file\necho \"struct Configuration {\" >> $output_file\n\n# Read each line from tmp.xcconfig\nwhile IFS= read -r line\ndo\n  # Skip empty lines and comments\n  if [ -z \"$line\" ] || [[ $line == \\#* ]] || [[ $line == \\/\\/* ]]; then \n    continue \n  fi\n  \n\n  # Parse key-value pairs\n  key=$(echo \"$line\" | cut -d '=' -f 1 | xargs)\n  value=$(echo \"$line\" | cut -d '=' -f 2- | xargs)\n\n  # Write to Config.swift\n  echo \"    static let $key = \\\"$value\\\"\" >> $output_file\ndone < \"$input_file\"\n\n# Close the struct\necho \"}\" >> $output_file\n";
		};
		842CD60C2BBC62A700984066 /* Swift Gen */ = {
			isa = PBXShellScriptBuildPhase;
			buildActionMask = 2147483647;
			files = (
			);
			inputFileListPaths = (
			);
			inputPaths = (
			);
			name = "Swift Gen";
			outputFileListPaths = (
			);
			outputPaths = (
			);
			runOnlyForDeploymentPostprocessing = 0;
			shellPath = /bin/sh;
			shellScript = "if [[ -f \"${PODS_ROOT}/SwiftGen/bin/swiftgen\" ]]; then\n  GENERATED_PATH=${PROJECT_DIR}/${TARGET_NAME}/Resources/Generated\n  mkdir -p \"$GENERATED_PATH\"\n  \"${PODS_ROOT}/SwiftGen/bin/swiftgen\"\nelse\n  echo \"warning: SwiftGen is not installed. Run 'pod install --repo-update' to install it.\"\nfi\n";
		};
		D4551A8801E82B65507B46F7 /* [CP] Check Pods Manifest.lock */ = {
			isa = PBXShellScriptBuildPhase;
			buildActionMask = 2147483647;
			files = (
			);
			inputFileListPaths = (
			);
			inputPaths = (
				"${PODS_PODFILE_DIR_PATH}/Podfile.lock",
				"${PODS_ROOT}/Manifest.lock",
			);
			name = "[CP] Check Pods Manifest.lock";
			outputFileListPaths = (
			);
			outputPaths = (
				"$(DERIVED_FILE_DIR)/Pods-HelloWorld-checkManifestLockResult.txt",
			);
			runOnlyForDeploymentPostprocessing = 0;
			shellPath = /bin/sh;
			shellScript = "diff \"${PODS_PODFILE_DIR_PATH}/Podfile.lock\" \"${PODS_ROOT}/Manifest.lock\" > /dev/null\nif [ $? != 0 ] ; then\n    # print error to STDERR\n    echo \"error: The sandbox is not in sync with the Podfile.lock. Run 'pod install' or update your CocoaPods installation.\" >&2\n    exit 1\nfi\n# This output is used by Xcode 'outputs' to avoid re-running this script phase.\necho \"SUCCESS\" > \"${SCRIPT_OUTPUT_FILE_0}\"\n";
			showEnvVarsInLog = 0;
		};
		EB571CC0D1E0E2429A5835DF /* [CP] Embed Pods Frameworks */ = {
			isa = PBXShellScriptBuildPhase;
			buildActionMask = 2147483647;
			files = (
			);
			inputFileListPaths = (
				"${PODS_ROOT}/Target Support Files/Pods-HelloWorld/Pods-HelloWorld-frameworks-${CONFIGURATION}-input-files.xcfilelist",
			);
			name = "[CP] Embed Pods Frameworks";
			outputFileListPaths = (
				"${PODS_ROOT}/Target Support Files/Pods-HelloWorld/Pods-HelloWorld-frameworks-${CONFIGURATION}-output-files.xcfilelist",
			);
			runOnlyForDeploymentPostprocessing = 0;
			shellPath = /bin/sh;
			shellScript = "\"${PODS_ROOT}/Target Support Files/Pods-HelloWorld/Pods-HelloWorld-frameworks.sh\"\n";
			showEnvVarsInLog = 0;
		};
/* End PBXShellScriptBuildPhase section */

/* Begin PBXSourcesBuildPhase section */
		842CD5E02BBC5C5500984066 /* Sources */ = {
			isa = PBXSourcesBuildPhase;
			buildActionMask = 2147483647;
			files = (
				842CD6282BBC652900984066 /* OnboardingViewController.swift in Sources */,
				842CD6472BBC684C00984066 /* DarkColorTheme.swift in Sources */,
				842CD6132BBC637800984066 /* AppDIContainer.swift in Sources */,
				842CD6202BBC64CA00984066 /* BaseView.swift in Sources */,
				122891AC2CDC5E09003D4605 /* UIView+Utilities.swift in Sources */,
				1227218B2CBF7A0D000C5E32 /* Configuration.swift in Sources */,
				122891B72CDC678C003D4605 /* ProfileViewModel.swift in Sources */,
				12A3648D2BBD30F30064FCE2 /* HomeViewModel.swift in Sources */,
				1289A6AA2CC6335C00F950BD /* UIImage+Utilities.swift in Sources */,
				12A364792BBD11530064FCE2 /* AuthenticationDIContainer.swift in Sources */,
				842CD63C2BBC678500984066 /* SplashViewController.swift in Sources */,
				842CD6152BBC639A00984066 /* StartUpSceneDIContainer.swift in Sources */,
				842CD64C2BBC688A00984066 /* Color+Utilities.swift in Sources */,
				842CD5E82BBC5C5500984066 /* AppDelegate.swift in Sources */,
				842CD62B2BBC655600984066 /* OnboardingViewModel.swift in Sources */,
				842CD6542BBC692200984066 /* Strings.swift in Sources */,
				12AF2D4A2CD3256300674A77 /* AnimatedImage.swift in Sources */,
				842CD6222BBC64E200984066 /* ViewController.swift in Sources */,
				122891B32CDC659C003D4605 /* ProfileViewController.swift in Sources */,
				842CD64E2BBC689700984066 /* UIFont+Utilities.swift in Sources */,
				12A364912BBD31580064FCE2 /* HomeViewController.swift in Sources */,
				12AF2D602CD37C4B00674A77 /* ImageCollectionViewCell.swift in Sources */,
				842CD6072BBC614B00984066 /* swift5.stencil in Sources */,
				1234061A2CE3140200BA2087 /* Assets.swift in Sources */,
				128C7A6C2CD2391C009602B1 /* RemoteImage.swift in Sources */,
				842CD62F2BBC667300984066 /* GlobalSettings.swift in Sources */,
				842CD6052BBC613A00984066 /* swiftgen.yml in Sources */,
				842CD6242BBC64FE00984066 /* InactiveView.swift in Sources */,
				842CD6422BBC682A00984066 /* DefaultFont.swift in Sources */,
				12A364932BBD31990064FCE2 /* AuthorizedFlow.swift in Sources */,
				12DBAF472CD4B1A200921C8B /* UIView+Animated.swift in Sources */,
				842CD6382BBC675600984066 /* SplashViewModel.swift in Sources */,
				12A3649E2BBD36660064FCE2 /* RegisterViewController.swift in Sources */,
				12F7135B2CF05D02002844A1 /* Number+Utilities.swift in Sources */,
				842CD5EA2BBC5C5500984066 /* SceneDelegate.swift in Sources */,
				128C7A662CD23278009602B1 /* ThumbHashLoader.swift in Sources */,
				122891AE2CDC5EA0003D4605 /* UIStackView+Utilities.swift in Sources */,
				12A364842BBD120F0064FCE2 /* LoginViewModel.swift in Sources */,
				842CD6452BBC683E00984066 /* LightColorTheme.swift in Sources */,
				123D9B462CD9D668003BA96E /* Combine+Utilities.swift in Sources */,
				842CD6102BBC630E00984066 /* AppFlow.swift in Sources */,
				1292EDF22CDA0F1800A03385 /* LoginViewController.swift in Sources */,
				842CD63F2BBC681100984066 /* ThemeManager.swift in Sources */,
				122891A82CDC5DB9003D4605 /* BaseCardTabBar.swift in Sources */,
				122891AA2CDC5DD3003D4605 /* LightTabBar.swift in Sources */,
				842CD64A2BBC686C00984066 /* String+Utilities.swift in Sources */,
				1289A6AC2CC6379B00F950BD /* ListView+Utilities.swift in Sources */,
				128C7A642CD23246009602B1 /* ThumbHash.swift in Sources */,
				12A364952BBD32130064FCE2 /* AuthorizedSceneDIContainer.swift in Sources */,
				122891A62CDC5D95003D4605 /* TabBarController.swift in Sources */,
				128C7A6A2CD2355C009602B1 /* BlurHashLoader.swift in Sources */,
				12A364862BBD12980064FCE2 /* AuthenticationFlow.swift in Sources */,
				842CD6192BBC642C00984066 /* StartUpFlow.swift in Sources */,
				128C7A682CD2354A009602B1 /* BlurHash.swift in Sources */,
				12A3649A2BBD35820064FCE2 /* RegisterViewModel.swift in Sources */,
				12AF2D522CD32EDB00674A77 /* PlaceholderSource.swift in Sources */,
			);
			runOnlyForDeploymentPostprocessing = 0;
		};
/* End PBXSourcesBuildPhase section */

/* Begin PBXVariantGroup section */
		842CD5F22BBC5C5600984066 /* DefaultLaunch.storyboard */ = {
			isa = PBXVariantGroup;
			children = (
				842CD5F32BBC5C5600984066 /* Base */,
			);
			name = DefaultLaunch.storyboard;
			sourceTree = "<group>";
		};
		842CD6552BBC693900984066 /* Localizable.strings */ = {
			isa = PBXVariantGroup;
			children = (
				842CD6562BBC693900984066 /* en */,
				842CD6582BBC695900984066 /* vi */,
			);
			name = Localizable.strings;
			sourceTree = "<group>";
		};
/* End PBXVariantGroup section */

/* Begin XCBuildConfiguration section */
		842CD5F62BBC5C5600984066 /* Debug */ = {
			isa = XCBuildConfiguration;
			baseConfigurationReference = 842CD60A2BBC623F00984066 /* Config.xcconfig */;
			buildSettings = {
				ALWAYS_SEARCH_USER_PATHS = NO;
				ASSETCATALOG_COMPILER_GENERATE_SWIFT_ASSET_SYMBOL_EXTENSIONS = YES;
				CLANG_ANALYZER_LOCALIZABILITY_NONLOCALIZED = YES;
				CLANG_ANALYZER_NONNULL = YES;
				CLANG_ANALYZER_NUMBER_OBJECT_CONVERSION = YES_AGGRESSIVE;
				CLANG_CXX_LANGUAGE_STANDARD = "gnu++20";
				CLANG_ENABLE_MODULES = YES;
				CLANG_ENABLE_OBJC_ARC = YES;
				CLANG_ENABLE_OBJC_WEAK = YES;
				CLANG_WARN_BLOCK_CAPTURE_AUTORELEASING = YES;
				CLANG_WARN_BOOL_CONVERSION = YES;
				CLANG_WARN_COMMA = YES;
				CLANG_WARN_CONSTANT_CONVERSION = YES;
				CLANG_WARN_DEPRECATED_OBJC_IMPLEMENTATIONS = YES;
				CLANG_WARN_DIRECT_OBJC_ISA_USAGE = YES_ERROR;
				CLANG_WARN_DOCUMENTATION_COMMENTS = YES;
				CLANG_WARN_EMPTY_BODY = YES;
				CLANG_WARN_ENUM_CONVERSION = YES;
				CLANG_WARN_INFINITE_RECURSION = YES;
				CLANG_WARN_INT_CONVERSION = YES;
				CLANG_WARN_NON_LITERAL_NULL_CONVERSION = YES;
				CLANG_WARN_OBJC_IMPLICIT_RETAIN_SELF = YES;
				CLANG_WARN_OBJC_LITERAL_CONVERSION = YES;
				CLANG_WARN_OBJC_ROOT_CLASS = YES_ERROR;
				CLANG_WARN_QUOTED_INCLUDE_IN_FRAMEWORK_HEADER = YES;
				CLANG_WARN_RANGE_LOOP_ANALYSIS = YES;
				CLANG_WARN_STRICT_PROTOTYPES = YES;
				CLANG_WARN_SUSPICIOUS_MOVE = YES;
				CLANG_WARN_UNGUARDED_AVAILABILITY = YES_AGGRESSIVE;
				CLANG_WARN_UNREACHABLE_CODE = YES;
				CLANG_WARN__DUPLICATE_METHOD_MATCH = YES;
				COPY_PHASE_STRIP = NO;
				DEBUG_INFORMATION_FORMAT = dwarf;
				ENABLE_STRICT_OBJC_MSGSEND = YES;
				ENABLE_TESTABILITY = YES;
				ENABLE_USER_SCRIPT_SANDBOXING = YES;
				GCC_C_LANGUAGE_STANDARD = gnu17;
				GCC_DYNAMIC_NO_PIC = NO;
				GCC_NO_COMMON_BLOCKS = YES;
				GCC_OPTIMIZATION_LEVEL = 0;
				GCC_PREPROCESSOR_DEFINITIONS = (
					"DEBUG=1",
					"$(inherited)",
				);
				GCC_WARN_64_TO_32_BIT_CONVERSION = YES;
				GCC_WARN_ABOUT_RETURN_TYPE = YES_ERROR;
				GCC_WARN_UNDECLARED_SELECTOR = YES;
				GCC_WARN_UNINITIALIZED_AUTOS = YES_AGGRESSIVE;
				GCC_WARN_UNUSED_FUNCTION = YES;
				GCC_WARN_UNUSED_VARIABLE = YES;
				IPHONEOS_DEPLOYMENT_TARGET = 14.0;
				LOCALIZATION_PREFERS_STRING_CATALOGS = YES;
				MTL_ENABLE_DEBUG_INFO = INCLUDE_SOURCE;
				MTL_FAST_MATH = YES;
				ONLY_ACTIVE_ARCH = YES;
				SDKROOT = iphoneos;
				SWIFT_ACTIVE_COMPILATION_CONDITIONS = "DEBUG $(inherited)";
				SWIFT_OPTIMIZATION_LEVEL = "-Onone";
			};
			name = Debug;
		};
		842CD5F72BBC5C5600984066 /* Release */ = {
			isa = XCBuildConfiguration;
			baseConfigurationReference = 842CD60A2BBC623F00984066 /* Config.xcconfig */;
			buildSettings = {
				ALWAYS_SEARCH_USER_PATHS = NO;
				ASSETCATALOG_COMPILER_GENERATE_SWIFT_ASSET_SYMBOL_EXTENSIONS = YES;
				CLANG_ANALYZER_LOCALIZABILITY_NONLOCALIZED = YES;
				CLANG_ANALYZER_NONNULL = YES;
				CLANG_ANALYZER_NUMBER_OBJECT_CONVERSION = YES_AGGRESSIVE;
				CLANG_CXX_LANGUAGE_STANDARD = "gnu++20";
				CLANG_ENABLE_MODULES = YES;
				CLANG_ENABLE_OBJC_ARC = YES;
				CLANG_ENABLE_OBJC_WEAK = YES;
				CLANG_WARN_BLOCK_CAPTURE_AUTORELEASING = YES;
				CLANG_WARN_BOOL_CONVERSION = YES;
				CLANG_WARN_COMMA = YES;
				CLANG_WARN_CONSTANT_CONVERSION = YES;
				CLANG_WARN_DEPRECATED_OBJC_IMPLEMENTATIONS = YES;
				CLANG_WARN_DIRECT_OBJC_ISA_USAGE = YES_ERROR;
				CLANG_WARN_DOCUMENTATION_COMMENTS = YES;
				CLANG_WARN_EMPTY_BODY = YES;
				CLANG_WARN_ENUM_CONVERSION = YES;
				CLANG_WARN_INFINITE_RECURSION = YES;
				CLANG_WARN_INT_CONVERSION = YES;
				CLANG_WARN_NON_LITERAL_NULL_CONVERSION = YES;
				CLANG_WARN_OBJC_IMPLICIT_RETAIN_SELF = YES;
				CLANG_WARN_OBJC_LITERAL_CONVERSION = YES;
				CLANG_WARN_OBJC_ROOT_CLASS = YES_ERROR;
				CLANG_WARN_QUOTED_INCLUDE_IN_FRAMEWORK_HEADER = YES;
				CLANG_WARN_RANGE_LOOP_ANALYSIS = YES;
				CLANG_WARN_STRICT_PROTOTYPES = YES;
				CLANG_WARN_SUSPICIOUS_MOVE = YES;
				CLANG_WARN_UNGUARDED_AVAILABILITY = YES_AGGRESSIVE;
				CLANG_WARN_UNREACHABLE_CODE = YES;
				CLANG_WARN__DUPLICATE_METHOD_MATCH = YES;
				COPY_PHASE_STRIP = NO;
				DEBUG_INFORMATION_FORMAT = "dwarf-with-dsym";
				ENABLE_NS_ASSERTIONS = NO;
				ENABLE_STRICT_OBJC_MSGSEND = YES;
				ENABLE_USER_SCRIPT_SANDBOXING = YES;
				GCC_C_LANGUAGE_STANDARD = gnu17;
				GCC_NO_COMMON_BLOCKS = YES;
				GCC_WARN_64_TO_32_BIT_CONVERSION = YES;
				GCC_WARN_ABOUT_RETURN_TYPE = YES_ERROR;
				GCC_WARN_UNDECLARED_SELECTOR = YES;
				GCC_WARN_UNINITIALIZED_AUTOS = YES_AGGRESSIVE;
				GCC_WARN_UNUSED_FUNCTION = YES;
				GCC_WARN_UNUSED_VARIABLE = YES;
				IPHONEOS_DEPLOYMENT_TARGET = 14.0;
				LOCALIZATION_PREFERS_STRING_CATALOGS = YES;
				MTL_ENABLE_DEBUG_INFO = NO;
				MTL_FAST_MATH = YES;
				SDKROOT = iphoneos;
				SWIFT_COMPILATION_MODE = wholemodule;
				VALIDATE_PRODUCT = YES;
			};
			name = Release;
		};
		842CD5F92BBC5C5600984066 /* Debug */ = {
			isa = XCBuildConfiguration;
			baseConfigurationReference = D6D0AB6AF888D2FE033438E8 /* Pods-HelloWorld.debug.xcconfig */;
			buildSettings = {
				ASSETCATALOG_COMPILER_APPICON_NAME = AppIcon;
				ASSETCATALOG_COMPILER_GLOBAL_ACCENT_COLOR_NAME = AccentColor;
				CODE_SIGN_STYLE = Manual;
				CURRENT_PROJECT_VERSION = "$(VERSION_CODE)";
				"DEVELOPMENT_TEAM[sdk=iphoneos*]" = "$(APPLE_DEVELOPMENT_TEAM)";
				ENABLE_USER_SCRIPT_SANDBOXING = NO;
				EXCLUDED_SOURCE_FILE_NAMES = "*.xcassets";
				GENERATE_INFOPLIST_FILE = YES;
				INCLUDED_SOURCE_FILE_NAMES = GeneratedAssets.xcassets;
				INFOPLIST_FILE = HelloWorld/Info.plist;
				INFOPLIST_KEY_CFBundleDisplayName = "HelloWorld-Dev";
				INFOPLIST_KEY_UIApplicationSupportsIndirectInputEvents = YES;
				INFOPLIST_KEY_UILaunchStoryboardName = DefaultLaunch.storyboard;
				INFOPLIST_KEY_UISupportedInterfaceOrientations = "UIInterfaceOrientationLandscapeLeft UIInterfaceOrientationLandscapeRight UIInterfaceOrientationPortrait";
				IPHONEOS_DEPLOYMENT_TARGET = 14.0;
				LD_RUNPATH_SEARCH_PATHS = (
					"$(inherited)",
					"@executable_path/Frameworks",
				);
				MARKETING_VERSION = "$(VERSION_NAME)";
				OTHER_LDFLAGS = (
					"$(inherited)",
					"-l\"c++\"",
					"-l\"z\"",
					"-framework",
					"\"Alamofire\"",
					"-framework",
					"\"CFNetwork\"",
					"-framework",
					"\"Combine\"",
					"-framework",
					"\"CoreFoundation\"",
					"-framework",
					"\"Foundation\"",
					"-framework",
					"\"IQKeyboardCore\"",
					"-framework",
					"\"IQKeyboardManagerSwift\"",
					"-framework",
					"\"IQKeyboardNotification\"",
					"-framework",
					"\"IQTextInputViewNotification\"",
					"-framework",
					"\"ImageIO\"",
					"-framework",
					"\"MMKV\"",
					"-framework",
					"\"MMKVCore\"",
					"-framework",
					"\"SDWebImage\"",
					"-framework",
					"\"UIKit\"",
				);
				PRODUCT_BUNDLE_IDENTIFIER = "$(BUNDLE_IDENTIFIER)";
				PRODUCT_NAME = "$(TARGET_NAME)";
				PROVISIONING_PROFILE_SPECIFIER = "$(DEBUG_PROVISIONING_PROFILE)";
				SUPPORTED_PLATFORMS = "iphoneos iphonesimulator";
				SUPPORTS_MACCATALYST = NO;
				SUPPORTS_MAC_DESIGNED_FOR_IPHONE_IPAD = NO;
				SUPPORTS_XR_DESIGNED_FOR_IPHONE_IPAD = NO;
				SWIFT_EMIT_LOC_STRINGS = YES;
				SWIFT_VERSION = 5.0;
				TARGETED_DEVICE_FAMILY = 1;
			};
			name = Debug;
		};
		842CD5FA2BBC5C5600984066 /* Release */ = {
			isa = XCBuildConfiguration;
			baseConfigurationReference = B31D31C4ADBFD30603327DC1 /* Pods-HelloWorld.release.xcconfig */;
			buildSettings = {
				ASSETCATALOG_COMPILER_APPICON_NAME = AppIcon;
				ASSETCATALOG_COMPILER_GLOBAL_ACCENT_COLOR_NAME = AccentColor;
				CODE_SIGN_STYLE = Manual;
				CURRENT_PROJECT_VERSION = "$(VERSION_CODE)";
				"DEVELOPMENT_TEAM[sdk=iphoneos*]" = "$(APPLE_DEVELOPMENT_TEAM)";
				ENABLE_USER_SCRIPT_SANDBOXING = NO;
				EXCLUDED_SOURCE_FILE_NAMES = "*.xcassets";
				GENERATE_INFOPLIST_FILE = YES;
				INCLUDED_SOURCE_FILE_NAMES = GeneratedAssets.xcassets;
				INFOPLIST_FILE = HelloWorld/Info.plist;
				INFOPLIST_KEY_CFBundleDisplayName = "HelloWorld-Dev";
				INFOPLIST_KEY_UIApplicationSupportsIndirectInputEvents = YES;
				INFOPLIST_KEY_UILaunchStoryboardName = DefaultLaunch.storyboard;
				INFOPLIST_KEY_UISupportedInterfaceOrientations = "UIInterfaceOrientationLandscapeLeft UIInterfaceOrientationLandscapeRight UIInterfaceOrientationPortrait";
				IPHONEOS_DEPLOYMENT_TARGET = 14.0;
				LD_RUNPATH_SEARCH_PATHS = (
					"$(inherited)",
					"@executable_path/Frameworks",
				);
				MARKETING_VERSION = "$(VERSION_NAME)";
				OTHER_LDFLAGS = (
					"$(inherited)",
					"-l\"c++\"",
					"-l\"z\"",
					"-framework",
					"\"Alamofire\"",
					"-framework",
					"\"CFNetwork\"",
					"-framework",
					"\"Combine\"",
					"-framework",
					"\"CoreFoundation\"",
					"-framework",
					"\"Foundation\"",
					"-framework",
					"\"IQKeyboardCore\"",
					"-framework",
					"\"IQKeyboardManagerSwift\"",
					"-framework",
					"\"IQKeyboardNotification\"",
					"-framework",
					"\"IQTextInputViewNotification\"",
					"-framework",
					"\"ImageIO\"",
					"-framework",
					"\"MMKV\"",
					"-framework",
					"\"MMKVCore\"",
					"-framework",
					"\"SDWebImage\"",
					"-framework",
					"\"UIKit\"",
				);
				PRODUCT_BUNDLE_IDENTIFIER = "$(BUNDLE_IDENTIFIER)";
				PRODUCT_NAME = "$(TARGET_NAME)";
				PROVISIONING_PROFILE_SPECIFIER = "$(RELEASE_PROVISIONING_PROFILE)";
				SUPPORTED_PLATFORMS = "iphoneos iphonesimulator";
				SUPPORTS_MACCATALYST = NO;
				SUPPORTS_MAC_DESIGNED_FOR_IPHONE_IPAD = NO;
				SUPPORTS_XR_DESIGNED_FOR_IPHONE_IPAD = NO;
				SWIFT_EMIT_LOC_STRINGS = YES;
				SWIFT_VERSION = 5.0;
				TARGETED_DEVICE_FAMILY = 1;
			};
			name = Release;
		};
/* End XCBuildConfiguration section */

/* Begin XCConfigurationList section */
		842CD5DF2BBC5C5500984066 /* Build configuration list for PBXProject "HelloWorld" */ = {
			isa = XCConfigurationList;
			buildConfigurations = (
				842CD5F62BBC5C5600984066 /* Debug */,
				842CD5F72BBC5C5600984066 /* Release */,
			);
			defaultConfigurationIsVisible = 0;
			defaultConfigurationName = Release;
		};
		842CD5F82BBC5C5600984066 /* Build configuration list for PBXNativeTarget "HelloWorld" */ = {
			isa = XCConfigurationList;
			buildConfigurations = (
				842CD5F92BBC5C5600984066 /* Debug */,
				842CD5FA2BBC5C5600984066 /* Release */,
			);
			defaultConfigurationIsVisible = 0;
			defaultConfigurationName = Release;
		};
/* End XCConfigurationList section */
	};
	rootObject = 842CD5DC2BBC5C5500984066 /* Project object */;
}
