// !$*UTF8*$!
{
	archiveVersion = 1;
	classes = {
	};
	objectVersion = 56;
	objects = {

/* Begin PBXBuildFile section */
		127C89922CD0781600DAD87C /* Data.framework in Frameworks */ = {isa = PBXBuildFile; fileRef = 127C89892CD0781600DAD87C /* Data.framework */; };
		127C89972CD0781600DAD87C /* DataTests.swift in Sources */ = {isa = PBXBuildFile; fileRef = 127C89962CD0781600DAD87C /* DataTests.swift */; };
		127C89982CD0781600DAD87C /* Data.h in Headers */ = {isa = PBXBuildFile; fileRef = 127C898C2CD0781600DAD87C /* Data.h */; settings = {ATTRIBUTES = (Public, ); }; };
		127C89A62CD0784B00DAD87C /* UsersResponseDTO+Mapping.swift in Sources */ = {isa = PBXBuildFile; fileRef = 127C89A52CD0784B00DAD87C /* UsersResponseDTO+Mapping.swift */; };
		127C89A92CD0785900DAD87C /* UserRepositoriesImpl.swift in Sources */ = {isa = PBXBuildFile; fileRef = 127C89A82CD0785900DAD87C /* UserRepositoriesImpl.swift */; };
		127C89AB2CD0787C00DAD87C /* NetworkingService.swift in Sources */ = {isa = PBXBuildFile; fileRef = 127C89AA2CD0787C00DAD87C /* NetworkingService.swift */; };
		127C89AD2CD078CD00DAD87C /* ApiEndpoint.swift in Sources */ = {isa = PBXBuildFile; fileRef = 127C89AC2CD078CD00DAD87C /* ApiEndpoint.swift */; };
		12F84B8D2CD07AA900146913 /* Domain.framework in Frameworks */ = {isa = PBXBuildFile; fileRef = 127C89C82CD07A7C00DAD87C /* Domain.framework */; };
		12F84B8E2CD07AA900146913 /* Domain.framework in Embed Frameworks */ = {isa = PBXBuildFile; fileRef = 127C89C82CD07A7C00DAD87C /* Domain.framework */; settings = {ATTRIBUTES = (CodeSignOnCopy, RemoveHeadersOnCopy, ); }; };
/* End PBXBuildFile section */

/* Begin PBXContainerItemProxy section */
		127C89932CD0781600DAD87C /* PBXContainerItemProxy */ = {
			isa = PBXContainerItemProxy;
			containerPortal = 127C89802CD0781600DAD87C /* Project object */;
			proxyType = 1;
			remoteGlobalIDString = 127C89882CD0781600DAD87C;
			remoteInfo = Data;
		};
		127C89C72CD07A7C00DAD87C /* PBXContainerItemProxy */ = {
			isa = PBXContainerItemProxy;
			containerPortal = 127C89C22CD07A7C00DAD87C /* Domain.xcodeproj */;
			proxyType = 2;
			remoteGlobalIDString = 127C89332CD075C100DAD87C;
			remoteInfo = Domain;
		};
		127C89C92CD07A7C00DAD87C /* PBXContainerItemProxy */ = {
			isa = PBXContainerItemProxy;
			containerPortal = 127C89C22CD07A7C00DAD87C /* Domain.xcodeproj */;
			proxyType = 2;
			remoteGlobalIDString = 127C893B2CD075C100DAD87C;
			remoteInfo = DomainTests;
		};
/* End PBXContainerItemProxy section */

/* Begin PBXCopyFilesBuildPhase section */
		12F84B8F2CD07AA900146913 /* Embed Frameworks */ = {
			isa = PBXCopyFilesBuildPhase;
			buildActionMask = 2147483647;
			dstPath = "";
			dstSubfolderSpec = 10;
			files = (
				12F84B8E2CD07AA900146913 /* Domain.framework in Embed Frameworks */,
			);
			name = "Embed Frameworks";
			runOnlyForDeploymentPostprocessing = 0;
		};
/* End PBXCopyFilesBuildPhase section */

/* Begin PBXFileReference section */
		127C89892CD0781600DAD87C /* Data.framework */ = {isa = PBXFileReference; explicitFileType = wrapper.framework; includeInIndex = 0; path = Data.framework; sourceTree = BUILT_PRODUCTS_DIR; };
		127C898C2CD0781600DAD87C /* Data.h */ = {isa = PBXFileReference; lastKnownFileType = sourcecode.c.h; path = Data.h; sourceTree = "<group>"; };
		127C89912CD0781600DAD87C /* DataTests.xctest */ = {isa = PBXFileReference; explicitFileType = wrapper.cfbundle; includeInIndex = 0; path = DataTests.xctest; sourceTree = BUILT_PRODUCTS_DIR; };
		127C89962CD0781600DAD87C /* DataTests.swift */ = {isa = PBXFileReference; lastKnownFileType = sourcecode.swift; path = DataTests.swift; sourceTree = "<group>"; };
		127C89A52CD0784B00DAD87C /* UsersResponseDTO+Mapping.swift */ = {isa = PBXFileReference; lastKnownFileType = sourcecode.swift; path = "UsersResponseDTO+Mapping.swift"; sourceTree = "<group>"; };
		127C89A82CD0785900DAD87C /* UserRepositoriesImpl.swift */ = {isa = PBXFileReference; lastKnownFileType = sourcecode.swift; path = UserRepositoriesImpl.swift; sourceTree = "<group>"; };
		127C89AA2CD0787C00DAD87C /* NetworkingService.swift */ = {isa = PBXFileReference; lastKnownFileType = sourcecode.swift; path = NetworkingService.swift; sourceTree = "<group>"; };
		127C89AC2CD078CD00DAD87C /* ApiEndpoint.swift */ = {isa = PBXFileReference; lastKnownFileType = sourcecode.swift; path = ApiEndpoint.swift; sourceTree = "<group>"; };
		127C89C22CD07A7C00DAD87C /* Domain.xcodeproj */ = {isa = PBXFileReference; lastKnownFileType = "wrapper.pb-project"; name = Domain.xcodeproj; path = ../Domain/Domain.xcodeproj; sourceTree = "<group>"; };
/* End PBXFileReference section */

/* Begin PBXFrameworksBuildPhase section */
		127C89862CD0781600DAD87C /* Frameworks */ = {
			isa = PBXFrameworksBuildPhase;
			buildActionMask = 2147483647;
			files = (
				12F84B8D2CD07AA900146913 /* Domain.framework in Frameworks */,
			);
			runOnlyForDeploymentPostprocessing = 0;
		};
		127C898E2CD0781600DAD87C /* Frameworks */ = {
			isa = PBXFrameworksBuildPhase;
			buildActionMask = 2147483647;
			files = (
				127C89922CD0781600DAD87C /* Data.framework in Frameworks */,
			);
			runOnlyForDeploymentPostprocessing = 0;
		};
/* End PBXFrameworksBuildPhase section */

/* Begin PBXGroup section */
		127C897F2CD0781600DAD87C = {
			isa = PBXGroup;
			children = (
				127C898B2CD0781600DAD87C /* Data */,
				127C89952CD0781600DAD87C /* DataTests */,
				127C898A2CD0781600DAD87C /* Products */,
				127C89AE2CD0799200DAD87C /* Frameworks */,
			);
			sourceTree = "<group>";
		};
		127C898A2CD0781600DAD87C /* Products */ = {
			isa = PBXGroup;
			children = (
				127C89892CD0781600DAD87C /* Data.framework */,
				127C89912CD0781600DAD87C /* DataTests.xctest */,
			);
			name = Products;
			sourceTree = "<group>";
		};
		127C898B2CD0781600DAD87C /* Data */ = {
			isa = PBXGroup;
			children = (
				127C89A72CD0785200DAD87C /* Repositories */,
				127C89A32CD0784000DAD87C /* Networking */,
				127C89A12CD0783200DAD87C /* Interfaces */,
				127C898C2CD0781600DAD87C /* Data.h */,
			);
			path = Data;
			sourceTree = "<group>";
		};
		127C89952CD0781600DAD87C /* DataTests */ = {
			isa = PBXGroup;
			children = (
				127C89962CD0781600DAD87C /* DataTests.swift */,
			);
			path = DataTests;
			sourceTree = "<group>";
		};
		127C89A12CD0783200DAD87C /* Interfaces */ = {
			isa = PBXGroup;
			children = (
				127C89A22CD0783700DAD87C /* NetworkingService */,
			);
			path = Interfaces;
			sourceTree = "<group>";
		};
		127C89A22CD0783700DAD87C /* NetworkingService */ = {
			isa = PBXGroup;
			children = (
				127C89AA2CD0787C00DAD87C /* NetworkingService.swift */,
				127C89AC2CD078CD00DAD87C /* ApiEndpoint.swift */,
			);
			path = NetworkingService;
			sourceTree = "<group>";
		};
		127C89A32CD0784000DAD87C /* Networking */ = {
			isa = PBXGroup;
			children = (
				127C89A42CD0784600DAD87C /* DataMapping */,
			);
			path = Networking;
			sourceTree = "<group>";
		};
		127C89A42CD0784600DAD87C /* DataMapping */ = {
			isa = PBXGroup;
			children = (
				127C89A52CD0784B00DAD87C /* UsersResponseDTO+Mapping.swift */,
			);
			path = DataMapping;
			sourceTree = "<group>";
		};
		127C89A72CD0785200DAD87C /* Repositories */ = {
			isa = PBXGroup;
			children = (
				127C89A82CD0785900DAD87C /* UserRepositoriesImpl.swift */,
			);
			path = Repositories;
			sourceTree = "<group>";
		};
		127C89AE2CD0799200DAD87C /* Frameworks */ = {
			isa = PBXGroup;
			children = (
				127C89C22CD07A7C00DAD87C /* Domain.xcodeproj */,
			);
			name = Frameworks;
			sourceTree = "<group>";
		};
		127C89C32CD07A7C00DAD87C /* Products */ = {
			isa = PBXGroup;
			children = (
				127C89C82CD07A7C00DAD87C /* Domain.framework */,
				127C89CA2CD07A7C00DAD87C /* DomainTests.xctest */,
			);
			name = Products;
			sourceTree = "<group>";
		};
/* End PBXGroup section */

/* Begin PBXHeadersBuildPhase section */
		127C89842CD0781600DAD87C /* Headers */ = {
			isa = PBXHeadersBuildPhase;
			buildActionMask = 2147483647;
			files = (
				127C89982CD0781600DAD87C /* Data.h in Headers */,
			);
			runOnlyForDeploymentPostprocessing = 0;
		};
/* End PBXHeadersBuildPhase section */

/* Begin PBXNativeTarget section */
		127C89882CD0781600DAD87C /* Data */ = {
			isa = PBXNativeTarget;
			buildConfigurationList = 127C899B2CD0781600DAD87C /* Build configuration list for PBXNativeTarget "Data" */;
			buildPhases = (
				127C89842CD0781600DAD87C /* Headers */,
				127C89852CD0781600DAD87C /* Sources */,
				127C89862CD0781600DAD87C /* Frameworks */,
				127C89872CD0781600DAD87C /* Resources */,
				12F84B8F2CD07AA900146913 /* Embed Frameworks */,
			);
			buildRules = (
			);
			dependencies = (
			);
			name = Data;
			productName = Data;
			productReference = 127C89892CD0781600DAD87C /* Data.framework */;
			productType = "com.apple.product-type.framework";
		};
		127C89902CD0781600DAD87C /* DataTests */ = {
			isa = PBXNativeTarget;
			buildConfigurationList = 127C899E2CD0781600DAD87C /* Build configuration list for PBXNativeTarget "DataTests" */;
			buildPhases = (
				127C898D2CD0781600DAD87C /* Sources */,
				127C898E2CD0781600DAD87C /* Frameworks */,
				127C898F2CD0781600DAD87C /* Resources */,
			);
			buildRules = (
			);
			dependencies = (
				127C89942CD0781600DAD87C /* PBXTargetDependency */,
			);
			name = DataTests;
			productName = DataTests;
			productReference = 127C89912CD0781600DAD87C /* DataTests.xctest */;
			productType = "com.apple.product-type.bundle.unit-test";
		};
/* End PBXNativeTarget section */

/* Begin PBXProject section */
		127C89802CD0781600DAD87C /* Project object */ = {
			isa = PBXProject;
			attributes = {
				BuildIndependentTargetsInParallel = 1;
				LastSwiftUpdateCheck = 1540;
				LastUpgradeCheck = 1540;
				TargetAttributes = {
					127C89882CD0781600DAD87C = {
						CreatedOnToolsVersion = 15.4;
						LastSwiftMigration = 1540;
					};
					127C89902CD0781600DAD87C = {
						CreatedOnToolsVersion = 15.4;
					};
				};
			};
			buildConfigurationList = 127C89832CD0781600DAD87C /* Build configuration list for PBXProject "Data" */;
			compatibilityVersion = "Xcode 14.0";
			developmentRegion = en;
			hasScannedForEncodings = 0;
			knownRegions = (
				en,
				Base,
			);
			mainGroup = 127C897F2CD0781600DAD87C;
			productRefGroup = 127C898A2CD0781600DAD87C /* Products */;
			projectDirPath = "";
			projectReferences = (
				{
					ProductGroup = 127C89C32CD07A7C00DAD87C /* Products */;
					ProjectRef = 127C89C22CD07A7C00DAD87C /* Domain.xcodeproj */;
				},
			);
			projectRoot = "";
			targets = (
				127C89882CD0781600DAD87C /* Data */,
				127C89902CD0781600DAD87C /* DataTests */,
			);
		};
/* End PBXProject section */

/* Begin PBXReferenceProxy section */
		127C89C82CD07A7C00DAD87C /* Domain.framework */ = {
			isa = PBXReferenceProxy;
			fileType = wrapper.framework;
			path = Domain.framework;
			remoteRef = 127C89C72CD07A7C00DAD87C /* PBXContainerItemProxy */;
			sourceTree = BUILT_PRODUCTS_DIR;
		};
		127C89CA2CD07A7C00DAD87C /* DomainTests.xctest */ = {
			isa = PBXReferenceProxy;
			fileType = wrapper.cfbundle;
			path = DomainTests.xctest;
			remoteRef = 127C89C92CD07A7C00DAD87C /* PBXContainerItemProxy */;
			sourceTree = BUILT_PRODUCTS_DIR;
		};
/* End PBXReferenceProxy section */

/* Begin PBXResourcesBuildPhase section */
		127C89872CD0781600DAD87C /* Resources */ = {
			isa = PBXResourcesBuildPhase;
			buildActionMask = 2147483647;
			files = (
			);
			runOnlyForDeploymentPostprocessing = 0;
		};
		127C898F2CD0781600DAD87C /* Resources */ = {
			isa = PBXResourcesBuildPhase;
			buildActionMask = 2147483647;
			files = (
			);
			runOnlyForDeploymentPostprocessing = 0;
		};
/* End PBXResourcesBuildPhase section */

/* Begin PBXSourcesBuildPhase section */
		127C89852CD0781600DAD87C /* Sources */ = {
			isa = PBXSourcesBuildPhase;
			buildActionMask = 2147483647;
			files = (
				127C89AD2CD078CD00DAD87C /* ApiEndpoint.swift in Sources */,
				127C89AB2CD0787C00DAD87C /* NetworkingService.swift in Sources */,
				127C89A92CD0785900DAD87C /* UserRepositoriesImpl.swift in Sources */,
				127C89A62CD0784B00DAD87C /* UsersResponseDTO+Mapping.swift in Sources */,
			);
			runOnlyForDeploymentPostprocessing = 0;
		};
		127C898D2CD0781600DAD87C /* Sources */ = {
			isa = PBXSourcesBuildPhase;
			buildActionMask = 2147483647;
			files = (
				127C89972CD0781600DAD87C /* DataTests.swift in Sources */,
			);
			runOnlyForDeploymentPostprocessing = 0;
		};
/* End PBXSourcesBuildPhase section */

/* Begin PBXTargetDependency section */
		127C89942CD0781600DAD87C /* PBXTargetDependency */ = {
			isa = PBXTargetDependency;
			target = 127C89882CD0781600DAD87C /* Data */;
			targetProxy = 127C89932CD0781600DAD87C /* PBXContainerItemProxy */;
		};
/* End PBXTargetDependency section */

/* Begin XCBuildConfiguration section */
		127C89992CD0781600DAD87C /* Debug */ = {
			isa = XCBuildConfiguration;
			buildSettings = {
				ALWAYS_SEARCH_USER_PATHS = NO;
				ASSETCATALOG_COMPILER_GENERATE_SWIFT_ASSET_SYMBOL_EXTENSIONS = YES;
				CLANG_ANALYZER_NONNULL = YES;
				CLANG_ANALYZER_NUMBER_OBJECT_CONVERSION = YES_AGGRESSIVE;
				CLANG_CXX_LANGUAGE_STANDARD = "gnu++20";
				CLANG_ENABLE_MODULES = YES;
				CLANG_ENABLE_OBJC_ARC = YES;
				CLANG_ENABLE_OBJC_WEAK = YES;
				CLANG_WARN_BLOCK_CAPTURE_AUTORELEASING = YES;
				CLANG_WARN_BOOL_CONVERSION = YES;
				CLANG_WARN_COMMA = YES;
				CLANG_WARN_CONSTANT_CONVERSION = YES;
				CLANG_WARN_DEPRECATED_OBJC_IMPLEMENTATIONS = YES;
				CLANG_WARN_DIRECT_OBJC_ISA_USAGE = YES_ERROR;
				CLANG_WARN_DOCUMENTATION_COMMENTS = YES;
				CLANG_WARN_EMPTY_BODY = YES;
				CLANG_WARN_ENUM_CONVERSION = YES;
				CLANG_WARN_INFINITE_RECURSION = YES;
				CLANG_WARN_INT_CONVERSION = YES;
				CLANG_WARN_NON_LITERAL_NULL_CONVERSION = YES;
				CLANG_WARN_OBJC_IMPLICIT_RETAIN_SELF = YES;
				CLANG_WARN_OBJC_LITERAL_CONVERSION = YES;
				CLANG_WARN_OBJC_ROOT_CLASS = YES_ERROR;
				CLANG_WARN_QUOTED_INCLUDE_IN_FRAMEWORK_HEADER = YES;
				CLANG_WARN_RANGE_LOOP_ANALYSIS = YES;
				CLANG_WARN_STRICT_PROTOTYPES = YES;
				CLANG_WARN_SUSPICIOUS_MOVE = YES;
				CLANG_WARN_UNGUARDED_AVAILABILITY = YES_AGGRESSIVE;
				CLANG_WARN_UNREACHABLE_CODE = YES;
				CLANG_WARN__DUPLICATE_METHOD_MATCH = YES;
				COPY_PHASE_STRIP = NO;
				CURRENT_PROJECT_VERSION = 1;
				DEBUG_INFORMATION_FORMAT = dwarf;
				ENABLE_STRICT_OBJC_MSGSEND = YES;
				ENABLE_TESTABILITY = YES;
				ENABLE_USER_SCRIPT_SANDBOXING = YES;
				GCC_C_LANGUAGE_STANDARD = gnu17;
				GCC_DYNAMIC_NO_PIC = NO;
				GCC_NO_COMMON_BLOCKS = YES;
				GCC_OPTIMIZATION_LEVEL = 0;
				GCC_PREPROCESSOR_DEFINITIONS = (
					"DEBUG=1",
					"$(inherited)",
				);
				GCC_WARN_64_TO_32_BIT_CONVERSION = YES;
				GCC_WARN_ABOUT_RETURN_TYPE = YES_ERROR;
				GCC_WARN_UNDECLARED_SELECTOR = YES;
				GCC_WARN_UNINITIALIZED_AUTOS = YES_AGGRESSIVE;
				GCC_WARN_UNUSED_FUNCTION = YES;
				GCC_WARN_UNUSED_VARIABLE = YES;
				IPHONEOS_DEPLOYMENT_TARGET = 14.0;
				LOCALIZATION_PREFERS_STRING_CATALOGS = YES;
				MTL_ENABLE_DEBUG_INFO = INCLUDE_SOURCE;
				MTL_FAST_MATH = YES;
				ONLY_ACTIVE_ARCH = YES;
				SWIFT_ACTIVE_COMPILATION_CONDITIONS = "DEBUG $(inherited)";
				SWIFT_OPTIMIZATION_LEVEL = "-Onone";
				VERSIONING_SYSTEM = "apple-generic";
				VERSION_INFO_PREFIX = "";
			};
			name = Debug;
		};
		127C899A2CD0781600DAD87C /* Release */ = {
			isa = XCBuildConfiguration;
			buildSettings = {
				ALWAYS_SEARCH_USER_PATHS = NO;
				ASSETCATALOG_COMPILER_GENERATE_SWIFT_ASSET_SYMBOL_EXTENSIONS = YES;
				CLANG_ANALYZER_NONNULL = YES;
				CLANG_ANALYZER_NUMBER_OBJECT_CONVERSION = YES_AGGRESSIVE;
				CLANG_CXX_LANGUAGE_STANDARD = "gnu++20";
				CLANG_ENABLE_MODULES = YES;
				CLANG_ENABLE_OBJC_ARC = YES;
				CLANG_ENABLE_OBJC_WEAK = YES;
				CLANG_WARN_BLOCK_CAPTURE_AUTORELEASING = YES;
				CLANG_WARN_BOOL_CONVERSION = YES;
				CLANG_WARN_COMMA = YES;
				CLANG_WARN_CONSTANT_CONVERSION = YES;
				CLANG_WARN_DEPRECATED_OBJC_IMPLEMENTATIONS = YES;
				CLANG_WARN_DIRECT_OBJC_ISA_USAGE = YES_ERROR;
				CLANG_WARN_DOCUMENTATION_COMMENTS = YES;
				CLANG_WARN_EMPTY_BODY = YES;
				CLANG_WARN_ENUM_CONVERSION = YES;
				CLANG_WARN_INFINITE_RECURSION = YES;
				CLANG_WARN_INT_CONVERSION = YES;
				CLANG_WARN_NON_LITERAL_NULL_CONVERSION = YES;
				CLANG_WARN_OBJC_IMPLICIT_RETAIN_SELF = YES;
				CLANG_WARN_OBJC_LITERAL_CONVERSION = YES;
				CLANG_WARN_OBJC_ROOT_CLASS = YES_ERROR;
				CLANG_WARN_QUOTED_INCLUDE_IN_FRAMEWORK_HEADER = YES;
				CLANG_WARN_RANGE_LOOP_ANALYSIS = YES;
				CLANG_WARN_STRICT_PROTOTYPES = YES;
				CLANG_WARN_SUSPICIOUS_MOVE = YES;
				CLANG_WARN_UNGUARDED_AVAILABILITY = YES_AGGRESSIVE;
				CLANG_WARN_UNREACHABLE_CODE = YES;
				CLANG_WARN__DUPLICATE_METHOD_MATCH = YES;
				COPY_PHASE_STRIP = NO;
				CURRENT_PROJECT_VERSION = 1;
				DEBUG_INFORMATION_FORMAT = "dwarf-with-dsym";
				ENABLE_NS_ASSERTIONS = NO;
				ENABLE_STRICT_OBJC_MSGSEND = YES;
				ENABLE_USER_SCRIPT_SANDBOXING = YES;
				GCC_C_LANGUAGE_STANDARD = gnu17;
				GCC_NO_COMMON_BLOCKS = YES;
				GCC_WARN_64_TO_32_BIT_CONVERSION = YES;
				GCC_WARN_ABOUT_RETURN_TYPE = YES_ERROR;
				GCC_WARN_UNDECLARED_SELECTOR = YES;
				GCC_WARN_UNINITIALIZED_AUTOS = YES_AGGRESSIVE;
				GCC_WARN_UNUSED_FUNCTION = YES;
				GCC_WARN_UNUSED_VARIABLE = YES;
				IPHONEOS_DEPLOYMENT_TARGET = 14.0;
				LOCALIZATION_PREFERS_STRING_CATALOGS = YES;
				MTL_ENABLE_DEBUG_INFO = NO;
				MTL_FAST_MATH = YES;
				SWIFT_COMPILATION_MODE = wholemodule;
				VERSIONING_SYSTEM = "apple-generic";
				VERSION_INFO_PREFIX = "";
			};
			name = Release;
		};
		127C899C2CD0781600DAD87C /* Debug */ = {
			isa = XCBuildConfiguration;
			buildSettings = {
				ALLOW_TARGET_PLATFORM_SPECIALIZATION = YES;
				BUILD_LIBRARY_FOR_DISTRIBUTION = YES;
				CLANG_ENABLE_MODULES = YES;
				CODE_SIGN_STYLE = Automatic;
				CURRENT_PROJECT_VERSION = 1;
				DEFINES_MODULE = YES;
				DYLIB_COMPATIBILITY_VERSION = 1;
				DYLIB_CURRENT_VERSION = 1;
				DYLIB_INSTALL_NAME_BASE = "@rpath";
				ENABLE_MODULE_VERIFIER = YES;
				ENABLE_USER_SCRIPT_SANDBOXING = NO;
				GENERATE_INFOPLIST_FILE = YES;
				INFOPLIST_KEY_NSHumanReadableCopyright = "";
				INSTALL_PATH = "$(LOCAL_LIBRARY_DIR)/Frameworks";
				IPHONEOS_DEPLOYMENT_TARGET = 14.0;
				LD_RUNPATH_SEARCH_PATHS = (
					"@executable_path/Frameworks",
					"@loader_path/Frameworks",
				);
				"LD_RUNPATH_SEARCH_PATHS[sdk=macosx*]" = (
					"@executable_path/../Frameworks",
					"@loader_path/Frameworks",
				);
				MACH_O_TYPE = staticlib;
				MACOSX_DEPLOYMENT_TARGET = 14.5;
				MARKETING_VERSION = 1.0;
				MODULE_VERIFIER_SUPPORTED_LANGUAGES = "objective-c objective-c++";
				MODULE_VERIFIER_SUPPORTED_LANGUAGE_STANDARDS = "gnu17 gnu++20";
				ONLY_ACTIVE_ARCH = NO;
				OTHER_SWIFT_FLAGS = "-no-verify-emitted-module-interface";
				PRODUCT_BUNDLE_IDENTIFIER = com.Data;
				PRODUCT_NAME = "$(TARGET_NAME:c99extidentifier)";
				SDKROOT = auto;
				SKIP_INSTALL = YES;
				SUPPORTED_PLATFORMS = "iphoneos iphonesimulator";
				SUPPORTS_MACCATALYST = NO;
				SWIFT_EMIT_LOC_STRINGS = YES;
				SWIFT_INSTALL_OBJC_HEADER = NO;
				SWIFT_OPTIMIZATION_LEVEL = "-Onone";
				SWIFT_VERSION = 5.0;
				TARGETED_DEVICE_FAMILY = "1,2";
			};
			name = Debug;
		};
		127C899D2CD0781600DAD87C /* Release */ = {
			isa = XCBuildConfiguration;
			buildSettings = {
				ALLOW_TARGET_PLATFORM_SPECIALIZATION = YES;
				BUILD_LIBRARY_FOR_DISTRIBUTION = YES;
				CLANG_ENABLE_MODULES = YES;
				CODE_SIGN_STYLE = Automatic;
				CURRENT_PROJECT_VERSION = 1;
				DEFINES_MODULE = YES;
				DYLIB_COMPATIBILITY_VERSION = 1;
				DYLIB_CURRENT_VERSION = 1;
				DYLIB_INSTALL_NAME_BASE = "@rpath";
				ENABLE_MODULE_VERIFIER = YES;
				ENABLE_USER_SCRIPT_SANDBOXING = NO;
				GENERATE_INFOPLIST_FILE = YES;
				INFOPLIST_KEY_NSHumanReadableCopyright = "";
				INSTALL_PATH = "$(LOCAL_LIBRARY_DIR)/Frameworks";
				IPHONEOS_DEPLOYMENT_TARGET = 14.0;
				LD_RUNPATH_SEARCH_PATHS = (
					"@executable_path/Frameworks",
					"@loader_path/Frameworks",
				);
				"LD_RUNPATH_SEARCH_PATHS[sdk=macosx*]" = (
					"@executable_path/../Frameworks",
					"@loader_path/Frameworks",
				);
				MACH_O_TYPE = staticlib;
				MACOSX_DEPLOYMENT_TARGET = 14.5;
				MARKETING_VERSION = 1.0;
				MODULE_VERIFIER_SUPPORTED_LANGUAGES = "objective-c objective-c++";
				MODULE_VERIFIER_SUPPORTED_LANGUAGE_STANDARDS = "gnu17 gnu++20";
				OTHER_SWIFT_FLAGS = "-no-verify-emitted-module-interface";
				PRODUCT_BUNDLE_IDENTIFIER = com.Data;
				PRODUCT_NAME = "$(TARGET_NAME:c99extidentifier)";
				SDKROOT = auto;
				SKIP_INSTALL = YES;
				SUPPORTED_PLATFORMS = "iphoneos iphonesimulator";
				SUPPORTS_MACCATALYST = NO;
				SWIFT_EMIT_LOC_STRINGS = YES;
				SWIFT_INSTALL_OBJC_HEADER = NO;
				SWIFT_VERSION = 5.0;
				TARGETED_DEVICE_FAMILY = "1,2";
			};
			name = Release;
		};
		127C899F2CD0781600DAD87C /* Debug */ = {
			isa = XCBuildConfiguration;
			buildSettings = {
				ALLOW_TARGET_PLATFORM_SPECIALIZATION = YES;
				ALWAYS_EMBED_SWIFT_STANDARD_LIBRARIES = YES;
				CODE_SIGN_STYLE = Automatic;
				CURRENT_PROJECT_VERSION = 1;
				GENERATE_INFOPLIST_FILE = YES;
				IPHONEOS_DEPLOYMENT_TARGET = 15.1;
				MACOSX_DEPLOYMENT_TARGET = 14.5;
				MARKETING_VERSION = 1.0;
				PRODUCT_BUNDLE_IDENTIFIER = com.DataTests;
				PRODUCT_NAME = "$(TARGET_NAME)";
				SDKROOT = auto;
				SUPPORTED_PLATFORMS = "iphoneos iphonesimulator";
				SUPPORTS_MACCATALYST = NO;
				SWIFT_EMIT_LOC_STRINGS = NO;
				SWIFT_VERSION = 5.0;
				TARGETED_DEVICE_FAMILY = "1,2";
			};
			name = Debug;
		};
		127C89A02CD0781600DAD87C /* Release */ = {
			isa = XCBuildConfiguration;
			buildSettings = {
				ALLOW_TARGET_PLATFORM_SPECIALIZATION = YES;
				ALWAYS_EMBED_SWIFT_STANDARD_LIBRARIES = YES;
				CODE_SIGN_STYLE = Automatic;
				CURRENT_PROJECT_VERSION = 1;
				GENERATE_INFOPLIST_FILE = YES;
				IPHONEOS_DEPLOYMENT_TARGET = 15.1;
				MACOSX_DEPLOYMENT_TARGET = 14.5;
				MARKETING_VERSION = 1.0;
				PRODUCT_BUNDLE_IDENTIFIER = com.DataTests;
				PRODUCT_NAME = "$(TARGET_NAME)";
				SDKROOT = auto;
				SUPPORTED_PLATFORMS = "iphoneos iphonesimulator";
				SUPPORTS_MACCATALYST = NO;
				SWIFT_EMIT_LOC_STRINGS = NO;
				SWIFT_VERSION = 5.0;
				TARGETED_DEVICE_FAMILY = "1,2";
			};
			name = Release;
		};
/* End XCBuildConfiguration section */

/* Begin XCConfigurationList section */
		127C89832CD0781600DAD87C /* Build configuration list for PBXProject "Data" */ = {
			isa = XCConfigurationList;
			buildConfigurations = (
				127C89992CD0781600DAD87C /* Debug */,
				127C899A2CD0781600DAD87C /* Release */,
			);
			defaultConfigurationIsVisible = 0;
			defaultConfigurationName = Release;
		};
		127C899B2CD0781600DAD87C /* Build configuration list for PBXNativeTarget "Data" */ = {
			isa = XCConfigurationList;
			buildConfigurations = (
				127C899C2CD0781600DAD87C /* Debug */,
				127C899D2CD0781600DAD87C /* Release */,
			);
			defaultConfigurationIsVisible = 0;
			defaultConfigurationName = Release;
		};
		127C899E2CD0781600DAD87C /* Build configuration list for PBXNativeTarget "DataTests" */ = {
			isa = XCConfigurationList;
			buildConfigurations = (
				127C899F2CD0781600DAD87C /* Debug */,
				127C89A02CD0781600DAD87C /* Release */,
			);
			defaultConfigurationIsVisible = 0;
			defaultConfigurationName = Release;
		};
/* End XCConfigurationList section */
	};
	rootObject = 127C89802CD0781600DAD87C /* Project object */;
}
