// !$*UTF8*$!
{
	archiveVersion = 1;
	classes = {
	};
	objectVersion = 56;
	objects = {

/* Begin PBXBuildFile section */
		124F99792CD214D000A96DD8 /* Adapter.framework in Frameworks */ = {isa = PBXBuildFile; fileRef = 124F99702CD214D000A96DD8 /* Adapter.framework */; };
		124F997E2CD214D000A96DD8 /* AdapterTests.swift in Sources */ = {isa = PBXBuildFile; fileRef = 124F997D2CD214D000A96DD8 /* AdapterTests.swift */; };
		124F997F2CD214D000A96DD8 /* Adapter.h in Headers */ = {isa = PBXBuildFile; fileRef = 124F99732CD214D000A96DD8 /* Adapter.h */; settings = {ATTRIBUTES = (Public, ); }; };
		124F998B2CD2151900A96DD8 /* ApiEndpoint.swift in Sources */ = {isa = PBXBuildFile; fileRef = 124F998A2CD2151900A96DD8 /* ApiEndpoint.swift */; };
		124F998D2CD2152200A96DD8 /* NetworkingService.swift in Sources */ = {isa = PBXBuildFile; fileRef = 124F998C2CD2152200A96DD8 /* NetworkingService.swift */; };
		124F99912CD2153C00A96DD8 /* UsersResponseDTO+Mapping.swift in Sources */ = {isa = PBXBuildFile; fileRef = 124F99902CD2153C00A96DD8 /* UsersResponseDTO+Mapping.swift */; };
		124F99942CD2155200A96DD8 /* UserRepositoriesImpl.swift in Sources */ = {isa = PBXBuildFile; fileRef = 124F99932CD2155200A96DD8 /* UserRepositoriesImpl.swift */; };
		128C7A102CD215A9009602B1 /* Domain.framework in Frameworks */ = {isa = PBXBuildFile; fileRef = 124F999C2CD2158700A96DD8 /* Domain.framework */; };
		128C7A112CD215A9009602B1 /* Domain.framework in Embed Frameworks */ = {isa = PBXBuildFile; fileRef = 124F999C2CD2158700A96DD8 /* Domain.framework */; settings = {ATTRIBUTES = (CodeSignOnCopy, RemoveHeadersOnCopy, ); }; };
		12A7C10F2CDCCFE1007E3A11 /* ApiConstant.swift in Sources */ = {isa = PBXBuildFile; fileRef = 12A7C10E2CDCCFE1007E3A11 /* ApiConstant.swift */; };
		680C4ECF99DA186199CAEC1D /* Pods_Adapter_AdapterTests.framework in Frameworks */ = {isa = PBXBuildFile; fileRef = 68ECA959547A68FE1A7540C9 /* Pods_Adapter_AdapterTests.framework */; };
		CE43C041DB2447459465590F /* Pods_Adapter.framework in Frameworks */ = {isa = PBXBuildFile; fileRef = 6A16C46097C53F56016CA96D /* Pods_Adapter.framework */; };
/* End PBXBuildFile section */

/* Begin PBXContainerItemProxy section */
		124F997A2CD214D000A96DD8 /* PBXContainerItemProxy */ = {
			isa = PBXContainerItemProxy;
			containerPortal = 124F99672CD214D000A96DD8 /* Project object */;
			proxyType = 1;
			remoteGlobalIDString = 124F996F2CD214D000A96DD8;
			remoteInfo = Adapter;
		};
		124F999B2CD2158700A96DD8 /* PBXContainerItemProxy */ = {
			isa = PBXContainerItemProxy;
			containerPortal = 124F99962CD2158700A96DD8 /* Domain.xcodeproj */;
			proxyType = 2;
			remoteGlobalIDString = 127C89332CD075C100DAD87C;
			remoteInfo = Domain;
		};
		124F999D2CD2158700A96DD8 /* PBXContainerItemProxy */ = {
			isa = PBXContainerItemProxy;
			containerPortal = 124F99962CD2158700A96DD8 /* Domain.xcodeproj */;
			proxyType = 2;
			remoteGlobalIDString = 127C893B2CD075C100DAD87C;
			remoteInfo = DomainTests;
		};
/* End PBXContainerItemProxy section */

/* Begin PBXCopyFilesBuildPhase section */
		128C7A122CD215A9009602B1 /* Embed Frameworks */ = {
			isa = PBXCopyFilesBuildPhase;
			buildActionMask = 2147483647;
			dstPath = "";
			dstSubfolderSpec = 10;
			files = (
				128C7A112CD215A9009602B1 /* Domain.framework in Embed Frameworks */,
			);
			name = "Embed Frameworks";
			runOnlyForDeploymentPostprocessing = 0;
		};
/* End PBXCopyFilesBuildPhase section */

/* Begin PBXFileReference section */
		124F99702CD214D000A96DD8 /* Adapter.framework */ = {isa = PBXFileReference; explicitFileType = wrapper.framework; includeInIndex = 0; path = Adapter.framework; sourceTree = BUILT_PRODUCTS_DIR; };
		124F99732CD214D000A96DD8 /* Adapter.h */ = {isa = PBXFileReference; lastKnownFileType = sourcecode.c.h; path = Adapter.h; sourceTree = "<group>"; };
		124F99782CD214D000A96DD8 /* AdapterTests.xctest */ = {isa = PBXFileReference; explicitFileType = wrapper.cfbundle; includeInIndex = 0; path = AdapterTests.xctest; sourceTree = BUILT_PRODUCTS_DIR; };
		124F997D2CD214D000A96DD8 /* AdapterTests.swift */ = {isa = PBXFileReference; lastKnownFileType = sourcecode.swift; path = AdapterTests.swift; sourceTree = "<group>"; };
		124F998A2CD2151900A96DD8 /* ApiEndpoint.swift */ = {isa = PBXFileReference; lastKnownFileType = sourcecode.swift; path = ApiEndpoint.swift; sourceTree = "<group>"; };
		124F998C2CD2152200A96DD8 /* NetworkingService.swift */ = {isa = PBXFileReference; lastKnownFileType = sourcecode.swift; path = NetworkingService.swift; sourceTree = "<group>"; };
		124F99902CD2153C00A96DD8 /* UsersResponseDTO+Mapping.swift */ = {isa = PBXFileReference; lastKnownFileType = sourcecode.swift; path = "UsersResponseDTO+Mapping.swift"; sourceTree = "<group>"; };
		124F99932CD2155200A96DD8 /* UserRepositoriesImpl.swift */ = {isa = PBXFileReference; lastKnownFileType = sourcecode.swift; path = UserRepositoriesImpl.swift; sourceTree = "<group>"; };
		124F99962CD2158700A96DD8 /* Domain.xcodeproj */ = {isa = PBXFileReference; lastKnownFileType = "wrapper.pb-project"; name = Domain.xcodeproj; path = ../Domain/Domain.xcodeproj; sourceTree = "<group>"; };
		12A7C10E2CDCCFE1007E3A11 /* ApiConstant.swift */ = {isa = PBXFileReference; lastKnownFileType = sourcecode.swift; path = ApiConstant.swift; sourceTree = "<group>"; };
		14CDCE180A2A5F78725339B8 /* Pods-Adapter-AdapterTests.release.xcconfig */ = {isa = PBXFileReference; includeInIndex = 1; lastKnownFileType = text.xcconfig; name = "Pods-Adapter-AdapterTests.release.xcconfig"; path = "Target Support Files/Pods-Adapter-AdapterTests/Pods-Adapter-AdapterTests.release.xcconfig"; sourceTree = "<group>"; };
		37DF2892AC992DF04068DE54 /* Pods-Adapter.release.xcconfig */ = {isa = PBXFileReference; includeInIndex = 1; lastKnownFileType = text.xcconfig; name = "Pods-Adapter.release.xcconfig"; path = "Target Support Files/Pods-Adapter/Pods-Adapter.release.xcconfig"; sourceTree = "<group>"; };
		3D5F7DDAA13A286DFB278E2A /* Pods-Adapter.debug.xcconfig */ = {isa = PBXFileReference; includeInIndex = 1; lastKnownFileType = text.xcconfig; name = "Pods-Adapter.debug.xcconfig"; path = "Target Support Files/Pods-Adapter/Pods-Adapter.debug.xcconfig"; sourceTree = "<group>"; };
		46EBD89F2F4132D5AEA49883 /* Pods-Adapter-AdapterTests.debug.xcconfig */ = {isa = PBXFileReference; includeInIndex = 1; lastKnownFileType = text.xcconfig; name = "Pods-Adapter-AdapterTests.debug.xcconfig"; path = "Target Support Files/Pods-Adapter-AdapterTests/Pods-Adapter-AdapterTests.debug.xcconfig"; sourceTree = "<group>"; };
		68ECA959547A68FE1A7540C9 /* Pods_Adapter_AdapterTests.framework */ = {isa = PBXFileReference; explicitFileType = wrapper.framework; includeInIndex = 0; path = Pods_Adapter_AdapterTests.framework; sourceTree = BUILT_PRODUCTS_DIR; };
		6A16C46097C53F56016CA96D /* Pods_Adapter.framework */ = {isa = PBXFileReference; explicitFileType = wrapper.framework; includeInIndex = 0; path = Pods_Adapter.framework; sourceTree = BUILT_PRODUCTS_DIR; };
/* End PBXFileReference section */

/* Begin PBXFrameworksBuildPhase section */
		124F996D2CD214D000A96DD8 /* Frameworks */ = {
			isa = PBXFrameworksBuildPhase;
			buildActionMask = 2147483647;
			files = (
				128C7A102CD215A9009602B1 /* Domain.framework in Frameworks */,
				CE43C041DB2447459465590F /* Pods_Adapter.framework in Frameworks */,
			);
			runOnlyForDeploymentPostprocessing = 0;
		};
		124F99752CD214D000A96DD8 /* Frameworks */ = {
			isa = PBXFrameworksBuildPhase;
			buildActionMask = 2147483647;
			files = (
				124F99792CD214D000A96DD8 /* Adapter.framework in Frameworks */,
				680C4ECF99DA186199CAEC1D /* Pods_Adapter_AdapterTests.framework in Frameworks */,
			);
			runOnlyForDeploymentPostprocessing = 0;
		};
/* End PBXFrameworksBuildPhase section */

/* Begin PBXGroup section */
		124F99662CD214D000A96DD8 = {
			isa = PBXGroup;
			children = (
				124F99722CD214D000A96DD8 /* Adapter */,
				124F997C2CD214D000A96DD8 /* AdapterTests */,
				124F99712CD214D000A96DD8 /* Products */,
				124F99952CD2158700A96DD8 /* Frameworks */,
				EB0F8D0A9B5D953C29143015 /* Pods */,
			);
			sourceTree = "<group>";
		};
		124F99712CD214D000A96DD8 /* Products */ = {
			isa = PBXGroup;
			children = (
				124F99702CD214D000A96DD8 /* Adapter.framework */,
				124F99782CD214D000A96DD8 /* AdapterTests.xctest */,
			);
			name = Products;
			sourceTree = "<group>";
		};
		124F99722CD214D000A96DD8 /* Adapter */ = {
			isa = PBXGroup;
			children = (
				124F99922CD2154900A96DD8 /* Repositories */,
				124F998E2CD2152D00A96DD8 /* Networking */,
				124F99882CD2150A00A96DD8 /* Interfaces */,
				124F99732CD214D000A96DD8 /* Adapter.h */,
			);
			path = Adapter;
			sourceTree = "<group>";
		};
		124F997C2CD214D000A96DD8 /* AdapterTests */ = {
			isa = PBXGroup;
			children = (
				124F997D2CD214D000A96DD8 /* AdapterTests.swift */,
			);
			path = AdapterTests;
			sourceTree = "<group>";
		};
		124F99882CD2150A00A96DD8 /* Interfaces */ = {
			isa = PBXGroup;
			children = (
				124F99892CD2151200A96DD8 /* NetworkingService */,
			);
			path = Interfaces;
			sourceTree = "<group>";
		};
		124F99892CD2151200A96DD8 /* NetworkingService */ = {
			isa = PBXGroup;
			children = (
				124F998A2CD2151900A96DD8 /* ApiEndpoint.swift */,
				12A7C10E2CDCCFE1007E3A11 /* ApiConstant.swift */,
				124F998C2CD2152200A96DD8 /* NetworkingService.swift */,
			);
			path = NetworkingService;
			sourceTree = "<group>";
		};
		124F998E2CD2152D00A96DD8 /* Networking */ = {
			isa = PBXGroup;
			children = (
				124F998F2CD2153500A96DD8 /* DataMapping */,
			);
			path = Networking;
			sourceTree = "<group>";
		};
		124F998F2CD2153500A96DD8 /* DataMapping */ = {
			isa = PBXGroup;
			children = (
				124F99902CD2153C00A96DD8 /* UsersResponseDTO+Mapping.swift */,
			);
			path = DataMapping;
			sourceTree = "<group>";
		};
		124F99922CD2154900A96DD8 /* Repositories */ = {
			isa = PBXGroup;
			children = (
				124F99932CD2155200A96DD8 /* UserRepositoriesImpl.swift */,
			);
			path = Repositories;
			sourceTree = "<group>";
		};
		124F99952CD2158700A96DD8 /* Frameworks */ = {
			isa = PBXGroup;
			children = (
				124F99962CD2158700A96DD8 /* Domain.xcodeproj */,
				6A16C46097C53F56016CA96D /* Pods_Adapter.framework */,
				68ECA959547A68FE1A7540C9 /* Pods_Adapter_AdapterTests.framework */,
			);
			name = Frameworks;
			sourceTree = "<group>";
		};
		124F99972CD2158700A96DD8 /* Products */ = {
			isa = PBXGroup;
			children = (
				124F999C2CD2158700A96DD8 /* Domain.framework */,
				124F999E2CD2158700A96DD8 /* DomainTests.xctest */,
			);
			name = Products;
			sourceTree = "<group>";
		};
		EB0F8D0A9B5D953C29143015 /* Pods */ = {
			isa = PBXGroup;
			children = (
				3D5F7DDAA13A286DFB278E2A /* Pods-Adapter.debug.xcconfig */,
				37DF2892AC992DF04068DE54 /* Pods-Adapter.release.xcconfig */,
				46EBD89F2F4132D5AEA49883 /* Pods-Adapter-AdapterTests.debug.xcconfig */,
				14CDCE180A2A5F78725339B8 /* Pods-Adapter-AdapterTests.release.xcconfig */,
			);
			path = Pods;
			sourceTree = "<group>";
		};
/* End PBXGroup section */

/* Begin PBXHeadersBuildPhase section */
		124F996B2CD214D000A96DD8 /* Headers */ = {
			isa = PBXHeadersBuildPhase;
			buildActionMask = 2147483647;
			files = (
				124F997F2CD214D000A96DD8 /* Adapter.h in Headers */,
			);
			runOnlyForDeploymentPostprocessing = 0;
		};
/* End PBXHeadersBuildPhase section */

/* Begin PBXNativeTarget section */
		124F996F2CD214D000A96DD8 /* Adapter */ = {
			isa = PBXNativeTarget;
			buildConfigurationList = 124F99822CD214D000A96DD8 /* Build configuration list for PBXNativeTarget "Adapter" */;
			buildPhases = (
				CD9F0114F12BB461751967A7 /* [CP] Check Pods Manifest.lock */,
				124F996B2CD214D000A96DD8 /* Headers */,
				124F996C2CD214D000A96DD8 /* Sources */,
				124F996D2CD214D000A96DD8 /* Frameworks */,
				124F996E2CD214D000A96DD8 /* Resources */,
				128C7A122CD215A9009602B1 /* Embed Frameworks */,
			);
			buildRules = (
			);
			dependencies = (
			);
			name = Adapter;
			productName = Adapter;
			productReference = 124F99702CD214D000A96DD8 /* Adapter.framework */;
			productType = "com.apple.product-type.framework";
		};
		124F99772CD214D000A96DD8 /* AdapterTests */ = {
			isa = PBXNativeTarget;
			buildConfigurationList = 124F99852CD214D000A96DD8 /* Build configuration list for PBXNativeTarget "AdapterTests" */;
			buildPhases = (
				7F8BFF3E9C6004D1D9474253 /* [CP] Check Pods Manifest.lock */,
				124F99742CD214D000A96DD8 /* Sources */,
				124F99752CD214D000A96DD8 /* Frameworks */,
				124F99762CD214D000A96DD8 /* Resources */,
				39821C6095C0311A4E4BC5A9 /* [CP] Embed Pods Frameworks */,
			);
			buildRules = (
			);
			dependencies = (
				124F997B2CD214D000A96DD8 /* PBXTargetDependency */,
			);
			name = AdapterTests;
			productName = AdapterTests;
			productReference = 124F99782CD214D000A96DD8 /* AdapterTests.xctest */;
			productType = "com.apple.product-type.bundle.unit-test";
		};
/* End PBXNativeTarget section */

/* Begin PBXProject section */
		124F99672CD214D000A96DD8 /* Project object */ = {
			isa = PBXProject;
			attributes = {
				BuildIndependentTargetsInParallel = 1;
				LastSwiftUpdateCheck = 1540;
				LastUpgradeCheck = 1540;
				TargetAttributes = {
					124F996F2CD214D000A96DD8 = {
						CreatedOnToolsVersion = 15.4;
						LastSwiftMigration = 1540;
					};
					124F99772CD214D000A96DD8 = {
						CreatedOnToolsVersion = 15.4;
					};
				};
			};
			buildConfigurationList = 124F996A2CD214D000A96DD8 /* Build configuration list for PBXProject "Adapter" */;
			compatibilityVersion = "Xcode 14.0";
			developmentRegion = en;
			hasScannedForEncodings = 0;
			knownRegions = (
				en,
				Base,
			);
			mainGroup = 124F99662CD214D000A96DD8;
			productRefGroup = 124F99712CD214D000A96DD8 /* Products */;
			projectDirPath = "";
			projectReferences = (
				{
					ProductGroup = 124F99972CD2158700A96DD8 /* Products */;
					ProjectRef = 124F99962CD2158700A96DD8 /* Domain.xcodeproj */;
				},
			);
			projectRoot = "";
			targets = (
				124F996F2CD214D000A96DD8 /* Adapter */,
				124F99772CD214D000A96DD8 /* AdapterTests */,
			);
		};
/* End PBXProject section */

/* Begin PBXReferenceProxy section */
		124F999C2CD2158700A96DD8 /* Domain.framework */ = {
			isa = PBXReferenceProxy;
			fileType = wrapper.framework;
			path = Domain.framework;
			remoteRef = 124F999B2CD2158700A96DD8 /* PBXContainerItemProxy */;
			sourceTree = BUILT_PRODUCTS_DIR;
		};
		124F999E2CD2158700A96DD8 /* DomainTests.xctest */ = {
			isa = PBXReferenceProxy;
			fileType = wrapper.cfbundle;
			path = DomainTests.xctest;
			remoteRef = 124F999D2CD2158700A96DD8 /* PBXContainerItemProxy */;
			sourceTree = BUILT_PRODUCTS_DIR;
		};
/* End PBXReferenceProxy section */

/* Begin PBXResourcesBuildPhase section */
		124F996E2CD214D000A96DD8 /* Resources */ = {
			isa = PBXResourcesBuildPhase;
			buildActionMask = 2147483647;
			files = (
			);
			runOnlyForDeploymentPostprocessing = 0;
		};
		124F99762CD214D000A96DD8 /* Resources */ = {
			isa = PBXResourcesBuildPhase;
			buildActionMask = 2147483647;
			files = (
			);
			runOnlyForDeploymentPostprocessing = 0;
		};
/* End PBXResourcesBuildPhase section */

/* Begin PBXShellScriptBuildPhase section */
		39821C6095C0311A4E4BC5A9 /* [CP] Embed Pods Frameworks */ = {
			isa = PBXShellScriptBuildPhase;
			buildActionMask = 2147483647;
			files = (
			);
			inputFileListPaths = (
				"${PODS_ROOT}/Target Support Files/Pods-Adapter-AdapterTests/Pods-Adapter-AdapterTests-frameworks-${CONFIGURATION}-input-files.xcfilelist",
			);
			name = "[CP] Embed Pods Frameworks";
			outputFileListPaths = (
				"${PODS_ROOT}/Target Support Files/Pods-Adapter-AdapterTests/Pods-Adapter-AdapterTests-frameworks-${CONFIGURATION}-output-files.xcfilelist",
			);
			runOnlyForDeploymentPostprocessing = 0;
			shellPath = /bin/sh;
			shellScript = "\"${PODS_ROOT}/Target Support Files/Pods-Adapter-AdapterTests/Pods-Adapter-AdapterTests-frameworks.sh\"\n";
			showEnvVarsInLog = 0;
		};
		7F8BFF3E9C6004D1D9474253 /* [CP] Check Pods Manifest.lock */ = {
			isa = PBXShellScriptBuildPhase;
			buildActionMask = 2147483647;
			files = (
			);
			inputFileListPaths = (
			);
			inputPaths = (
				"${PODS_PODFILE_DIR_PATH}/Podfile.lock",
				"${PODS_ROOT}/Manifest.lock",
			);
			name = "[CP] Check Pods Manifest.lock";
			outputFileListPaths = (
			);
			outputPaths = (
				"$(DERIVED_FILE_DIR)/Pods-Adapter-AdapterTests-checkManifestLockResult.txt",
			);
			runOnlyForDeploymentPostprocessing = 0;
			shellPath = /bin/sh;
			shellScript = "diff \"${PODS_PODFILE_DIR_PATH}/Podfile.lock\" \"${PODS_ROOT}/Manifest.lock\" > /dev/null\nif [ $? != 0 ] ; then\n    # print error to STDERR\n    echo \"error: The sandbox is not in sync with the Podfile.lock. Run 'pod install' or update your CocoaPods installation.\" >&2\n    exit 1\nfi\n# This output is used by Xcode 'outputs' to avoid re-running this script phase.\necho \"SUCCESS\" > \"${SCRIPT_OUTPUT_FILE_0}\"\n";
			showEnvVarsInLog = 0;
		};
		CD9F0114F12BB461751967A7 /* [CP] Check Pods Manifest.lock */ = {
			isa = PBXShellScriptBuildPhase;
			buildActionMask = 2147483647;
			files = (
			);
			inputFileListPaths = (
			);
			inputPaths = (
				"${PODS_PODFILE_DIR_PATH}/Podfile.lock",
				"${PODS_ROOT}/Manifest.lock",
			);
			name = "[CP] Check Pods Manifest.lock";
			outputFileListPaths = (
			);
			outputPaths = (
				"$(DERIVED_FILE_DIR)/Pods-Adapter-checkManifestLockResult.txt",
			);
			runOnlyForDeploymentPostprocessing = 0;
			shellPath = /bin/sh;
			shellScript = "diff \"${PODS_PODFILE_DIR_PATH}/Podfile.lock\" \"${PODS_ROOT}/Manifest.lock\" > /dev/null\nif [ $? != 0 ] ; then\n    # print error to STDERR\n    echo \"error: The sandbox is not in sync with the Podfile.lock. Run 'pod install' or update your CocoaPods installation.\" >&2\n    exit 1\nfi\n# This output is used by Xcode 'outputs' to avoid re-running this script phase.\necho \"SUCCESS\" > \"${SCRIPT_OUTPUT_FILE_0}\"\n";
			showEnvVarsInLog = 0;
		};
/* End PBXShellScriptBuildPhase section */

/* Begin PBXSourcesBuildPhase section */
		124F996C2CD214D000A96DD8 /* Sources */ = {
			isa = PBXSourcesBuildPhase;
			buildActionMask = 2147483647;
			files = (
				124F998B2CD2151900A96DD8 /* ApiEndpoint.swift in Sources */,
				124F99912CD2153C00A96DD8 /* UsersResponseDTO+Mapping.swift in Sources */,
				124F99942CD2155200A96DD8 /* UserRepositoriesImpl.swift in Sources */,
				12A7C10F2CDCCFE1007E3A11 /* ApiConstant.swift in Sources */,
				124F998D2CD2152200A96DD8 /* NetworkingService.swift in Sources */,
			);
			runOnlyForDeploymentPostprocessing = 0;
		};
		124F99742CD214D000A96DD8 /* Sources */ = {
			isa = PBXSourcesBuildPhase;
			buildActionMask = 2147483647;
			files = (
				124F997E2CD214D000A96DD8 /* AdapterTests.swift in Sources */,
			);
			runOnlyForDeploymentPostprocessing = 0;
		};
/* End PBXSourcesBuildPhase section */

/* Begin PBXTargetDependency section */
		124F997B2CD214D000A96DD8 /* PBXTargetDependency */ = {
			isa = PBXTargetDependency;
			target = 124F996F2CD214D000A96DD8 /* Adapter */;
			targetProxy = 124F997A2CD214D000A96DD8 /* PBXContainerItemProxy */;
		};
/* End PBXTargetDependency section */

/* Begin XCBuildConfiguration section */
		124F99802CD214D000A96DD8 /* Debug */ = {
			isa = XCBuildConfiguration;
			buildSettings = {
				ALWAYS_SEARCH_USER_PATHS = NO;
				ASSETCATALOG_COMPILER_GENERATE_SWIFT_ASSET_SYMBOL_EXTENSIONS = YES;
				CLANG_ANALYZER_NONNULL = YES;
				CLANG_ANALYZER_NUMBER_OBJECT_CONVERSION = YES_AGGRESSIVE;
				CLANG_CXX_LANGUAGE_STANDARD = "gnu++20";
				CLANG_ENABLE_MODULES = YES;
				CLANG_ENABLE_OBJC_ARC = YES;
				CLANG_ENABLE_OBJC_WEAK = YES;
				CLANG_WARN_BLOCK_CAPTURE_AUTORELEASING = YES;
				CLANG_WARN_BOOL_CONVERSION = YES;
				CLANG_WARN_COMMA = YES;
				CLANG_WARN_CONSTANT_CONVERSION = YES;
				CLANG_WARN_DEPRECATED_OBJC_IMPLEMENTATIONS = YES;
				CLANG_WARN_DIRECT_OBJC_ISA_USAGE = YES_ERROR;
				CLANG_WARN_DOCUMENTATION_COMMENTS = YES;
				CLANG_WARN_EMPTY_BODY = YES;
				CLANG_WARN_ENUM_CONVERSION = YES;
				CLANG_WARN_INFINITE_RECURSION = YES;
				CLANG_WARN_INT_CONVERSION = YES;
				CLANG_WARN_NON_LITERAL_NULL_CONVERSION = YES;
				CLANG_WARN_OBJC_IMPLICIT_RETAIN_SELF = YES;
				CLANG_WARN_OBJC_LITERAL_CONVERSION = YES;
				CLANG_WARN_OBJC_ROOT_CLASS = YES_ERROR;
				CLANG_WARN_QUOTED_INCLUDE_IN_FRAMEWORK_HEADER = YES;
				CLANG_WARN_RANGE_LOOP_ANALYSIS = YES;
				CLANG_WARN_STRICT_PROTOTYPES = YES;
				CLANG_WARN_SUSPICIOUS_MOVE = YES;
				CLANG_WARN_UNGUARDED_AVAILABILITY = YES_AGGRESSIVE;
				CLANG_WARN_UNREACHABLE_CODE = YES;
				CLANG_WARN__DUPLICATE_METHOD_MATCH = YES;
				COPY_PHASE_STRIP = NO;
				CURRENT_PROJECT_VERSION = 1;
				DEBUG_INFORMATION_FORMAT = dwarf;
				ENABLE_STRICT_OBJC_MSGSEND = YES;
				ENABLE_TESTABILITY = YES;
				ENABLE_USER_SCRIPT_SANDBOXING = YES;
				GCC_C_LANGUAGE_STANDARD = gnu17;
				GCC_DYNAMIC_NO_PIC = NO;
				GCC_NO_COMMON_BLOCKS = YES;
				GCC_OPTIMIZATION_LEVEL = 0;
				GCC_PREPROCESSOR_DEFINITIONS = (
					"DEBUG=1",
					"$(inherited)",
				);
				GCC_WARN_64_TO_32_BIT_CONVERSION = YES;
				GCC_WARN_ABOUT_RETURN_TYPE = YES_ERROR;
				GCC_WARN_UNDECLARED_SELECTOR = YES;
				GCC_WARN_UNINITIALIZED_AUTOS = YES_AGGRESSIVE;
				GCC_WARN_UNUSED_FUNCTION = YES;
				GCC_WARN_UNUSED_VARIABLE = YES;
				IPHONEOS_DEPLOYMENT_TARGET = 14.0;
				LOCALIZATION_PREFERS_STRING_CATALOGS = YES;
				MTL_ENABLE_DEBUG_INFO = INCLUDE_SOURCE;
				MTL_FAST_MATH = YES;
				ONLY_ACTIVE_ARCH = YES;
				SDKROOT = iphoneos;
				SWIFT_ACTIVE_COMPILATION_CONDITIONS = "DEBUG $(inherited)";
				SWIFT_OPTIMIZATION_LEVEL = "-Onone";
				VERSIONING_SYSTEM = "apple-generic";
				VERSION_INFO_PREFIX = "";
			};
			name = Debug;
		};
		124F99812CD214D000A96DD8 /* Release */ = {
			isa = XCBuildConfiguration;
			buildSettings = {
				ALWAYS_SEARCH_USER_PATHS = NO;
				ASSETCATALOG_COMPILER_GENERATE_SWIFT_ASSET_SYMBOL_EXTENSIONS = YES;
				CLANG_ANALYZER_NONNULL = YES;
				CLANG_ANALYZER_NUMBER_OBJECT_CONVERSION = YES_AGGRESSIVE;
				CLANG_CXX_LANGUAGE_STANDARD = "gnu++20";
				CLANG_ENABLE_MODULES = YES;
				CLANG_ENABLE_OBJC_ARC = YES;
				CLANG_ENABLE_OBJC_WEAK = YES;
				CLANG_WARN_BLOCK_CAPTURE_AUTORELEASING = YES;
				CLANG_WARN_BOOL_CONVERSION = YES;
				CLANG_WARN_COMMA = YES;
				CLANG_WARN_CONSTANT_CONVERSION = YES;
				CLANG_WARN_DEPRECATED_OBJC_IMPLEMENTATIONS = YES;
				CLANG_WARN_DIRECT_OBJC_ISA_USAGE = YES_ERROR;
				CLANG_WARN_DOCUMENTATION_COMMENTS = YES;
				CLANG_WARN_EMPTY_BODY = YES;
				CLANG_WARN_ENUM_CONVERSION = YES;
				CLANG_WARN_INFINITE_RECURSION = YES;
				CLANG_WARN_INT_CONVERSION = YES;
				CLANG_WARN_NON_LITERAL_NULL_CONVERSION = YES;
				CLANG_WARN_OBJC_IMPLICIT_RETAIN_SELF = YES;
				CLANG_WARN_OBJC_LITERAL_CONVERSION = YES;
				CLANG_WARN_OBJC_ROOT_CLASS = YES_ERROR;
				CLANG_WARN_QUOTED_INCLUDE_IN_FRAMEWORK_HEADER = YES;
				CLANG_WARN_RANGE_LOOP_ANALYSIS = YES;
				CLANG_WARN_STRICT_PROTOTYPES = YES;
				CLANG_WARN_SUSPICIOUS_MOVE = YES;
				CLANG_WARN_UNGUARDED_AVAILABILITY = YES_AGGRESSIVE;
				CLANG_WARN_UNREACHABLE_CODE = YES;
				CLANG_WARN__DUPLICATE_METHOD_MATCH = YES;
				COPY_PHASE_STRIP = NO;
				CURRENT_PROJECT_VERSION = 1;
				DEBUG_INFORMATION_FORMAT = "dwarf-with-dsym";
				ENABLE_NS_ASSERTIONS = NO;
				ENABLE_STRICT_OBJC_MSGSEND = YES;
				ENABLE_USER_SCRIPT_SANDBOXING = YES;
				GCC_C_LANGUAGE_STANDARD = gnu17;
				GCC_NO_COMMON_BLOCKS = YES;
				GCC_WARN_64_TO_32_BIT_CONVERSION = YES;
				GCC_WARN_ABOUT_RETURN_TYPE = YES_ERROR;
				GCC_WARN_UNDECLARED_SELECTOR = YES;
				GCC_WARN_UNINITIALIZED_AUTOS = YES_AGGRESSIVE;
				GCC_WARN_UNUSED_FUNCTION = YES;
				GCC_WARN_UNUSED_VARIABLE = YES;
				IPHONEOS_DEPLOYMENT_TARGET = 14.0;
				LOCALIZATION_PREFERS_STRING_CATALOGS = YES;
				MTL_ENABLE_DEBUG_INFO = NO;
				MTL_FAST_MATH = YES;
				SDKROOT = iphoneos;
				SWIFT_COMPILATION_MODE = wholemodule;
				VALIDATE_PRODUCT = YES;
				VERSIONING_SYSTEM = "apple-generic";
				VERSION_INFO_PREFIX = "";
			};
			name = Release;
		};
		124F99832CD214D000A96DD8 /* Debug */ = {
			isa = XCBuildConfiguration;
			baseConfigurationReference = 3D5F7DDAA13A286DFB278E2A /* Pods-Adapter.debug.xcconfig */;
			buildSettings = {
				BUILD_LIBRARY_FOR_DISTRIBUTION = YES;
				CLANG_ENABLE_MODULES = YES;
				CODE_SIGN_STYLE = Automatic;
				CURRENT_PROJECT_VERSION = 1;
				DEFINES_MODULE = YES;
				DYLIB_COMPATIBILITY_VERSION = 1;
				DYLIB_CURRENT_VERSION = 1;
				DYLIB_INSTALL_NAME_BASE = "@rpath";
				ENABLE_MODULE_VERIFIER = YES;
				GENERATE_INFOPLIST_FILE = YES;
				INFOPLIST_KEY_NSHumanReadableCopyright = "";
				INSTALL_PATH = "$(LOCAL_LIBRARY_DIR)/Frameworks";
				IPHONEOS_DEPLOYMENT_TARGET = 14.0;
				LD_RUNPATH_SEARCH_PATHS = (
					"$(inherited)",
					"@executable_path/Frameworks",
					"@loader_path/Frameworks",
				);
				MACH_O_TYPE = staticlib;
				MARKETING_VERSION = 1.0;
				MODULE_VERIFIER_SUPPORTED_LANGUAGES = "objective-c objective-c++";
				MODULE_VERIFIER_SUPPORTED_LANGUAGE_STANDARDS = "gnu17 gnu++20";
				OTHER_SWIFT_FLAGS = "-no-verify-emitted-module-interface";
				PRODUCT_BUNDLE_IDENTIFIER = com.Adapter;
				PRODUCT_NAME = "$(TARGET_NAME:c99extidentifier)";
				SKIP_INSTALL = YES;
				SUPPORTED_PLATFORMS = "iphoneos iphonesimulator";
				SUPPORTS_MACCATALYST = NO;
				SUPPORTS_MAC_DESIGNED_FOR_IPHONE_IPAD = NO;
				SUPPORTS_XR_DESIGNED_FOR_IPHONE_IPAD = NO;
				SWIFT_EMIT_LOC_STRINGS = YES;
				SWIFT_INSTALL_OBJC_HEADER = NO;
				SWIFT_OPTIMIZATION_LEVEL = "-Onone";
				SWIFT_VERSION = 5.0;
				TARGETED_DEVICE_FAMILY = "1,2";
			};
			name = Debug;
		};
		124F99842CD214D000A96DD8 /* Release */ = {
			isa = XCBuildConfiguration;
			baseConfigurationReference = 37DF2892AC992DF04068DE54 /* Pods-Adapter.release.xcconfig */;
			buildSettings = {
				BUILD_LIBRARY_FOR_DISTRIBUTION = YES;
				CLANG_ENABLE_MODULES = YES;
				CODE_SIGN_STYLE = Automatic;
				CURRENT_PROJECT_VERSION = 1;
				DEFINES_MODULE = YES;
				DYLIB_COMPATIBILITY_VERSION = 1;
				DYLIB_CURRENT_VERSION = 1;
				DYLIB_INSTALL_NAME_BASE = "@rpath";
				ENABLE_MODULE_VERIFIER = YES;
				GENERATE_INFOPLIST_FILE = YES;
				INFOPLIST_KEY_NSHumanReadableCopyright = "";
				INSTALL_PATH = "$(LOCAL_LIBRARY_DIR)/Frameworks";
				IPHONEOS_DEPLOYMENT_TARGET = 14.0;
				LD_RUNPATH_SEARCH_PATHS = (
					"$(inherited)",
					"@executable_path/Frameworks",
					"@loader_path/Frameworks",
				);
				MACH_O_TYPE = staticlib;
				MARKETING_VERSION = 1.0;
				MODULE_VERIFIER_SUPPORTED_LANGUAGES = "objective-c objective-c++";
				MODULE_VERIFIER_SUPPORTED_LANGUAGE_STANDARDS = "gnu17 gnu++20";
				OTHER_SWIFT_FLAGS = "-no-verify-emitted-module-interface";
				PRODUCT_BUNDLE_IDENTIFIER = com.Adapter;
				PRODUCT_NAME = "$(TARGET_NAME:c99extidentifier)";
				SKIP_INSTALL = YES;
				SUPPORTED_PLATFORMS = "iphoneos iphonesimulator";
				SUPPORTS_MACCATALYST = NO;
				SUPPORTS_MAC_DESIGNED_FOR_IPHONE_IPAD = NO;
				SUPPORTS_XR_DESIGNED_FOR_IPHONE_IPAD = NO;
				SWIFT_EMIT_LOC_STRINGS = YES;
				SWIFT_INSTALL_OBJC_HEADER = NO;
				SWIFT_VERSION = 5.0;
				TARGETED_DEVICE_FAMILY = "1,2";
			};
			name = Release;
		};
		124F99862CD214D000A96DD8 /* Debug */ = {
			isa = XCBuildConfiguration;
			baseConfigurationReference = 46EBD89F2F4132D5AEA49883 /* Pods-Adapter-AdapterTests.debug.xcconfig */;
			buildSettings = {
				ALWAYS_EMBED_SWIFT_STANDARD_LIBRARIES = YES;
				CODE_SIGN_STYLE = Automatic;
				CURRENT_PROJECT_VERSION = 1;
				GENERATE_INFOPLIST_FILE = YES;
				IPHONEOS_DEPLOYMENT_TARGET = 15.1;
				MARKETING_VERSION = 1.0;
				PRODUCT_BUNDLE_IDENTIFIER = com.AdapterTests;
				PRODUCT_NAME = "$(TARGET_NAME)";
				SUPPORTED_PLATFORMS = "iphoneos iphonesimulator";
				SUPPORTS_MACCATALYST = NO;
				SUPPORTS_MAC_DESIGNED_FOR_IPHONE_IPAD = NO;
				SUPPORTS_XR_DESIGNED_FOR_IPHONE_IPAD = NO;
				SWIFT_EMIT_LOC_STRINGS = NO;
				SWIFT_VERSION = 5.0;
				TARGETED_DEVICE_FAMILY = "1,2";
			};
			name = Debug;
		};
		124F99872CD214D000A96DD8 /* Release */ = {
			isa = XCBuildConfiguration;
			baseConfigurationReference = 14CDCE180A2A5F78725339B8 /* Pods-Adapter-AdapterTests.release.xcconfig */;
			buildSettings = {
				ALWAYS_EMBED_SWIFT_STANDARD_LIBRARIES = YES;
				CODE_SIGN_STYLE = Automatic;
				CURRENT_PROJECT_VERSION = 1;
				GENERATE_INFOPLIST_FILE = YES;
				IPHONEOS_DEPLOYMENT_TARGET = 15.1;
				MARKETING_VERSION = 1.0;
				PRODUCT_BUNDLE_IDENTIFIER = com.AdapterTests;
				PRODUCT_NAME = "$(TARGET_NAME)";
				SUPPORTED_PLATFORMS = "iphoneos iphonesimulator";
				SUPPORTS_MACCATALYST = NO;
				SUPPORTS_MAC_DESIGNED_FOR_IPHONE_IPAD = NO;
				SUPPORTS_XR_DESIGNED_FOR_IPHONE_IPAD = NO;
				SWIFT_EMIT_LOC_STRINGS = NO;
				SWIFT_VERSION = 5.0;
				TARGETED_DEVICE_FAMILY = "1,2";
			};
			name = Release;
		};
/* End XCBuildConfiguration section */

/* Begin XCConfigurationList section */
		124F996A2CD214D000A96DD8 /* Build configuration list for PBXProject "Adapter" */ = {
			isa = XCConfigurationList;
			buildConfigurations = (
				124F99802CD214D000A96DD8 /* Debug */,
				124F99812CD214D000A96DD8 /* Release */,
			);
			defaultConfigurationIsVisible = 0;
			defaultConfigurationName = Release;
		};
		124F99822CD214D000A96DD8 /* Build configuration list for PBXNativeTarget "Adapter" */ = {
			isa = XCConfigurationList;
			buildConfigurations = (
				124F99832CD214D000A96DD8 /* Debug */,
				124F99842CD214D000A96DD8 /* Release */,
			);
			defaultConfigurationIsVisible = 0;
			defaultConfigurationName = Release;
		};
		124F99852CD214D000A96DD8 /* Build configuration list for PBXNativeTarget "AdapterTests" */ = {
			isa = XCConfigurationList;
			buildConfigurations = (
				124F99862CD214D000A96DD8 /* Debug */,
				124F99872CD214D000A96DD8 /* Release */,
			);
			defaultConfigurationIsVisible = 0;
			defaultConfigurationName = Release;
		};
/* End XCConfigurationList section */
	};
	rootObject = 124F99672CD214D000A96DD8 /* Project object */;
}
