// !$*UTF8*$!
{
	archiveVersion = 1;
	classes = {
	};
	objectVersion = 56;
	objects = {

/* Begin PBXBuildFile section */
		1250DC152CE1A20E0075FD0E /* ErrorRequest400.json in Resources */ = {isa = PBXBuildFile; fileRef = 1250DC142CE1A20E0075FD0E /* ErrorRequest400.json */; };
		126B50142CDCB2E400FBCCFF /* MMKVStorageTests.swift in Sources */ = {isa = PBXBuildFile; fileRef = 126B50132CDCB2E400FBCCFF /* MMKVStorageTests.swift */; };
		126B501F2CDCB39200FBCCFF /* Adapter.framework in Frameworks */ = {isa = PBXBuildFile; fileRef = 126B501C2CDCB38F00FBCCFF /* Adapter.framework */; };
		126B50202CDCB39200FBCCFF /* Adapter.framework in Embed Frameworks */ = {isa = PBXBuildFile; fileRef = 126B501C2CDCB38F00FBCCFF /* Adapter.framework */; settings = {ATTRIBUTES = (CodeSignOnCopy, RemoveHeadersOnCopy, ); }; };
		126B50252CDCC2A900FBCCFF /* NetworkingTests.swift in Sources */ = {isa = PBXBuildFile; fileRef = 126B50242CDCC2A900FBCCFF /* NetworkingTests.swift */; };
		126B50272CDCC2DC00FBCCFF /* MockURLProtocol.swift in Sources */ = {isa = PBXBuildFile; fileRef = 126B50262CDCC2DC00FBCCFF /* MockURLProtocol.swift */; };
		126B50292CDCC69200FBCCFF /* UserResponse.json in Resources */ = {isa = PBXBuildFile; fileRef = 126B50282CDCC69200FBCCFF /* UserResponse.json */; };
		126B502E2CDCC75900FBCCFF /* Mockable.swift in Sources */ = {isa = PBXBuildFile; fileRef = 126B502D2CDCC75900FBCCFF /* Mockable.swift */; };
		126B50312CDCC8E200FBCCFF /* UserResponse.swift in Sources */ = {isa = PBXBuildFile; fileRef = 126B50302CDCC8E200FBCCFF /* UserResponse.swift */; };
		127C89672CD076BC00DAD87C /* Infrastructure.framework in Frameworks */ = {isa = PBXBuildFile; fileRef = 127C895E2CD076BC00DAD87C /* Infrastructure.framework */; };
		127C896C2CD076BC00DAD87C /* InfrastructureTests.swift in Sources */ = {isa = PBXBuildFile; fileRef = 127C896B2CD076BC00DAD87C /* InfrastructureTests.swift */; };
		127C896D2CD076BC00DAD87C /* Infrastructure.h in Headers */ = {isa = PBXBuildFile; fileRef = 127C89612CD076BC00DAD87C /* Infrastructure.h */; settings = {ATTRIBUTES = (Public, ); }; };
		127C897A2CD077C400DAD87C /* HttpStatusCode.swift in Sources */ = {isa = PBXBuildFile; fileRef = 127C89792CD077C400DAD87C /* HttpStatusCode.swift */; };
		127C897C2CD077CA00DAD87C /* NetworkManager.swift in Sources */ = {isa = PBXBuildFile; fileRef = 127C897B2CD077CA00DAD87C /* NetworkManager.swift */; };
		127C897E2CD077D000DAD87C /* NetworkingServiceImpl.swift in Sources */ = {isa = PBXBuildFile; fileRef = 127C897D2CD077D000DAD87C /* NetworkingServiceImpl.swift */; };
		129F20252CD20E0D00D80037 /* MmkvStorage.swift in Sources */ = {isa = PBXBuildFile; fileRef = 129F20242CD20E0D00D80037 /* MmkvStorage.swift */; };
		12E7B3612CEB260F00BF23B8 /* Utils.swift in Sources */ = {isa = PBXBuildFile; fileRef = 12E7B3602CEB260F00BF23B8 /* Utils.swift */; };
		12FECFFE2CE44325001EB384 /* NetworkSessionDelegate.swift in Sources */ = {isa = PBXBuildFile; fileRef = 12FECFFD2CE44325001EB384 /* NetworkSessionDelegate.swift */; };
		12FED0062CE444B0001EB384 /* RetryInterceptor.swift in Sources */ = {isa = PBXBuildFile; fileRef = 12FED0052CE444B0001EB384 /* RetryInterceptor.swift */; };
		12FED0092CE44965001EB384 /* SSLPinning.swift in Sources */ = {isa = PBXBuildFile; fileRef = 12FED0082CE44965001EB384 /* SSLPinning.swift */; };
		3751C53D6D5AC995D920B351 /* Pods_Infrastructure.framework in Frameworks */ = {isa = PBXBuildFile; fileRef = 76464533B191888C1C1118AA /* Pods_Infrastructure.framework */; };
		FD76B90D239336F16987FFB7 /* Pods_Infrastructure_InfrastructureTests.framework in Frameworks */ = {isa = PBXBuildFile; fileRef = 496AE0B14A483F26D830F1FA /* Pods_Infrastructure_InfrastructureTests.framework */; };
/* End PBXBuildFile section */

/* Begin PBXContainerItemProxy section */
		126B501B2CDCB38F00FBCCFF /* PBXContainerItemProxy */ = {
			isa = PBXContainerItemProxy;
			containerPortal = 126B50152CDCB38F00FBCCFF /* Adapter.xcodeproj */;
			proxyType = 2;
			remoteGlobalIDString = 124F99702CD214D000A96DD8;
			remoteInfo = Adapter;
		};
		126B501D2CDCB38F00FBCCFF /* PBXContainerItemProxy */ = {
			isa = PBXContainerItemProxy;
			containerPortal = 126B50152CDCB38F00FBCCFF /* Adapter.xcodeproj */;
			proxyType = 2;
			remoteGlobalIDString = 124F99782CD214D000A96DD8;
			remoteInfo = AdapterTests;
		};
		127C89682CD076BC00DAD87C /* PBXContainerItemProxy */ = {
			isa = PBXContainerItemProxy;
			containerPortal = 127C89552CD076BC00DAD87C /* Project object */;
			proxyType = 1;
			remoteGlobalIDString = 127C895D2CD076BC00DAD87C;
			remoteInfo = Infrastructure;
		};
/* End PBXContainerItemProxy section */

/* Begin PBXCopyFilesBuildPhase section */
		128C7A2F2CD21649009602B1 /* Embed Frameworks */ = {
			isa = PBXCopyFilesBuildPhase;
			buildActionMask = 2147483647;
			dstPath = "";
			dstSubfolderSpec = 10;
			files = (
				126B50202CDCB39200FBCCFF /* Adapter.framework in Embed Frameworks */,
			);
			name = "Embed Frameworks";
			runOnlyForDeploymentPostprocessing = 0;
		};
/* End PBXCopyFilesBuildPhase section */

/* Begin PBXFileReference section */
		1250DC142CE1A20E0075FD0E /* ErrorRequest400.json */ = {isa = PBXFileReference; lastKnownFileType = text.json; path = ErrorRequest400.json; sourceTree = "<group>"; };
		126B50132CDCB2E400FBCCFF /* MMKVStorageTests.swift */ = {isa = PBXFileReference; lastKnownFileType = sourcecode.swift; path = MMKVStorageTests.swift; sourceTree = "<group>"; };
		126B50152CDCB38F00FBCCFF /* Adapter.xcodeproj */ = {isa = PBXFileReference; lastKnownFileType = "wrapper.pb-project"; name = Adapter.xcodeproj; path = ../Adapter/Adapter.xcodeproj; sourceTree = "<group>"; };
		126B50242CDCC2A900FBCCFF /* NetworkingTests.swift */ = {isa = PBXFileReference; lastKnownFileType = sourcecode.swift; path = NetworkingTests.swift; sourceTree = "<group>"; };
		126B50262CDCC2DC00FBCCFF /* MockURLProtocol.swift */ = {isa = PBXFileReference; lastKnownFileType = sourcecode.swift; path = MockURLProtocol.swift; sourceTree = "<group>"; };
		126B50282CDCC69200FBCCFF /* UserResponse.json */ = {isa = PBXFileReference; lastKnownFileType = text.json; path = UserResponse.json; sourceTree = "<group>"; };
		126B502D2CDCC75900FBCCFF /* Mockable.swift */ = {isa = PBXFileReference; lastKnownFileType = sourcecode.swift; path = Mockable.swift; sourceTree = "<group>"; };
		126B50302CDCC8E200FBCCFF /* UserResponse.swift */ = {isa = PBXFileReference; lastKnownFileType = sourcecode.swift; path = UserResponse.swift; sourceTree = "<group>"; };
		127C895E2CD076BC00DAD87C /* Infrastructure.framework */ = {isa = PBXFileReference; explicitFileType = wrapper.framework; includeInIndex = 0; path = Infrastructure.framework; sourceTree = BUILT_PRODUCTS_DIR; };
		127C89612CD076BC00DAD87C /* Infrastructure.h */ = {isa = PBXFileReference; lastKnownFileType = sourcecode.c.h; path = Infrastructure.h; sourceTree = "<group>"; };
		127C89662CD076BC00DAD87C /* InfrastructureTests.xctest */ = {isa = PBXFileReference; explicitFileType = wrapper.cfbundle; includeInIndex = 0; path = InfrastructureTests.xctest; sourceTree = BUILT_PRODUCTS_DIR; };
		127C896B2CD076BC00DAD87C /* InfrastructureTests.swift */ = {isa = PBXFileReference; lastKnownFileType = sourcecode.swift; path = InfrastructureTests.swift; sourceTree = "<group>"; };
		127C89792CD077C400DAD87C /* HttpStatusCode.swift */ = {isa = PBXFileReference; lastKnownFileType = sourcecode.swift; path = HttpStatusCode.swift; sourceTree = "<group>"; };
		127C897B2CD077CA00DAD87C /* NetworkManager.swift */ = {isa = PBXFileReference; lastKnownFileType = sourcecode.swift; path = NetworkManager.swift; sourceTree = "<group>"; };
		127C897D2CD077D000DAD87C /* NetworkingServiceImpl.swift */ = {isa = PBXFileReference; lastKnownFileType = sourcecode.swift; path = NetworkingServiceImpl.swift; sourceTree = "<group>"; };
		129F20242CD20E0D00D80037 /* MmkvStorage.swift */ = {isa = PBXFileReference; lastKnownFileType = sourcecode.swift; path = MmkvStorage.swift; sourceTree = "<group>"; };
		12E7B3602CEB260F00BF23B8 /* Utils.swift */ = {isa = PBXFileReference; lastKnownFileType = sourcecode.swift; path = Utils.swift; sourceTree = "<group>"; };
		12FECFFD2CE44325001EB384 /* NetworkSessionDelegate.swift */ = {isa = PBXFileReference; lastKnownFileType = sourcecode.swift; path = NetworkSessionDelegate.swift; sourceTree = "<group>"; };
		12FED0052CE444B0001EB384 /* RetryInterceptor.swift */ = {isa = PBXFileReference; lastKnownFileType = sourcecode.swift; path = RetryInterceptor.swift; sourceTree = "<group>"; };
		12FED0082CE44965001EB384 /* SSLPinning.swift */ = {isa = PBXFileReference; lastKnownFileType = sourcecode.swift; path = SSLPinning.swift; sourceTree = "<group>"; };
		496AE0B14A483F26D830F1FA /* Pods_Infrastructure_InfrastructureTests.framework */ = {isa = PBXFileReference; explicitFileType = wrapper.framework; includeInIndex = 0; path = Pods_Infrastructure_InfrastructureTests.framework; sourceTree = BUILT_PRODUCTS_DIR; };
		56E7014964D88749205FC086 /* Pods-Infrastructure-InfrastructureTests.debug.xcconfig */ = {isa = PBXFileReference; includeInIndex = 1; lastKnownFileType = text.xcconfig; name = "Pods-Infrastructure-InfrastructureTests.debug.xcconfig"; path = "Target Support Files/Pods-Infrastructure-InfrastructureTests/Pods-Infrastructure-InfrastructureTests.debug.xcconfig"; sourceTree = "<group>"; };
		691714AFF01E5BEBA951A68D /* Pods-Infrastructure-InfrastructureTests.release.xcconfig */ = {isa = PBXFileReference; includeInIndex = 1; lastKnownFileType = text.xcconfig; name = "Pods-Infrastructure-InfrastructureTests.release.xcconfig"; path = "Target Support Files/Pods-Infrastructure-InfrastructureTests/Pods-Infrastructure-InfrastructureTests.release.xcconfig"; sourceTree = "<group>"; };
		76464533B191888C1C1118AA /* Pods_Infrastructure.framework */ = {isa = PBXFileReference; explicitFileType = wrapper.framework; includeInIndex = 0; path = Pods_Infrastructure.framework; sourceTree = BUILT_PRODUCTS_DIR; };
		A5A41861E0ED3B1A7139F837 /* Pods-Infrastructure.release.xcconfig */ = {isa = PBXFileReference; includeInIndex = 1; lastKnownFileType = text.xcconfig; name = "Pods-Infrastructure.release.xcconfig"; path = "Target Support Files/Pods-Infrastructure/Pods-Infrastructure.release.xcconfig"; sourceTree = "<group>"; };
		C7B8EF866EACCC71EFC13C97 /* Pods-Infrastructure.debug.xcconfig */ = {isa = PBXFileReference; includeInIndex = 1; lastKnownFileType = text.xcconfig; name = "Pods-Infrastructure.debug.xcconfig"; path = "Target Support Files/Pods-Infrastructure/Pods-Infrastructure.debug.xcconfig"; sourceTree = "<group>"; };
/* End PBXFileReference section */

/* Begin PBXFrameworksBuildPhase section */
		127C895B2CD076BC00DAD87C /* Frameworks */ = {
			isa = PBXFrameworksBuildPhase;
			buildActionMask = 2147483647;
			files = (
				126B501F2CDCB39200FBCCFF /* Adapter.framework in Frameworks */,
				3751C53D6D5AC995D920B351 /* Pods_Infrastructure.framework in Frameworks */,
			);
			runOnlyForDeploymentPostprocessing = 0;
		};
		127C89632CD076BC00DAD87C /* Frameworks */ = {
			isa = PBXFrameworksBuildPhase;
			buildActionMask = 2147483647;
			files = (
				127C89672CD076BC00DAD87C /* Infrastructure.framework in Frameworks */,
				FD76B90D239336F16987FFB7 /* Pods_Infrastructure_InfrastructureTests.framework in Frameworks */,
			);
			runOnlyForDeploymentPostprocessing = 0;
		};
/* End PBXFrameworksBuildPhase section */

/* Begin PBXGroup section */
		0346A1BE5B0EE44761DC047B /* Frameworks */ = {
			isa = PBXGroup;
			children = (
				126B50152CDCB38F00FBCCFF /* Adapter.xcodeproj */,
				76464533B191888C1C1118AA /* Pods_Infrastructure.framework */,
				496AE0B14A483F26D830F1FA /* Pods_Infrastructure_InfrastructureTests.framework */,
			);
			name = Frameworks;
			sourceTree = "<group>";
		};
		126B50162CDCB38F00FBCCFF /* Products */ = {
			isa = PBXGroup;
			children = (
				126B501C2CDCB38F00FBCCFF /* Adapter.framework */,
				126B501E2CDCB38F00FBCCFF /* AdapterTests.xctest */,
			);
			name = Products;
			sourceTree = "<group>";
		};
		126B502A2CDCC6C700FBCCFF /* Network */ = {
			isa = PBXGroup;
			children = (
				126B502F2CDCC8D400FBCCFF /* Entity */,
				126B502C2CDCC6E400FBCCFF /* Mocking */,
				126B50242CDCC2A900FBCCFF /* NetworkingTests.swift */,
			);
			path = Network;
			sourceTree = "<group>";
		};
		126B502B2CDCC6D100FBCCFF /* LocalStorage */ = {
			isa = PBXGroup;
			children = (
				126B50132CDCB2E400FBCCFF /* MMKVStorageTests.swift */,
			);
			path = LocalStorage;
			sourceTree = "<group>";
		};
		126B502C2CDCC6E400FBCCFF /* Mocking */ = {
			isa = PBXGroup;
			children = (
				126B50282CDCC69200FBCCFF /* UserResponse.json */,
				126B50262CDCC2DC00FBCCFF /* MockURLProtocol.swift */,
				126B502D2CDCC75900FBCCFF /* Mockable.swift */,
				1250DC142CE1A20E0075FD0E /* ErrorRequest400.json */,
			);
			path = Mocking;
			sourceTree = "<group>";
		};
		126B502F2CDCC8D400FBCCFF /* Entity */ = {
			isa = PBXGroup;
			children = (
				126B50302CDCC8E200FBCCFF /* UserResponse.swift */,
			);
			path = Entity;
			sourceTree = "<group>";
		};
		127C89542CD076BC00DAD87C = {
			isa = PBXGroup;
			children = (
				127C89602CD076BC00DAD87C /* Infrastructure */,
				127C896A2CD076BC00DAD87C /* InfrastructureTests */,
				127C895F2CD076BC00DAD87C /* Products */,
				277106BEB932E6838F8399A1 /* Pods */,
				0346A1BE5B0EE44761DC047B /* Frameworks */,
			);
			sourceTree = "<group>";
		};
		127C895F2CD076BC00DAD87C /* Products */ = {
			isa = PBXGroup;
			children = (
				127C895E2CD076BC00DAD87C /* Infrastructure.framework */,
				127C89662CD076BC00DAD87C /* InfrastructureTests.xctest */,
			);
			name = Products;
			sourceTree = "<group>";
		};
		127C89602CD076BC00DAD87C /* Infrastructure */ = {
			isa = PBXGroup;
			children = (
				129F20212CD20DF800D80037 /* LocalStorage */,
				127C89762CD076D700DAD87C /* Network */,
				127C89612CD076BC00DAD87C /* Infrastructure.h */,
			);
			path = Infrastructure;
			sourceTree = "<group>";
		};
		127C896A2CD076BC00DAD87C /* InfrastructureTests */ = {
			isa = PBXGroup;
			children = (
				126B502B2CDCC6D100FBCCFF /* LocalStorage */,
				126B502A2CDCC6C700FBCCFF /* Network */,
				127C896B2CD076BC00DAD87C /* InfrastructureTests.swift */,
			);
			path = InfrastructureTests;
			sourceTree = "<group>";
		};
		127C89762CD076D700DAD87C /* Network */ = {
			isa = PBXGroup;
			children = (
				127C89792CD077C400DAD87C /* HttpStatusCode.swift */,
				12FECFFD2CE44325001EB384 /* NetworkSessionDelegate.swift */,
				127C897B2CD077CA00DAD87C /* NetworkManager.swift */,
				12FED0052CE444B0001EB384 /* RetryInterceptor.swift */,
				12E7B3602CEB260F00BF23B8 /* Utils.swift */,
				127C897D2CD077D000DAD87C /* NetworkingServiceImpl.swift */,
				12FED0082CE44965001EB384 /* SSLPinning.swift */,
			);
			path = Network;
			sourceTree = "<group>";
		};
		129F20212CD20DF800D80037 /* LocalStorage */ = {
			isa = PBXGroup;
			children = (
				129F20242CD20E0D00D80037 /* MmkvStorage.swift */,
			);
			path = LocalStorage;
			sourceTree = "<group>";
		};
		277106BEB932E6838F8399A1 /* Pods */ = {
			isa = PBXGroup;
			children = (
				C7B8EF866EACCC71EFC13C97 /* Pods-Infrastructure.debug.xcconfig */,
				A5A41861E0ED3B1A7139F837 /* Pods-Infrastructure.release.xcconfig */,
				56E7014964D88749205FC086 /* Pods-Infrastructure-InfrastructureTests.debug.xcconfig */,
				691714AFF01E5BEBA951A68D /* Pods-Infrastructure-InfrastructureTests.release.xcconfig */,
			);
			path = Pods;
			sourceTree = "<group>";
		};
/* End PBXGroup section */

/* Begin PBXHeadersBuildPhase section */
		127C89592CD076BC00DAD87C /* Headers */ = {
			isa = PBXHeadersBuildPhase;
			buildActionMask = 2147483647;
			files = (
				127C896D2CD076BC00DAD87C /* Infrastructure.h in Headers */,
			);
			runOnlyForDeploymentPostprocessing = 0;
		};
/* End PBXHeadersBuildPhase section */

/* Begin PBXNativeTarget section */
		127C895D2CD076BC00DAD87C /* Infrastructure */ = {
			isa = PBXNativeTarget;
			buildConfigurationList = 127C89702CD076BC00DAD87C /* Build configuration list for PBXNativeTarget "Infrastructure" */;
			buildPhases = (
				72914759394249BA8230154D /* [CP] Check Pods Manifest.lock */,
				127C89592CD076BC00DAD87C /* Headers */,
				127C895A2CD076BC00DAD87C /* Sources */,
				127C895B2CD076BC00DAD87C /* Frameworks */,
				127C895C2CD076BC00DAD87C /* Resources */,
				128C7A2F2CD21649009602B1 /* Embed Frameworks */,
			);
			buildRules = (
			);
			dependencies = (
			);
			name = Infrastructure;
			productName = Infrastructure;
			productReference = 127C895E2CD076BC00DAD87C /* Infrastructure.framework */;
			productType = "com.apple.product-type.framework";
		};
		127C89652CD076BC00DAD87C /* InfrastructureTests */ = {
			isa = PBXNativeTarget;
			buildConfigurationList = 127C89732CD076BC00DAD87C /* Build configuration list for PBXNativeTarget "InfrastructureTests" */;
			buildPhases = (
				DDFEF99C5AAE3E177A649C7E /* [CP] Check Pods Manifest.lock */,
				127C89622CD076BC00DAD87C /* Sources */,
				127C89632CD076BC00DAD87C /* Frameworks */,
				127C89642CD076BC00DAD87C /* Resources */,
				C34288EB15F692560E86413A /* [CP] Embed Pods Frameworks */,
			);
			buildRules = (
			);
			dependencies = (
				127C89692CD076BC00DAD87C /* PBXTargetDependency */,
			);
			name = InfrastructureTests;
			productName = InfrastructureTests;
			productReference = 127C89662CD076BC00DAD87C /* InfrastructureTests.xctest */;
			productType = "com.apple.product-type.bundle.unit-test";
		};
/* End PBXNativeTarget section */

/* Begin PBXProject section */
		127C89552CD076BC00DAD87C /* Project object */ = {
			isa = PBXProject;
			attributes = {
				BuildIndependentTargetsInParallel = 1;
				LastSwiftUpdateCheck = 1540;
				LastUpgradeCheck = 1540;
				TargetAttributes = {
					127C895D2CD076BC00DAD87C = {
						CreatedOnToolsVersion = 15.4;
						LastSwiftMigration = 1540;
					};
					127C89652CD076BC00DAD87C = {
						CreatedOnToolsVersion = 15.4;
					};
				};
			};
			buildConfigurationList = 127C89582CD076BC00DAD87C /* Build configuration list for PBXProject "Infrastructure" */;
			compatibilityVersion = "Xcode 14.0";
			developmentRegion = en;
			hasScannedForEncodings = 0;
			knownRegions = (
				en,
				Base,
			);
			mainGroup = 127C89542CD076BC00DAD87C;
			productRefGroup = 127C895F2CD076BC00DAD87C /* Products */;
			projectDirPath = "";
			projectReferences = (
				{
					ProductGroup = 126B50162CDCB38F00FBCCFF /* Products */;
					ProjectRef = 126B50152CDCB38F00FBCCFF /* Adapter.xcodeproj */;
				},
			);
			projectRoot = "";
			targets = (
				127C895D2CD076BC00DAD87C /* Infrastructure */,
				127C89652CD076BC00DAD87C /* InfrastructureTests */,
			);
		};
/* End PBXProject section */

/* Begin PBXReferenceProxy section */
		126B501C2CDCB38F00FBCCFF /* Adapter.framework */ = {
			isa = PBXReferenceProxy;
			fileType = wrapper.framework;
			path = Adapter.framework;
			remoteRef = 126B501B2CDCB38F00FBCCFF /* PBXContainerItemProxy */;
			sourceTree = BUILT_PRODUCTS_DIR;
		};
		126B501E2CDCB38F00FBCCFF /* AdapterTests.xctest */ = {
			isa = PBXReferenceProxy;
			fileType = wrapper.cfbundle;
			path = AdapterTests.xctest;
			remoteRef = 126B501D2CDCB38F00FBCCFF /* PBXContainerItemProxy */;
			sourceTree = BUILT_PRODUCTS_DIR;
		};
/* End PBXReferenceProxy section */

/* Begin PBXResourcesBuildPhase section */
		127C895C2CD076BC00DAD87C /* Resources */ = {
			isa = PBXResourcesBuildPhase;
			buildActionMask = 2147483647;
			files = (
			);
			runOnlyForDeploymentPostprocessing = 0;
		};
		127C89642CD076BC00DAD87C /* Resources */ = {
			isa = PBXResourcesBuildPhase;
			buildActionMask = 2147483647;
			files = (
				1250DC152CE1A20E0075FD0E /* ErrorRequest400.json in Resources */,
				126B50292CDCC69200FBCCFF /* UserResponse.json in Resources */,
			);
			runOnlyForDeploymentPostprocessing = 0;
		};
/* End PBXResourcesBuildPhase section */

/* Begin PBXShellScriptBuildPhase section */
		72914759394249BA8230154D /* [CP] Check Pods Manifest.lock */ = {
			isa = PBXShellScriptBuildPhase;
			buildActionMask = 2147483647;
			files = (
			);
			inputFileListPaths = (
			);
			inputPaths = (
				"${PODS_PODFILE_DIR_PATH}/Podfile.lock",
				"${PODS_ROOT}/Manifest.lock",
			);
			name = "[CP] Check Pods Manifest.lock";
			outputFileListPaths = (
			);
			outputPaths = (
				"$(DERIVED_FILE_DIR)/Pods-Infrastructure-checkManifestLockResult.txt",
			);
			runOnlyForDeploymentPostprocessing = 0;
			shellPath = /bin/sh;
			shellScript = "diff \"${PODS_PODFILE_DIR_PATH}/Podfile.lock\" \"${PODS_ROOT}/Manifest.lock\" > /dev/null\nif [ $? != 0 ] ; then\n    # print error to STDERR\n    echo \"error: The sandbox is not in sync with the Podfile.lock. Run 'pod install' or update your CocoaPods installation.\" >&2\n    exit 1\nfi\n# This output is used by Xcode 'outputs' to avoid re-running this script phase.\necho \"SUCCESS\" > \"${SCRIPT_OUTPUT_FILE_0}\"\n";
			showEnvVarsInLog = 0;
		};
		C34288EB15F692560E86413A /* [CP] Embed Pods Frameworks */ = {
			isa = PBXShellScriptBuildPhase;
			buildActionMask = 2147483647;
			files = (
			);
			inputFileListPaths = (
				"${PODS_ROOT}/Target Support Files/Pods-Infrastructure-InfrastructureTests/Pods-Infrastructure-InfrastructureTests-frameworks-${CONFIGURATION}-input-files.xcfilelist",
			);
			name = "[CP] Embed Pods Frameworks";
			outputFileListPaths = (
				"${PODS_ROOT}/Target Support Files/Pods-Infrastructure-InfrastructureTests/Pods-Infrastructure-InfrastructureTests-frameworks-${CONFIGURATION}-output-files.xcfilelist",
			);
			runOnlyForDeploymentPostprocessing = 0;
			shellPath = /bin/sh;
			shellScript = "\"${PODS_ROOT}/Target Support Files/Pods-Infrastructure-InfrastructureTests/Pods-Infrastructure-InfrastructureTests-frameworks.sh\"\n";
			showEnvVarsInLog = 0;
		};
		DDFEF99C5AAE3E177A649C7E /* [CP] Check Pods Manifest.lock */ = {
			isa = PBXShellScriptBuildPhase;
			buildActionMask = 2147483647;
			files = (
			);
			inputFileListPaths = (
			);
			inputPaths = (
				"${PODS_PODFILE_DIR_PATH}/Podfile.lock",
				"${PODS_ROOT}/Manifest.lock",
			);
			name = "[CP] Check Pods Manifest.lock";
			outputFileListPaths = (
			);
			outputPaths = (
				"$(DERIVED_FILE_DIR)/Pods-Infrastructure-InfrastructureTests-checkManifestLockResult.txt",
			);
			runOnlyForDeploymentPostprocessing = 0;
			shellPath = /bin/sh;
			shellScript = "diff \"${PODS_PODFILE_DIR_PATH}/Podfile.lock\" \"${PODS_ROOT}/Manifest.lock\" > /dev/null\nif [ $? != 0 ] ; then\n    # print error to STDERR\n    echo \"error: The sandbox is not in sync with the Podfile.lock. Run 'pod install' or update your CocoaPods installation.\" >&2\n    exit 1\nfi\n# This output is used by Xcode 'outputs' to avoid re-running this script phase.\necho \"SUCCESS\" > \"${SCRIPT_OUTPUT_FILE_0}\"\n";
			showEnvVarsInLog = 0;
		};
/* End PBXShellScriptBuildPhase section */

/* Begin PBXSourcesBuildPhase section */
		127C895A2CD076BC00DAD87C /* Sources */ = {
			isa = PBXSourcesBuildPhase;
			buildActionMask = 2147483647;
			files = (
				129F20252CD20E0D00D80037 /* MmkvStorage.swift in Sources */,
				12FECFFE2CE44325001EB384 /* NetworkSessionDelegate.swift in Sources */,
				12FED0062CE444B0001EB384 /* RetryInterceptor.swift in Sources */,
				127C897C2CD077CA00DAD87C /* NetworkManager.swift in Sources */,
				127C897A2CD077C400DAD87C /* HttpStatusCode.swift in Sources */,
				12FED0092CE44965001EB384 /* SSLPinning.swift in Sources */,
				127C897E2CD077D000DAD87C /* NetworkingServiceImpl.swift in Sources */,
				12E7B3612CEB260F00BF23B8 /* Utils.swift in Sources */,
			);
			runOnlyForDeploymentPostprocessing = 0;
		};
		127C89622CD076BC00DAD87C /* Sources */ = {
			isa = PBXSourcesBuildPhase;
			buildActionMask = 2147483647;
			files = (
				126B50142CDCB2E400FBCCFF /* MMKVStorageTests.swift in Sources */,
				126B50252CDCC2A900FBCCFF /* NetworkingTests.swift in Sources */,
				126B502E2CDCC75900FBCCFF /* Mockable.swift in Sources */,
				127C896C2CD076BC00DAD87C /* InfrastructureTests.swift in Sources */,
				126B50272CDCC2DC00FBCCFF /* MockURLProtocol.swift in Sources */,
				126B50312CDCC8E200FBCCFF /* UserResponse.swift in Sources */,
			);
			runOnlyForDeploymentPostprocessing = 0;
		};
/* End PBXSourcesBuildPhase section */

/* Begin PBXTargetDependency section */
		127C89692CD076BC00DAD87C /* PBXTargetDependency */ = {
			isa = PBXTargetDependency;
			target = 127C895D2CD076BC00DAD87C /* Infrastructure */;
			targetProxy = 127C89682CD076BC00DAD87C /* PBXContainerItemProxy */;
		};
/* End PBXTargetDependency section */

/* Begin XCBuildConfiguration section */
		127C896E2CD076BC00DAD87C /* Debug */ = {
			isa = XCBuildConfiguration;
			buildSettings = {
				ALWAYS_SEARCH_USER_PATHS = NO;
				ASSETCATALOG_COMPILER_GENERATE_SWIFT_ASSET_SYMBOL_EXTENSIONS = YES;
				CLANG_ANALYZER_NONNULL = YES;
				CLANG_ANALYZER_NUMBER_OBJECT_CONVERSION = YES_AGGRESSIVE;
				CLANG_CXX_LANGUAGE_STANDARD = "gnu++20";
				CLANG_ENABLE_MODULES = YES;
				CLANG_ENABLE_OBJC_ARC = YES;
				CLANG_ENABLE_OBJC_WEAK = YES;
				CLANG_WARN_BLOCK_CAPTURE_AUTORELEASING = YES;
				CLANG_WARN_BOOL_CONVERSION = YES;
				CLANG_WARN_COMMA = YES;
				CLANG_WARN_CONSTANT_CONVERSION = YES;
				CLANG_WARN_DEPRECATED_OBJC_IMPLEMENTATIONS = YES;
				CLANG_WARN_DIRECT_OBJC_ISA_USAGE = YES_ERROR;
				CLANG_WARN_DOCUMENTATION_COMMENTS = YES;
				CLANG_WARN_EMPTY_BODY = YES;
				CLANG_WARN_ENUM_CONVERSION = YES;
				CLANG_WARN_INFINITE_RECURSION = YES;
				CLANG_WARN_INT_CONVERSION = YES;
				CLANG_WARN_NON_LITERAL_NULL_CONVERSION = YES;
				CLANG_WARN_OBJC_IMPLICIT_RETAIN_SELF = YES;
				CLANG_WARN_OBJC_LITERAL_CONVERSION = YES;
				CLANG_WARN_OBJC_ROOT_CLASS = YES_ERROR;
				CLANG_WARN_QUOTED_INCLUDE_IN_FRAMEWORK_HEADER = YES;
				CLANG_WARN_RANGE_LOOP_ANALYSIS = YES;
				CLANG_WARN_STRICT_PROTOTYPES = YES;
				CLANG_WARN_SUSPICIOUS_MOVE = YES;
				CLANG_WARN_UNGUARDED_AVAILABILITY = YES_AGGRESSIVE;
				CLANG_WARN_UNREACHABLE_CODE = YES;
				CLANG_WARN__DUPLICATE_METHOD_MATCH = YES;
				COPY_PHASE_STRIP = NO;
				CURRENT_PROJECT_VERSION = 1;
				DEBUG_INFORMATION_FORMAT = dwarf;
				ENABLE_STRICT_OBJC_MSGSEND = YES;
				ENABLE_TESTABILITY = YES;
				ENABLE_USER_SCRIPT_SANDBOXING = YES;
				GCC_C_LANGUAGE_STANDARD = gnu17;
				GCC_DYNAMIC_NO_PIC = NO;
				GCC_NO_COMMON_BLOCKS = YES;
				GCC_OPTIMIZATION_LEVEL = 0;
				GCC_PREPROCESSOR_DEFINITIONS = (
					"DEBUG=1",
					"$(inherited)",
				);
				GCC_WARN_64_TO_32_BIT_CONVERSION = YES;
				GCC_WARN_ABOUT_RETURN_TYPE = YES_ERROR;
				GCC_WARN_UNDECLARED_SELECTOR = YES;
				GCC_WARN_UNINITIALIZED_AUTOS = YES_AGGRESSIVE;
				GCC_WARN_UNUSED_FUNCTION = YES;
				GCC_WARN_UNUSED_VARIABLE = YES;
				IPHONEOS_DEPLOYMENT_TARGET = 14.0;
				LOCALIZATION_PREFERS_STRING_CATALOGS = YES;
				MACOSX_DEPLOYMENT_TARGET = 13.0;
				MTL_ENABLE_DEBUG_INFO = INCLUDE_SOURCE;
				MTL_FAST_MATH = YES;
				ONLY_ACTIVE_ARCH = YES;
				SWIFT_ACTIVE_COMPILATION_CONDITIONS = "DEBUG $(inherited)";
				SWIFT_OPTIMIZATION_LEVEL = "-Onone";
				VERSIONING_SYSTEM = "apple-generic";
				VERSION_INFO_PREFIX = "";
			};
			name = Debug;
		};
		127C896F2CD076BC00DAD87C /* Release */ = {
			isa = XCBuildConfiguration;
			buildSettings = {
				ALWAYS_SEARCH_USER_PATHS = NO;
				ASSETCATALOG_COMPILER_GENERATE_SWIFT_ASSET_SYMBOL_EXTENSIONS = YES;
				CLANG_ANALYZER_NONNULL = YES;
				CLANG_ANALYZER_NUMBER_OBJECT_CONVERSION = YES_AGGRESSIVE;
				CLANG_CXX_LANGUAGE_STANDARD = "gnu++20";
				CLANG_ENABLE_MODULES = YES;
				CLANG_ENABLE_OBJC_ARC = YES;
				CLANG_ENABLE_OBJC_WEAK = YES;
				CLANG_WARN_BLOCK_CAPTURE_AUTORELEASING = YES;
				CLANG_WARN_BOOL_CONVERSION = YES;
				CLANG_WARN_COMMA = YES;
				CLANG_WARN_CONSTANT_CONVERSION = YES;
				CLANG_WARN_DEPRECATED_OBJC_IMPLEMENTATIONS = YES;
				CLANG_WARN_DIRECT_OBJC_ISA_USAGE = YES_ERROR;
				CLANG_WARN_DOCUMENTATION_COMMENTS = YES;
				CLANG_WARN_EMPTY_BODY = YES;
				CLANG_WARN_ENUM_CONVERSION = YES;
				CLANG_WARN_INFINITE_RECURSION = YES;
				CLANG_WARN_INT_CONVERSION = YES;
				CLANG_WARN_NON_LITERAL_NULL_CONVERSION = YES;
				CLANG_WARN_OBJC_IMPLICIT_RETAIN_SELF = YES;
				CLANG_WARN_OBJC_LITERAL_CONVERSION = YES;
				CLANG_WARN_OBJC_ROOT_CLASS = YES_ERROR;
				CLANG_WARN_QUOTED_INCLUDE_IN_FRAMEWORK_HEADER = YES;
				CLANG_WARN_RANGE_LOOP_ANALYSIS = YES;
				CLANG_WARN_STRICT_PROTOTYPES = YES;
				CLANG_WARN_SUSPICIOUS_MOVE = YES;
				CLANG_WARN_UNGUARDED_AVAILABILITY = YES_AGGRESSIVE;
				CLANG_WARN_UNREACHABLE_CODE = YES;
				CLANG_WARN__DUPLICATE_METHOD_MATCH = YES;
				COPY_PHASE_STRIP = NO;
				CURRENT_PROJECT_VERSION = 1;
				DEBUG_INFORMATION_FORMAT = "dwarf-with-dsym";
				ENABLE_NS_ASSERTIONS = NO;
				ENABLE_STRICT_OBJC_MSGSEND = YES;
				ENABLE_USER_SCRIPT_SANDBOXING = YES;
				GCC_C_LANGUAGE_STANDARD = gnu17;
				GCC_NO_COMMON_BLOCKS = YES;
				GCC_WARN_64_TO_32_BIT_CONVERSION = YES;
				GCC_WARN_ABOUT_RETURN_TYPE = YES_ERROR;
				GCC_WARN_UNDECLARED_SELECTOR = YES;
				GCC_WARN_UNINITIALIZED_AUTOS = YES_AGGRESSIVE;
				GCC_WARN_UNUSED_FUNCTION = YES;
				GCC_WARN_UNUSED_VARIABLE = YES;
				IPHONEOS_DEPLOYMENT_TARGET = 14.0;
				LOCALIZATION_PREFERS_STRING_CATALOGS = YES;
				MACOSX_DEPLOYMENT_TARGET = 13.0;
				MTL_ENABLE_DEBUG_INFO = NO;
				MTL_FAST_MATH = YES;
				SWIFT_COMPILATION_MODE = wholemodule;
				VERSIONING_SYSTEM = "apple-generic";
				VERSION_INFO_PREFIX = "";
			};
			name = Release;
		};
		127C89712CD076BC00DAD87C /* Debug */ = {
			isa = XCBuildConfiguration;
			baseConfigurationReference = C7B8EF866EACCC71EFC13C97 /* Pods-Infrastructure.debug.xcconfig */;
			buildSettings = {
				ALLOW_TARGET_PLATFORM_SPECIALIZATION = YES;
				BUILD_LIBRARY_FOR_DISTRIBUTION = NO;
				CLANG_ENABLE_MODULES = YES;
				CODE_SIGN_STYLE = Automatic;
				CURRENT_PROJECT_VERSION = 1;
				DEFINES_MODULE = YES;
				DYLIB_COMPATIBILITY_VERSION = 1;
				DYLIB_CURRENT_VERSION = 1;
				DYLIB_INSTALL_NAME_BASE = "@rpath";
				ENABLE_MODULE_VERIFIER = YES;
				GENERATE_INFOPLIST_FILE = YES;
				INFOPLIST_KEY_NSHumanReadableCopyright = "";
				INSTALL_PATH = "$(LOCAL_LIBRARY_DIR)/Frameworks";
				IPHONEOS_DEPLOYMENT_TARGET = 14.0;
				LD_RUNPATH_SEARCH_PATHS = (
					"@executable_path/Frameworks",
					"@loader_path/Frameworks",
				);
				"LD_RUNPATH_SEARCH_PATHS[sdk=macosx*]" = (
					"@executable_path/../Frameworks",
					"@loader_path/Frameworks",
				);
				MACH_O_TYPE = staticlib;
				MACOSX_DEPLOYMENT_TARGET = 13.0;
				MARKETING_VERSION = 1.0;
				MODULE_VERIFIER_SUPPORTED_LANGUAGES = "objective-c objective-c++";
				MODULE_VERIFIER_SUPPORTED_LANGUAGE_STANDARDS = "gnu17 gnu++20";
				OTHER_SWIFT_FLAGS = "$(inherited) -D COCOAPODS -no-verify-emitted-module-interface";
				PRODUCT_BUNDLE_IDENTIFIER = com.Infrastructure;
				PRODUCT_NAME = "$(TARGET_NAME:c99extidentifier)";
				SDKROOT = auto;
				SKIP_INSTALL = YES;
				SUPPORTED_PLATFORMS = "iphoneos iphonesimulator";
				SUPPORTS_MACCATALYST = NO;
				SWIFT_EMIT_LOC_STRINGS = YES;
				SWIFT_INSTALL_OBJC_HEADER = NO;
				SWIFT_OPTIMIZATION_LEVEL = "-Onone";
				SWIFT_VERSION = 5.0;
				TARGETED_DEVICE_FAMILY = "1,2";
			};
			name = Debug;
		};
		127C89722CD076BC00DAD87C /* Release */ = {
			isa = XCBuildConfiguration;
			baseConfigurationReference = A5A41861E0ED3B1A7139F837 /* Pods-Infrastructure.release.xcconfig */;
			buildSettings = {
				ALLOW_TARGET_PLATFORM_SPECIALIZATION = YES;
				BUILD_LIBRARY_FOR_DISTRIBUTION = NO;
				CLANG_ENABLE_MODULES = YES;
				CODE_SIGN_STYLE = Automatic;
				CURRENT_PROJECT_VERSION = 1;
				DEFINES_MODULE = YES;
				DYLIB_COMPATIBILITY_VERSION = 1;
				DYLIB_CURRENT_VERSION = 1;
				DYLIB_INSTALL_NAME_BASE = "@rpath";
				ENABLE_MODULE_VERIFIER = YES;
				GENERATE_INFOPLIST_FILE = YES;
				INFOPLIST_KEY_NSHumanReadableCopyright = "";
				INSTALL_PATH = "$(LOCAL_LIBRARY_DIR)/Frameworks";
				IPHONEOS_DEPLOYMENT_TARGET = 14.0;
				LD_RUNPATH_SEARCH_PATHS = (
					"@executable_path/Frameworks",
					"@loader_path/Frameworks",
				);
				"LD_RUNPATH_SEARCH_PATHS[sdk=macosx*]" = (
					"@executable_path/../Frameworks",
					"@loader_path/Frameworks",
				);
				MACH_O_TYPE = staticlib;
				MACOSX_DEPLOYMENT_TARGET = 13.0;
				MARKETING_VERSION = 1.0;
				MODULE_VERIFIER_SUPPORTED_LANGUAGES = "objective-c objective-c++";
				MODULE_VERIFIER_SUPPORTED_LANGUAGE_STANDARDS = "gnu17 gnu++20";
				OTHER_SWIFT_FLAGS = "$(inherited) -D COCOAPODS -no-verify-emitted-module-interface";
				PRODUCT_BUNDLE_IDENTIFIER = com.Infrastructure;
				PRODUCT_NAME = "$(TARGET_NAME:c99extidentifier)";
				SDKROOT = auto;
				SKIP_INSTALL = YES;
				SUPPORTED_PLATFORMS = "iphoneos iphonesimulator";
				SUPPORTS_MACCATALYST = NO;
				SWIFT_EMIT_LOC_STRINGS = YES;
				SWIFT_INSTALL_OBJC_HEADER = NO;
				SWIFT_VERSION = 5.0;
				TARGETED_DEVICE_FAMILY = "1,2";
			};
			name = Release;
		};
		127C89742CD076BC00DAD87C /* Debug */ = {
			isa = XCBuildConfiguration;
			baseConfigurationReference = 56E7014964D88749205FC086 /* Pods-Infrastructure-InfrastructureTests.debug.xcconfig */;
			buildSettings = {
				ALLOW_TARGET_PLATFORM_SPECIALIZATION = YES;
				ALWAYS_EMBED_SWIFT_STANDARD_LIBRARIES = YES;
				CODE_SIGN_STYLE = Automatic;
				CURRENT_PROJECT_VERSION = 1;
				ENABLE_USER_SCRIPT_SANDBOXING = NO;
				GENERATE_INFOPLIST_FILE = YES;
				IPHONEOS_DEPLOYMENT_TARGET = 17.5;
				MACOSX_DEPLOYMENT_TARGET = 14.5;
				MARKETING_VERSION = 1.0;
				PRODUCT_BUNDLE_IDENTIFIER = com.InfrastructureTests;
				PRODUCT_NAME = "$(TARGET_NAME)";
				SDKROOT = auto;
				SUPPORTED_PLATFORMS = "iphoneos iphonesimulator";
				SUPPORTS_MACCATALYST = NO;
				SWIFT_EMIT_LOC_STRINGS = NO;
				SWIFT_VERSION = 5.0;
				TARGETED_DEVICE_FAMILY = "1,2";
			};
			name = Debug;
		};
		127C89752CD076BC00DAD87C /* Release */ = {
			isa = XCBuildConfiguration;
			baseConfigurationReference = 691714AFF01E5BEBA951A68D /* Pods-Infrastructure-InfrastructureTests.release.xcconfig */;
			buildSettings = {
				ALLOW_TARGET_PLATFORM_SPECIALIZATION = YES;
				ALWAYS_EMBED_SWIFT_STANDARD_LIBRARIES = YES;
				CODE_SIGN_STYLE = Automatic;
				CURRENT_PROJECT_VERSION = 1;
				ENABLE_USER_SCRIPT_SANDBOXING = NO;
				GENERATE_INFOPLIST_FILE = YES;
				IPHONEOS_DEPLOYMENT_TARGET = 17.5;
				MACOSX_DEPLOYMENT_TARGET = 14.5;
				MARKETING_VERSION = 1.0;
				PRODUCT_BUNDLE_IDENTIFIER = com.InfrastructureTests;
				PRODUCT_NAME = "$(TARGET_NAME)";
				SDKROOT = auto;
				SUPPORTED_PLATFORMS = "iphoneos iphonesimulator";
				SUPPORTS_MACCATALYST = NO;
				SWIFT_EMIT_LOC_STRINGS = NO;
				SWIFT_VERSION = 5.0;
				TARGETED_DEVICE_FAMILY = "1,2";
			};
			name = Release;
		};
/* End XCBuildConfiguration section */

/* Begin XCConfigurationList section */
		127C89582CD076BC00DAD87C /* Build configuration list for PBXProject "Infrastructure" */ = {
			isa = XCConfigurationList;
			buildConfigurations = (
				127C896E2CD076BC00DAD87C /* Debug */,
				127C896F2CD076BC00DAD87C /* Release */,
			);
			defaultConfigurationIsVisible = 0;
			defaultConfigurationName = Release;
		};
		127C89702CD076BC00DAD87C /* Build configuration list for PBXNativeTarget "Infrastructure" */ = {
			isa = XCConfigurationList;
			buildConfigurations = (
				127C89712CD076BC00DAD87C /* Debug */,
				127C89722CD076BC00DAD87C /* Release */,
			);
			defaultConfigurationIsVisible = 0;
			defaultConfigurationName = Release;
		};
		127C89732CD076BC00DAD87C /* Build configuration list for PBXNativeTarget "InfrastructureTests" */ = {
			isa = XCConfigurationList;
			buildConfigurations = (
				127C89742CD076BC00DAD87C /* Debug */,
				127C89752CD076BC00DAD87C /* Release */,
			);
			defaultConfigurationIsVisible = 0;
			defaultConfigurationName = Release;
		};
/* End XCConfigurationList section */
	};
	rootObject = 127C89552CD076BC00DAD87C /* Project object */;
}
